
Microsoft Visual Studio Solution File, Format Version 12.00
# Visual Studio 2012
Project("{8BC9CEB8-8B4A-11D0-8D11-00A0C91BC942}") = "CardLib", "IBT_2.1\CardLib\CardLib.vcxproj", "{F9056818-4893-434C-AB52-E3CAB5DD2507}"
EndProject
Project("{8BC9CEB8-8B4A-11D0-8D11-00A0C91BC942}") = "OpLib", "IBT_2.1\OpLib\OpLib.vcxproj", "{65F7FB13-15C5-4EB2-8611-21450A1A498D}"
EndProject
Project("{8BC9CEB8-8B4A-11D0-8D11-00A0C91BC942}") = "HAL_Common", "IBT_2.1\HalW32\HAL_Common\HAL_Common.vcxproj", "{2D3CE3F6-FEFA-4583-BC32-3315D0830B19}"
EndProject
Project("{8BC9CEB8-8B4A-11D0-8D11-00A0C91BC942}") = "HAL_Crypto", "IBT_2.1\HalW32\HAL_Crypto\HAL_Crypto.vcxproj", "{5BD534F5-433E-4C07-B0F2-ED477371EEAE}"
EndProject
Project("{8BC9CEB8-8B4A-11D0-8D11-00A0C91BC942}") = "HAL_Parameters", "IBT_2.1\HalW32\HAL_Parameters\HAL_Parameters.vcxproj", "{9FBBF384-2428-4514-A030-814C85C1BE5D}"
EndProject
Project("{8BC9CEB8-8B4A-11D0-8D11-00A0C91BC942}") = "HAL_Protocol", "IBT_2.1\HalW32\HAL_Protocol\HAL_Protocol.vcxproj", "{88899659-719A-4360-81A0-836531B29FFF}"
EndProject
Project("{8BC9CEB8-8B4A-11D0-8D11-00A0C91BC942}") = "HAL_RTC", "IBT_2.1\HalW32\HAL_RTC\HAL_RTC.vcxproj", "{7ED4C381-8AFD-456E-98C6-2B50087AC5EF}"
EndProject
Project("{8BC9CEB8-8B4A-11D0-8D11-00A0C91BC942}") = "HAL_SCReader", "IBT_2.1\HalW32\HAL_SCReader\HAL_SCReader.vcxproj", "{964F5110-5DE9-4AFC-A369-B815EDB9DE78}"
EndProject
Project("{8BC9CEB8-8B4A-11D0-8D11-00A0C91BC942}") = "Host", "IBT_2.1\EmulateHost\Host.vcxproj", "{479DAB6F-E999-4986-B7FA-3AFD28464C33}"
EndProject
Global
	GlobalSection(TeamFoundationVersionControl) = preSolution
		SccNumberOfProjects = 10
		SccEnterpriseProvider = {4CA58AB2-18FA-4F8D-95D4-32DDF27D184C}
		SccTeamFoundationServer = http://mpsps.medport.local:8080/tfs/defaultcollection
		SccLocalPath0 = .
		SccProjectUniqueName1 = IBT_2.1\\CardLib\\CardLib.vcxproj
		SccProjectName1 = IBT_2.1/CardLib
		SccLocalPath1 = IBT_2.1\\CardLib
		SccProjectUniqueName2 = IBT_2.1\\OpLib\\OpLib.vcxproj
		SccProjectName2 = IBT_2.1/OpLib
		SccLocalPath2 = IBT_2.1\\OpLib
		SccProjectUniqueName3 = IBT_2.1\\HalW32\\HAL_Common\\HAL_Common.vcxproj
		SccProjectName3 = IBT_2.1/HalW32/HAL_Common
		SccLocalPath3 = IBT_2.1\\HalW32\\HAL_Common
		SccProjectUniqueName4 = IBT_2.1\\HalW32\\HAL_Crypto\\HAL_Crypto.vcxproj
		SccProjectName4 = IBT_2.1/HalW32/HAL_Crypto
		SccLocalPath4 = IBT_2.1\\HalW32\\HAL_Crypto
		SccProjectUniqueName5 = IBT_2.1\\HalW32\\HAL_Parameters\\HAL_Parameters.vcxproj
		SccProjectName5 = IBT_2.1/HalW32/HAL_Parameters
		SccLocalPath5 = IBT_2.1\\HalW32\\HAL_Parameters
		SccProjectUniqueName6 = IBT_2.1\\HalW32\\HAL_Protocol\\HAL_Protocol.vcxproj
		SccProjectName6 = IBT_2.1/HalW32/HAL_Protocol
		SccLocalPath6 = IBT_2.1\\HalW32\\HAL_Protocol
		SccProjectUniqueName7 = IBT_2.1\\HalW32\\HAL_RTC\\HAL_RTC.vcxproj
		SccProjectName7 = IBT_2.1/HalW32/HAL_RTC
		SccLocalPath7 = IBT_2.1\\HalW32\\HAL_RTC
		SccProjectUniqueName8 = IBT_2.1\\HalW32\\HAL_SCReader\\HAL_SCReader.vcxproj
		SccProjectName8 = IBT_2.1/HalW32/HAL_SCReader
		SccLocalPath8 = IBT_2.1\\HalW32\\HAL_SCReader
		SccProjectUniqueName9 = IBT_2.1\\EmulateHost\\Host.vcxproj
		SccProjectName9 = IBT_2.1/EmulateHost
		SccLocalPath9 = IBT_2.1\\EmulateHost
	EndGlobalSection
	GlobalSection(SolutionConfigurationPlatforms) = preSolution
		DebugGuide|Win32 = DebugGuide|Win32
		DebugGuideSM|Win32 = DebugGuideSM|Win32
		DebugTellMe|Win32 = DebugTellMe|Win32
		DebugTest|Win32 = DebugTest|Win32
		ReleaseGuide|Win32 = ReleaseGuide|Win32
		ReleaseGuideSM|Win32 = ReleaseGuideSM|Win32
		ReleaseTellMe|Win32 = ReleaseTellMe|Win32
		ReleaseTest|Win32 = ReleaseTest|Win32
	EndGlobalSection
	GlobalSection(ProjectConfigurationPlatforms) = postSolution
		{F9056818-4893-434C-AB52-E3CAB5DD2507}.DebugGuide|Win32.ActiveCfg = DebugGuide|Win32
		{F9056818-4893-434C-AB52-E3CAB5DD2507}.DebugGuide|Win32.Build.0 = DebugGuide|Win32
		{F9056818-4893-434C-AB52-E3CAB5DD2507}.DebugGuideSM|Win32.ActiveCfg = DebugGuideSM|Win32
		{F9056818-4893-434C-AB52-E3CAB5DD2507}.DebugGuideSM|Win32.Build.0 = DebugGuideSM|Win32
		{F9056818-4893-434C-AB52-E3CAB5DD2507}.DebugTellMe|Win32.ActiveCfg = DebugTellMe|Win32
		{F9056818-4893-434C-AB52-E3CAB5DD2507}.DebugTellMe|Win32.Build.0 = DebugTellMe|Win32
		{F9056818-4893-434C-AB52-E3CAB5DD2507}.DebugTest|Win32.ActiveCfg = DebugTest|Win32
		{F9056818-4893-434C-AB52-E3CAB5DD2507}.DebugTest|Win32.Build.0 = DebugTest|Win32
		{F9056818-4893-434C-AB52-E3CAB5DD2507}.ReleaseGuide|Win32.ActiveCfg = ReleaseGuide|Win32
		{F9056818-4893-434C-AB52-E3CAB5DD2507}.ReleaseGuide|Win32.Build.0 = ReleaseGuide|Win32
		{F9056818-4893-434C-AB52-E3CAB5DD2507}.ReleaseGuideSM|Win32.ActiveCfg = ReleaseGuideSM|Win32
		{F9056818-4893-434C-AB52-E3CAB5DD2507}.ReleaseGuideSM|Win32.Build.0 = ReleaseGuideSM|Win32
		{F9056818-4893-434C-AB52-E3CAB5DD2507}.ReleaseTellMe|Win32.ActiveCfg = ReleaseTellMe|Win32
		{F9056818-4893-434C-AB52-E3CAB5DD2507}.ReleaseTellMe|Win32.Build.0 = ReleaseTellMe|Win32
		{F9056818-4893-434C-AB52-E3CAB5DD2507}.ReleaseTest|Win32.ActiveCfg = ReleaseTest|Win32
		{F9056818-4893-434C-AB52-E3CAB5DD2507}.ReleaseTest|Win32.Build.0 = ReleaseTest|Win32
		{65F7FB13-15C5-4EB2-8611-21450A1A498D}.DebugGuide|Win32.ActiveCfg = DebugGuide|Win32
		{65F7FB13-15C5-4EB2-8611-21450A1A498D}.DebugGuide|Win32.Build.0 = DebugGuide|Win32
		{65F7FB13-15C5-4EB2-8611-21450A1A498D}.DebugGuideSM|Win32.ActiveCfg = DebugGuideSM|Win32
		{65F7FB13-15C5-4EB2-8611-21450A1A498D}.DebugGuideSM|Win32.Build.0 = DebugGuideSM|Win32
		{65F7FB13-15C5-4EB2-8611-21450A1A498D}.DebugTellMe|Win32.ActiveCfg = DebugTellMe|Win32
		{65F7FB13-15C5-4EB2-8611-21450A1A498D}.DebugTellMe|Win32.Build.0 = DebugTellMe|Win32
		{65F7FB13-15C5-4EB2-8611-21450A1A498D}.DebugTest|Win32.ActiveCfg = DebugTest|Win32
		{65F7FB13-15C5-4EB2-8611-21450A1A498D}.DebugTest|Win32.Build.0 = DebugTest|Win32
		{65F7FB13-15C5-4EB2-8611-21450A1A498D}.ReleaseGuide|Win32.ActiveCfg = ReleaseGuide|Win32
		{65F7FB13-15C5-4EB2-8611-21450A1A498D}.ReleaseGuide|Win32.Build.0 = ReleaseGuide|Win32
		{65F7FB13-15C5-4EB2-8611-21450A1A498D}.ReleaseGuideSM|Win32.ActiveCfg = ReleaseGuideSM|Win32
		{65F7FB13-15C5-4EB2-8611-21450A1A498D}.ReleaseGuideSM|Win32.Build.0 = ReleaseGuideSM|Win32
		{65F7FB13-15C5-4EB2-8611-21450A1A498D}.ReleaseTellMe|Win32.ActiveCfg = ReleaseTellMe|Win32
		{65F7FB13-15C5-4EB2-8611-21450A1A498D}.ReleaseTellMe|Win32.Build.0 = ReleaseTellMe|Win32
		{65F7FB13-15C5-4EB2-8611-21450A1A498D}.ReleaseTest|Win32.ActiveCfg = ReleaseTest|Win32
		{65F7FB13-15C5-4EB2-8611-21450A1A498D}.ReleaseTest|Win32.Build.0 = ReleaseTest|Win32
		{2D3CE3F6-FEFA-4583-BC32-3315D0830B19}.DebugGuide|Win32.ActiveCfg = DebugGuide|Win32
		{2D3CE3F6-FEFA-4583-BC32-3315D0830B19}.DebugGuide|Win32.Build.0 = DebugGuide|Win32
		{2D3CE3F6-FEFA-4583-BC32-3315D0830B19}.DebugGuideSM|Win32.ActiveCfg = DebugGuideSM|Win32
		{2D3CE3F6-FEFA-4583-BC32-3315D0830B19}.DebugGuideSM|Win32.Build.0 = DebugGuideSM|Win32
		{2D3CE3F6-FEFA-4583-BC32-3315D0830B19}.DebugTellMe|Win32.ActiveCfg = DebugTellMe|Win32
		{2D3CE3F6-FEFA-4583-BC32-3315D0830B19}.DebugTellMe|Win32.Build.0 = DebugTellMe|Win32
		{2D3CE3F6-FEFA-4583-BC32-3315D0830B19}.DebugTest|Win32.ActiveCfg = DebugTest|Win32
		{2D3CE3F6-FEFA-4583-BC32-3315D0830B19}.DebugTest|Win32.Build.0 = DebugTest|Win32
		{2D3CE3F6-FEFA-4583-BC32-3315D0830B19}.ReleaseGuide|Win32.ActiveCfg = ReleaseGuide|Win32
		{2D3CE3F6-FEFA-4583-BC32-3315D0830B19}.ReleaseGuide|Win32.Build.0 = ReleaseGuide|Win32
		{2D3CE3F6-FEFA-4583-BC32-3315D0830B19}.ReleaseGuideSM|Win32.ActiveCfg = ReleaseGuideSM|Win32
		{2D3CE3F6-FEFA-4583-BC32-3315D0830B19}.ReleaseGuideSM|Win32.Build.0 = ReleaseGuideSM|Win32
		{2D3CE3F6-FEFA-4583-BC32-3315D0830B19}.ReleaseTellMe|Win32.ActiveCfg = ReleaseTellMe|Win32
		{2D3CE3F6-FEFA-4583-BC32-3315D0830B19}.ReleaseTellMe|Win32.Build.0 = ReleaseTellMe|Win32
		{2D3CE3F6-FEFA-4583-BC32-3315D0830B19}.ReleaseTest|Win32.ActiveCfg = ReleaseTest|Win32
		{2D3CE3F6-FEFA-4583-BC32-3315D0830B19}.ReleaseTest|Win32.Build.0 = ReleaseTest|Win32
		{5BD534F5-433E-4C07-B0F2-ED477371EEAE}.DebugGuide|Win32.ActiveCfg = DebugGuide|Win32
		{5BD534F5-433E-4C07-B0F2-ED477371EEAE}.DebugGuide|Win32.Build.0 = DebugGuide|Win32
		{5BD534F5-433E-4C07-B0F2-ED477371EEAE}.DebugGuideSM|Win32.ActiveCfg = DebugGuideSM|Win32
		{5BD534F5-433E-4C07-B0F2-ED477371EEAE}.DebugGuideSM|Win32.Build.0 = DebugGuideSM|Win32
		{5BD534F5-433E-4C07-B0F2-ED477371EEAE}.DebugTellMe|Win32.ActiveCfg = DebugTellMe|Win32
		{5BD534F5-433E-4C07-B0F2-ED477371EEAE}.DebugTellMe|Win32.Build.0 = DebugTellMe|Win32
		{5BD534F5-433E-4C07-B0F2-ED477371EEAE}.DebugTest|Win32.ActiveCfg = DebugTest|Win32
		{5BD534F5-433E-4C07-B0F2-ED477371EEAE}.DebugTest|Win32.Build.0 = DebugTest|Win32
		{5BD534F5-433E-4C07-B0F2-ED477371EEAE}.ReleaseGuide|Win32.ActiveCfg = ReleaseGuide|Win32
		{5BD534F5-433E-4C07-B0F2-ED477371EEAE}.ReleaseGuide|Win32.Build.0 = ReleaseGuide|Win32
		{5BD534F5-433E-4C07-B0F2-ED477371EEAE}.ReleaseGuideSM|Win32.ActiveCfg = ReleaseGuideSM|Win32
		{5BD534F5-433E-4C07-B0F2-ED477371EEAE}.ReleaseGuideSM|Win32.Build.0 = ReleaseGuideSM|Win32
		{5BD534F5-433E-4C07-B0F2-ED477371EEAE}.ReleaseTellMe|Win32.ActiveCfg = ReleaseTellMe|Win32
		{5BD534F5-433E-4C07-B0F2-ED477371EEAE}.ReleaseTellMe|Win32.Build.0 = ReleaseTellMe|Win32
		{5BD534F5-433E-4C07-B0F2-ED477371EEAE}.ReleaseTest|Win32.ActiveCfg = ReleaseTest|Win32
		{5BD534F5-433E-4C07-B0F2-ED477371EEAE}.ReleaseTest|Win32.Build.0 = ReleaseTest|Win32
		{9FBBF384-2428-4514-A030-814C85C1BE5D}.DebugGuide|Win32.ActiveCfg = DebugGuide|Win32
		{9FBBF384-2428-4514-A030-814C85C1BE5D}.DebugGuide|Win32.Build.0 = DebugGuide|Win32
		{9FBBF384-2428-4514-A030-814C85C1BE5D}.DebugGuideSM|Win32.ActiveCfg = DebugGuideSM|Win32
		{9FBBF384-2428-4514-A030-814C85C1BE5D}.DebugGuideSM|Win32.Build.0 = DebugGuideSM|Win32
		{9FBBF384-2428-4514-A030-814C85C1BE5D}.DebugTellMe|Win32.ActiveCfg = DebugTellMe|Win32
		{9FBBF384-2428-4514-A030-814C85C1BE5D}.DebugTellMe|Win32.Build.0 = DebugTellMe|Win32
		{9FBBF384-2428-4514-A030-814C85C1BE5D}.DebugTest|Win32.ActiveCfg = DebugTest|Win32
		{9FBBF384-2428-4514-A030-814C85C1BE5D}.DebugTest|Win32.Build.0 = DebugTest|Win32
		{9FBBF384-2428-4514-A030-814C85C1BE5D}.ReleaseGuide|Win32.ActiveCfg = ReleaseGuide|Win32
		{9FBBF384-2428-4514-A030-814C85C1BE5D}.ReleaseGuide|Win32.Build.0 = ReleaseGuide|Win32
		{9FBBF384-2428-4514-A030-814C85C1BE5D}.ReleaseGuideSM|Win32.ActiveCfg = ReleaseGuideSM|Win32
		{9FBBF384-2428-4514-A030-814C85C1BE5D}.ReleaseGuideSM|Win32.Build.0 = ReleaseGuideSM|Win32
		{9FBBF384-2428-4514-A030-814C85C1BE5D}.ReleaseTellMe|Win32.ActiveCfg = ReleaseTellMe|Win32
		{9FBBF384-2428-4514-A030-814C85C1BE5D}.ReleaseTellMe|Win32.Build.0 = ReleaseTellMe|Win32
		{9FBBF384-2428-4514-A030-814C85C1BE5D}.ReleaseTest|Win32.ActiveCfg = ReleaseTest|Win32
		{9FBBF384-2428-4514-A030-814C85C1BE5D}.ReleaseTest|Win32.Build.0 = ReleaseTest|Win32
		{88899659-719A-4360-81A0-836531B29FFF}.DebugGuide|Win32.ActiveCfg = DebugGuide|Win32
		{88899659-719A-4360-81A0-836531B29FFF}.DebugGuide|Win32.Build.0 = DebugGuide|Win32
		{88899659-719A-4360-81A0-836531B29FFF}.DebugGuideSM|Win32.ActiveCfg = DebugGuideSM|Win32
		{88899659-719A-4360-81A0-836531B29FFF}.DebugGuideSM|Win32.Build.0 = DebugGuideSM|Win32
		{88899659-719A-4360-81A0-836531B29FFF}.DebugTellMe|Win32.ActiveCfg = DebugTellMe|Win32
		{88899659-719A-4360-81A0-836531B29FFF}.DebugTellMe|Win32.Build.0 = DebugTellMe|Win32
		{88899659-719A-4360-81A0-836531B29FFF}.DebugTest|Win32.ActiveCfg = DebugTest|Win32
		{88899659-719A-4360-81A0-836531B29FFF}.DebugTest|Win32.Build.0 = DebugTest|Win32
		{88899659-719A-4360-81A0-836531B29FFF}.ReleaseGuide|Win32.ActiveCfg = ReleaseGuide|Win32
		{88899659-719A-4360-81A0-836531B29FFF}.ReleaseGuide|Win32.Build.0 = ReleaseGuide|Win32
		{88899659-719A-4360-81A0-836531B29FFF}.ReleaseGuideSM|Win32.ActiveCfg = ReleaseGuideSM|Win32
		{88899659-719A-4360-81A0-836531B29FFF}.ReleaseGuideSM|Win32.Build.0 = ReleaseGuideSM|Win32
		{88899659-719A-4360-81A0-836531B29FFF}.ReleaseTellMe|Win32.ActiveCfg = ReleaseTellMe|Win32
		{88899659-719A-4360-81A0-836531B29FFF}.ReleaseTellMe|Win32.Build.0 = ReleaseTellMe|Win32
		{88899659-719A-4360-81A0-836531B29FFF}.ReleaseTest|Win32.ActiveCfg = ReleaseTest|Win32
		{88899659-719A-4360-81A0-836531B29FFF}.ReleaseTest|Win32.Build.0 = ReleaseTest|Win32
		{7ED4C381-8AFD-456E-98C6-2B50087AC5EF}.DebugGuide|Win32.ActiveCfg = DebugGuide|Win32
		{7ED4C381-8AFD-456E-98C6-2B50087AC5EF}.DebugGuide|Win32.Build.0 = DebugGuide|Win32
		{7ED4C381-8AFD-456E-98C6-2B50087AC5EF}.DebugGuideSM|Win32.ActiveCfg = DebugGuideSM|Win32
		{7ED4C381-8AFD-456E-98C6-2B50087AC5EF}.DebugGuideSM|Win32.Build.0 = DebugGuideSM|Win32
		{7ED4C381-8AFD-456E-98C6-2B50087AC5EF}.DebugTellMe|Win32.ActiveCfg = DebugTellMe|Win32
		{7ED4C381-8AFD-456E-98C6-2B50087AC5EF}.DebugTellMe|Win32.Build.0 = DebugTellMe|Win32
		{7ED4C381-8AFD-456E-98C6-2B50087AC5EF}.DebugTest|Win32.ActiveCfg = DebugTest|Win32
		{7ED4C381-8AFD-456E-98C6-2B50087AC5EF}.DebugTest|Win32.Build.0 = DebugTest|Win32
		{7ED4C381-8AFD-456E-98C6-2B50087AC5EF}.ReleaseGuide|Win32.ActiveCfg = ReleaseGuide|Win32
		{7ED4C381-8AFD-456E-98C6-2B50087AC5EF}.ReleaseGuide|Win32.Build.0 = ReleaseGuide|Win32
		{7ED4C381-8AFD-456E-98C6-2B50087AC5EF}.ReleaseGuideSM|Win32.ActiveCfg = ReleaseGuideSM|Win32
		{7ED4C381-8AFD-456E-98C6-2B50087AC5EF}.ReleaseGuideSM|Win32.Build.0 = ReleaseGuideSM|Win32
		{7ED4C381-8AFD-456E-98C6-2B50087AC5EF}.ReleaseTellMe|Win32.ActiveCfg = ReleaseTellMe|Win32
		{7ED4C381-8AFD-456E-98C6-2B50087AC5EF}.ReleaseTellMe|Win32.Build.0 = ReleaseTellMe|Win32
		{7ED4C381-8AFD-456E-98C6-2B50087AC5EF}.ReleaseTest|Win32.ActiveCfg = ReleaseTest|Win32
		{7ED4C381-8AFD-456E-98C6-2B50087AC5EF}.ReleaseTest|Win32.Build.0 = ReleaseTest|Win32
		{964F5110-5DE9-4AFC-A369-B815EDB9DE78}.DebugGuide|Win32.ActiveCfg = DebugGuide|Win32
		{964F5110-5DE9-4AFC-A369-B815EDB9DE78}.DebugGuide|Win32.Build.0 = DebugGuide|Win32
		{964F5110-5DE9-4AFC-A369-B815EDB9DE78}.DebugGuideSM|Win32.ActiveCfg = DebugGuideSM|Win32
		{964F5110-5DE9-4AFC-A369-B815EDB9DE78}.DebugGuideSM|Win32.Build.0 = DebugGuideSM|Win32
		{964F5110-5DE9-4AFC-A369-B815EDB9DE78}.DebugTellMe|Win32.ActiveCfg = DebugTest|Win32
		{964F5110-5DE9-4AFC-A369-B815EDB9DE78}.DebugTellMe|Win32.Build.0 = DebugTest|Win32
		{964F5110-5DE9-4AFC-A369-B815EDB9DE78}.DebugTest|Win32.ActiveCfg = DebugTest|Win32
		{964F5110-5DE9-4AFC-A369-B815EDB9DE78}.DebugTest|Win32.Build.0 = DebugTest|Win32
		{964F5110-5DE9-4AFC-A369-B815EDB9DE78}.ReleaseGuide|Win32.ActiveCfg = ReleaseGuide|Win32
		{964F5110-5DE9-4AFC-A369-B815EDB9DE78}.ReleaseGuide|Win32.Build.0 = ReleaseGuide|Win32
		{964F5110-5DE9-4AFC-A369-B815EDB9DE78}.ReleaseGuideSM|Win32.ActiveCfg = ReleaseGuideSM|Win32
		{964F5110-5DE9-4AFC-A369-B815EDB9DE78}.ReleaseGuideSM|Win32.Build.0 = ReleaseGuideSM|Win32
		{964F5110-5DE9-4AFC-A369-B815EDB9DE78}.ReleaseTellMe|Win32.ActiveCfg = ReleaseTest|Win32
		{964F5110-5DE9-4AFC-A369-B815EDB9DE78}.ReleaseTellMe|Win32.Build.0 = ReleaseTest|Win32
		{964F5110-5DE9-4AFC-A369-B815EDB9DE78}.ReleaseTest|Win32.ActiveCfg = ReleaseTest|Win32
		{964F5110-5DE9-4AFC-A369-B815EDB9DE78}.ReleaseTest|Win32.Build.0 = ReleaseTest|Win32
		{479DAB6F-E999-4986-B7FA-3AFD28464C33}.DebugGuide|Win32.ActiveCfg = DebugGuide|Win32
		{479DAB6F-E999-4986-B7FA-3AFD28464C33}.DebugGuide|Win32.Build.0 = DebugGuide|Win32
		{479DAB6F-E999-4986-B7FA-3AFD28464C33}.DebugGuideSM|Win32.ActiveCfg = DebugGuideSM|Win32
		{479DAB6F-E999-4986-B7FA-3AFD28464C33}.DebugGuideSM|Win32.Build.0 = DebugGuideSM|Win32
		{479DAB6F-E999-4986-B7FA-3AFD28464C33}.DebugTellMe|Win32.ActiveCfg = DebugTest|Win32
		{479DAB6F-E999-4986-B7FA-3AFD28464C33}.DebugTellMe|Win32.Build.0 = DebugTest|Win32
		{479DAB6F-E999-4986-B7FA-3AFD28464C33}.DebugTest|Win32.ActiveCfg = DebugTest|Win32
		{479DAB6F-E999-4986-B7FA-3AFD28464C33}.DebugTest|Win32.Build.0 = DebugTest|Win32
		{479DAB6F-E999-4986-B7FA-3AFD28464C33}.ReleaseGuide|Win32.ActiveCfg = ReleaseGuide|Win32
		{479DAB6F-E999-4986-B7FA-3AFD28464C33}.ReleaseGuide|Win32.Build.0 = ReleaseGuide|Win32
		{479DAB6F-E999-4986-B7FA-3AFD28464C33}.ReleaseGuideSM|Win32.ActiveCfg = ReleaseGuideSM|Win32
		{479DAB6F-E999-4986-B7FA-3AFD28464C33}.ReleaseGuideSM|Win32.Build.0 = ReleaseGuideSM|Win32
		{479DAB6F-E999-4986-B7FA-3AFD28464C33}.ReleaseTellMe|Win32.ActiveCfg = ReleaseTest|Win32
		{479DAB6F-E999-4986-B7FA-3AFD28464C33}.ReleaseTellMe|Win32.Build.0 = ReleaseTest|Win32
		{479DAB6F-E999-4986-B7FA-3AFD28464C33}.ReleaseTest|Win32.ActiveCfg = ReleaseTest|Win32
		{479DAB6F-E999-4986-B7FA-3AFD28464C33}.ReleaseTest|Win32.Build.0 = ReleaseTest|Win32
	EndGlobalSection
	GlobalSection(SolutionProperties) = preSolution
		HideSolutionNode = FALSE
	EndGlobalSection
EndGlobal
