
Microsoft Visual Studio Solution File, Format Version 12.00
# Visual Studio 2012
Project("{FAE04EC0-301F-11D3-BF4B-00C04F79EFBC}") = "rt.srz.services", "rt.srz.services\rt.srz.services.csproj", "{7A023AF8-4ABA-4C32-902A-929F308C5813}"
EndProject
Project("{FAE04EC0-301F-11D3-BF4B-00C04F79EFBC}") = "rt.atl.business", "rt.atl.business\rt.atl.business.csproj", "{7A4B9D23-8317-45CA-ADD2-467458DFD464}"
EndProject
Project("{FAE04EC0-301F-11D3-BF4B-00C04F79EFBC}") = "rt.core.business", "rt.core.business\rt.core.business.csproj", "{CB9CE33B-78B5-4B97-8B05-5D63320A1E39}"
EndProject
Project("{FAE04EC0-301F-11D3-BF4B-00C04F79EFBC}") = "rt.srz.model", "rt.srz.model\rt.srz.model.csproj", "{F247928D-EA65-4D69-BD03-B1E506B09986}"
EndProject
Project("{FAE04EC0-301F-11D3-BF4B-00C04F79EFBC}") = "rt.srz.business", "rt.srz.business\rt.srz.business.csproj", "{49D3899B-FD42-42FD-9734-BAE4C911F7F5}"
EndProject
Project("{FAE04EC0-301F-11D3-BF4B-00C04F79EFBC}") = "rt.srz.test", "rt.srz.test\rt.srz.test.csproj", "{E26A6F60-8427-4694-B760-C8FF22A2BBF3}"
EndProject
Project("{FAE04EC0-301F-11D3-BF4B-00C04F79EFBC}") = "rt.srz.ui.pvp", "rt.srz.ui.pvp\rt.srz.ui.pvp.csproj", "{99D9C445-1DFC-45C4-92FA-5F2F8F4E6DF0}"
EndProject
Project("{FAE04EC0-301F-11D3-BF4B-00C04F79EFBC}") = "rt.srz.services.client", "rt.srz.services.client\rt.srz.services.client.csproj", "{EF604446-6168-4686-9D43-F3B887D0C513}"
EndProject
Project("{FAE04EC0-301F-11D3-BF4B-00C04F79EFBC}") = "rt.core.services", "rt.core.services\rt.core.services.csproj", "{F806BF30-72B9-41EE-8A62-93100A9D30BB}"
EndProject
Project("{FAE04EC0-301F-11D3-BF4B-00C04F79EFBC}") = "rt.core.model", "rt.core.model\rt.core.model.csproj", "{1B981163-21AC-4F46-8927-CF2641F54FA5}"
EndProject
Project("{FAE04EC0-301F-11D3-BF4B-00C04F79EFBC}") = "rt.atl.model", "rt.atl.model\rt.atl.model.csproj", "{6310659A-9539-4660-910A-DA60B53CC5A0}"
EndProject
Project("{FAE04EC0-301F-11D3-BF4B-00C04F79EFBC}") = "rt.uec.model", "rt.uec.model\rt.uec.model.csproj", "{AAD11904-AFD7-4D6A-BE28-A7589E9177B8}"
EndProject
Project("{FAE04EC0-301F-11D3-BF4B-00C04F79EFBC}") = "rt.core.model.client", "rt.core.model.client\rt.core.model.client.csproj", "{80B4EE32-6E5B-44CC-AF7A-EE3DC3F56858}"
EndProject
Project("{2150E333-8FDC-42A3-9474-1A3956D46DE8}") = "core", "core", "{EA1F177D-AAE5-4C5B-AB9D-AF669DB8B8AE}"
EndProject
Project("{FAE04EC0-301F-11D3-BF4B-00C04F79EFBC}") = "rt.srz.barcode", "rt.srz.barcode\rt.srz.barcode.csproj", "{158E22FC-9AB4-4FB6-8A1A-AD8DE18BC222}"
EndProject
Project("{FAE04EC0-301F-11D3-BF4B-00C04F79EFBC}") = "rt.srz.model.HL7", "rt.srz.model.HL7\rt.srz.model.HL7.csproj", "{B91BB517-E433-4091-9C96-3386CA975C5A}"
EndProject
Project("{FAE04EC0-301F-11D3-BF4B-00C04F79EFBC}") = "rt.uec.service", "rt.uec.service\rt.uec.service.csproj", "{1218F5C5-1D95-456E-B819-7ABDA961C866}"
EndProject
Project("{FAE04EC0-301F-11D3-BF4B-00C04F79EFBC}") = "rt.srz.model.barcode", "rt.srz.model.barcode\rt.srz.model.barcode.csproj", "{9C095CF4-79D1-4B22-B793-EA85CE6CE595}"
EndProject
Project("{FAE04EC0-301F-11D3-BF4B-00C04F79EFBC}") = "rt.smc.service", "rt.smc.service\rt.smc.service.csproj", "{C04699B1-1124-45CB-B196-605517735DAB}"
EndProject
Project("{FAE04EC0-301F-11D3-BF4B-00C04F79EFBC}") = "rt.smc.model", "rt.smc.model\rt.smc.model.csproj", "{DFB81B5F-1724-4B50-A036-2580BBE03A7D}"
EndProject
Project("{2150E333-8FDC-42A3-9474-1A3956D46DE8}") = "activex", "activex", "{91D85499-9BAA-4112-87B0-121333910A63}"
EndProject
Project("{2150E333-8FDC-42A3-9474-1A3956D46DE8}") = "crystalquartz", "crystalquartz", "{7DEEA202-DA43-48F0-94CD-1C4CEC32D408}"
EndProject
Project("{FAE04EC0-301F-11D3-BF4B-00C04F79EFBC}") = "CrystalQuartz.Web", "CrystalQuartz\CrystalQuartz.Web\CrystalQuartz.Web.csproj", "{DAD3549E-FC6D-4420-B391-CE923A3CAD30}"
EndProject
Project("{FAE04EC0-301F-11D3-BF4B-00C04F79EFBC}") = "CrystalQuartz.Core", "CrystalQuartz\CrystalQuartz.Core\CrystalQuartz.Core.csproj", "{9382E234-40E3-40D1-9A6F-5EF63CF09C90}"
EndProject
Project("{00D1A9C2-B5F0-4AF3-8072-F6C62B433612}") = "rt.srz.database.business.sqlserver", "rt.srz.database.business.sqlserver\rt.srz.database.business.sqlserver.sqlproj", "{254BFF12-7ED6-4E3E-B916-C535C52606FF}"
EndProject
Project("{FAE04EC0-301F-11D3-BF4B-00C04F79EFBC}") = "rt.srz.integration.test", "rt.srz.integration.test\rt.srz.integration.test.csproj", "{206F94CB-8072-4B72-A9D3-352A0F084326}"
EndProject
Project("{FAE04EC0-301F-11D3-BF4B-00C04F79EFBC}") = "rt.srz.database.migration", "rt.srz.database.migration\rt.srz.database.migration.csproj", "{8632AEA6-8A98-4D6F-AAB5-1112A1E72309}"
EndProject
Project("{2150E333-8FDC-42A3-9474-1A3956D46DE8}") = "test", "test", "{E5AD6B88-DEE0-444E-AD5C-499969651A2B}"
EndProject
Project("{FAE04EC0-301F-11D3-BF4B-00C04F79EFBC}") = "rt.srz.database.business", "rt.srz.database.business\rt.srz.database.business.csproj", "{EB35411E-647A-4EE1-BE16-10B7A9F1631C}"
EndProject
Project("{2150E333-8FDC-42A3-9474-1A3956D46DE8}") = "Solution Items", "Solution Items", "{8201A7B2-D225-4E51-AF2A-B2A9999862AC}"
	ProjectSection(SolutionItems) = preProject
		GlobalAssemblyInfo.cs = GlobalAssemblyInfo.cs
	EndProjectSection
EndProject
Project("{2150E333-8FDC-42A3-9474-1A3956D46DE8}") = ".nuget", ".nuget", "{9E00508D-5AE9-40C6-9801-917E51E5D674}"
	ProjectSection(SolutionItems) = preProject
		.nuget\packages.config = .nuget\packages.config
	EndProjectSection
EndProject
Project("{FAE04EC0-301F-11D3-BF4B-00C04F79EFBC}") = "rt.srz.ui.console", "rt.srz.ui.console\rt.srz.ui.console.csproj", "{5D4A54E8-E49C-4740-884B-502D70845F34}"
EndProject
Global
	GlobalSection(SolutionConfigurationPlatforms) = preSolution
		CD_ROM|Any CPU = CD_ROM|Any CPU
		CD_ROM|Mixed Platforms = CD_ROM|Mixed Platforms
		CD_ROM|Win32 = CD_ROM|Win32
		CD_ROM|x86 = CD_ROM|x86
		Debug|Any CPU = Debug|Any CPU
		Debug|Mixed Platforms = Debug|Mixed Platforms
		Debug|Win32 = Debug|Win32
		Debug|x86 = Debug|x86
		DVD-5|Any CPU = DVD-5|Any CPU
		DVD-5|Mixed Platforms = DVD-5|Mixed Platforms
		DVD-5|Win32 = DVD-5|Win32
		DVD-5|x86 = DVD-5|x86
		Release|Any CPU = Release|Any CPU
		Release|Mixed Platforms = Release|Mixed Platforms
		Release|Win32 = Release|Win32
		Release|x86 = Release|x86
		SingleImage|Any CPU = SingleImage|Any CPU
		SingleImage|Mixed Platforms = SingleImage|Mixed Platforms
		SingleImage|Win32 = SingleImage|Win32
		SingleImage|x86 = SingleImage|x86
	EndGlobalSection
	GlobalSection(ProjectConfigurationPlatforms) = postSolution
		{7A023AF8-4ABA-4C32-902A-929F308C5813}.CD_ROM|Any CPU.ActiveCfg = Release|Any CPU
		{7A023AF8-4ABA-4C32-902A-929F308C5813}.CD_ROM|Any CPU.Build.0 = Release|Any CPU
		{7A023AF8-4ABA-4C32-902A-929F308C5813}.CD_ROM|Mixed Platforms.ActiveCfg = Release|Any CPU
		{7A023AF8-4ABA-4C32-902A-929F308C5813}.CD_ROM|Mixed Platforms.Build.0 = Release|Any CPU
		{7A023AF8-4ABA-4C32-902A-929F308C5813}.CD_ROM|Win32.ActiveCfg = Release|Any CPU
		{7A023AF8-4ABA-4C32-902A-929F308C5813}.CD_ROM|x86.ActiveCfg = Release|Any CPU
		{7A023AF8-4ABA-4C32-902A-929F308C5813}.Debug|Any CPU.ActiveCfg = Debug|Any CPU
		{7A023AF8-4ABA-4C32-902A-929F308C5813}.Debug|Any CPU.Build.0 = Debug|Any CPU
		{7A023AF8-4ABA-4C32-902A-929F308C5813}.Debug|Mixed Platforms.ActiveCfg = Debug|Any CPU
		{7A023AF8-4ABA-4C32-902A-929F308C5813}.Debug|Mixed Platforms.Build.0 = Debug|Any CPU
		{7A023AF8-4ABA-4C32-902A-929F308C5813}.Debug|Win32.ActiveCfg = Debug|Any CPU
		{7A023AF8-4ABA-4C32-902A-929F308C5813}.Debug|x86.ActiveCfg = Debug|Any CPU
		{7A023AF8-4ABA-4C32-902A-929F308C5813}.DVD-5|Any CPU.ActiveCfg = Debug|Any CPU
		{7A023AF8-4ABA-4C32-902A-929F308C5813}.DVD-5|Any CPU.Build.0 = Debug|Any CPU
		{7A023AF8-4ABA-4C32-902A-929F308C5813}.DVD-5|Mixed Platforms.ActiveCfg = Debug|Any CPU
		{7A023AF8-4ABA-4C32-902A-929F308C5813}.DVD-5|Mixed Platforms.Build.0 = Debug|Any CPU
		{7A023AF8-4ABA-4C32-902A-929F308C5813}.DVD-5|Win32.ActiveCfg = Debug|Any CPU
		{7A023AF8-4ABA-4C32-902A-929F308C5813}.DVD-5|x86.ActiveCfg = Debug|Any CPU
		{7A023AF8-4ABA-4C32-902A-929F308C5813}.Release|Any CPU.ActiveCfg = Release|Any CPU
		{7A023AF8-4ABA-4C32-902A-929F308C5813}.Release|Any CPU.Build.0 = Release|Any CPU
		{7A023AF8-4ABA-4C32-902A-929F308C5813}.Release|Mixed Platforms.ActiveCfg = Release|Any CPU
		{7A023AF8-4ABA-4C32-902A-929F308C5813}.Release|Mixed Platforms.Build.0 = Release|Any CPU
		{7A023AF8-4ABA-4C32-902A-929F308C5813}.Release|Win32.ActiveCfg = Release|Any CPU
		{7A023AF8-4ABA-4C32-902A-929F308C5813}.Release|x86.ActiveCfg = Release|Any CPU
		{7A023AF8-4ABA-4C32-902A-929F308C5813}.SingleImage|Any CPU.ActiveCfg = Release|Any CPU
		{7A023AF8-4ABA-4C32-902A-929F308C5813}.SingleImage|Any CPU.Build.0 = Release|Any CPU
		{7A023AF8-4ABA-4C32-902A-929F308C5813}.SingleImage|Mixed Platforms.ActiveCfg = Release|Any CPU
		{7A023AF8-4ABA-4C32-902A-929F308C5813}.SingleImage|Mixed Platforms.Build.0 = Release|Any CPU
		{7A023AF8-4ABA-4C32-902A-929F308C5813}.SingleImage|Win32.ActiveCfg = Release|Any CPU
		{7A023AF8-4ABA-4C32-902A-929F308C5813}.SingleImage|x86.ActiveCfg = Release|Any CPU
		{7A4B9D23-8317-45CA-ADD2-467458DFD464}.CD_ROM|Any CPU.ActiveCfg = Release|Any CPU
		{7A4B9D23-8317-45CA-ADD2-467458DFD464}.CD_ROM|Any CPU.Build.0 = Release|Any CPU
		{7A4B9D23-8317-45CA-ADD2-467458DFD464}.CD_ROM|Mixed Platforms.ActiveCfg = Release|Any CPU
		{7A4B9D23-8317-45CA-ADD2-467458DFD464}.CD_ROM|Mixed Platforms.Build.0 = Release|Any CPU
		{7A4B9D23-8317-45CA-ADD2-467458DFD464}.CD_ROM|Win32.ActiveCfg = Release|Any CPU
		{7A4B9D23-8317-45CA-ADD2-467458DFD464}.CD_ROM|x86.ActiveCfg = Release|Any CPU
		{7A4B9D23-8317-45CA-ADD2-467458DFD464}.Debug|Any CPU.ActiveCfg = Debug|Any CPU
		{7A4B9D23-8317-45CA-ADD2-467458DFD464}.Debug|Any CPU.Build.0 = Debug|Any CPU
		{7A4B9D23-8317-45CA-ADD2-467458DFD464}.Debug|Mixed Platforms.ActiveCfg = Debug|Any CPU
		{7A4B9D23-8317-45CA-ADD2-467458DFD464}.Debug|Mixed Platforms.Build.0 = Debug|Any CPU
		{7A4B9D23-8317-45CA-ADD2-467458DFD464}.Debug|Win32.ActiveCfg = Debug|Any CPU
		{7A4B9D23-8317-45CA-ADD2-467458DFD464}.Debug|x86.ActiveCfg = Debug|Any CPU
		{7A4B9D23-8317-45CA-ADD2-467458DFD464}.DVD-5|Any CPU.ActiveCfg = Debug|Any CPU
		{7A4B9D23-8317-45CA-ADD2-467458DFD464}.DVD-5|Any CPU.Build.0 = Debug|Any CPU
		{7A4B9D23-8317-45CA-ADD2-467458DFD464}.DVD-5|Mixed Platforms.ActiveCfg = Debug|Any CPU
		{7A4B9D23-8317-45CA-ADD2-467458DFD464}.DVD-5|Mixed Platforms.Build.0 = Debug|Any CPU
		{7A4B9D23-8317-45CA-ADD2-467458DFD464}.DVD-5|Win32.ActiveCfg = Debug|Any CPU
		{7A4B9D23-8317-45CA-ADD2-467458DFD464}.DVD-5|x86.ActiveCfg = Debug|Any CPU
		{7A4B9D23-8317-45CA-ADD2-467458DFD464}.Release|Any CPU.ActiveCfg = Release|Any CPU
		{7A4B9D23-8317-45CA-ADD2-467458DFD464}.Release|Any CPU.Build.0 = Release|Any CPU
		{7A4B9D23-8317-45CA-ADD2-467458DFD464}.Release|Mixed Platforms.ActiveCfg = Release|Any CPU
		{7A4B9D23-8317-45CA-ADD2-467458DFD464}.Release|Mixed Platforms.Build.0 = Release|Any CPU
		{7A4B9D23-8317-45CA-ADD2-467458DFD464}.Release|Win32.ActiveCfg = Release|Any CPU
		{7A4B9D23-8317-45CA-ADD2-467458DFD464}.Release|x86.ActiveCfg = Release|Any CPU
		{7A4B9D23-8317-45CA-ADD2-467458DFD464}.SingleImage|Any CPU.ActiveCfg = Release|Any CPU
		{7A4B9D23-8317-45CA-ADD2-467458DFD464}.SingleImage|Any CPU.Build.0 = Release|Any CPU
		{7A4B9D23-8317-45CA-ADD2-467458DFD464}.SingleImage|Mixed Platforms.ActiveCfg = Release|Any CPU
		{7A4B9D23-8317-45CA-ADD2-467458DFD464}.SingleImage|Mixed Platforms.Build.0 = Release|Any CPU
		{7A4B9D23-8317-45CA-ADD2-467458DFD464}.SingleImage|Win32.ActiveCfg = Release|Any CPU
		{7A4B9D23-8317-45CA-ADD2-467458DFD464}.SingleImage|x86.ActiveCfg = Release|Any CPU
		{CB9CE33B-78B5-4B97-8B05-5D63320A1E39}.CD_ROM|Any CPU.ActiveCfg = Release|Any CPU
		{CB9CE33B-78B5-4B97-8B05-5D63320A1E39}.CD_ROM|Any CPU.Build.0 = Release|Any CPU
		{CB9CE33B-78B5-4B97-8B05-5D63320A1E39}.CD_ROM|Mixed Platforms.ActiveCfg = Release|Any CPU
		{CB9CE33B-78B5-4B97-8B05-5D63320A1E39}.CD_ROM|Mixed Platforms.Build.0 = Release|Any CPU
		{CB9CE33B-78B5-4B97-8B05-5D63320A1E39}.CD_ROM|Win32.ActiveCfg = Release|Any CPU
		{CB9CE33B-78B5-4B97-8B05-5D63320A1E39}.CD_ROM|x86.ActiveCfg = Release|Any CPU
		{CB9CE33B-78B5-4B97-8B05-5D63320A1E39}.Debug|Any CPU.ActiveCfg = Debug|Any CPU
		{CB9CE33B-78B5-4B97-8B05-5D63320A1E39}.Debug|Any CPU.Build.0 = Debug|Any CPU
		{CB9CE33B-78B5-4B97-8B05-5D63320A1E39}.Debug|Mixed Platforms.ActiveCfg = Debug|Any CPU
		{CB9CE33B-78B5-4B97-8B05-5D63320A1E39}.Debug|Mixed Platforms.Build.0 = Debug|Any CPU
		{CB9CE33B-78B5-4B97-8B05-5D63320A1E39}.Debug|Win32.ActiveCfg = Debug|Any CPU
		{CB9CE33B-78B5-4B97-8B05-5D63320A1E39}.Debug|x86.ActiveCfg = Debug|Any CPU
		{CB9CE33B-78B5-4B97-8B05-5D63320A1E39}.DVD-5|Any CPU.ActiveCfg = Debug|Any CPU
		{CB9CE33B-78B5-4B97-8B05-5D63320A1E39}.DVD-5|Any CPU.Build.0 = Debug|Any CPU
		{CB9CE33B-78B5-4B97-8B05-5D63320A1E39}.DVD-5|Mixed Platforms.ActiveCfg = Debug|Any CPU
		{CB9CE33B-78B5-4B97-8B05-5D63320A1E39}.DVD-5|Mixed Platforms.Build.0 = Debug|Any CPU
		{CB9CE33B-78B5-4B97-8B05-5D63320A1E39}.DVD-5|Win32.ActiveCfg = Debug|Any CPU
		{CB9CE33B-78B5-4B97-8B05-5D63320A1E39}.DVD-5|x86.ActiveCfg = Debug|Any CPU
		{CB9CE33B-78B5-4B97-8B05-5D63320A1E39}.Release|Any CPU.ActiveCfg = Release|Any CPU
		{CB9CE33B-78B5-4B97-8B05-5D63320A1E39}.Release|Any CPU.Build.0 = Release|Any CPU
		{CB9CE33B-78B5-4B97-8B05-5D63320A1E39}.Release|Mixed Platforms.ActiveCfg = Release|Any CPU
		{CB9CE33B-78B5-4B97-8B05-5D63320A1E39}.Release|Mixed Platforms.Build.0 = Release|Any CPU
		{CB9CE33B-78B5-4B97-8B05-5D63320A1E39}.Release|Win32.ActiveCfg = Release|Any CPU
		{CB9CE33B-78B5-4B97-8B05-5D63320A1E39}.Release|x86.ActiveCfg = Release|Any CPU
		{CB9CE33B-78B5-4B97-8B05-5D63320A1E39}.SingleImage|Any CPU.ActiveCfg = Release|Any CPU
		{CB9CE33B-78B5-4B97-8B05-5D63320A1E39}.SingleImage|Any CPU.Build.0 = Release|Any CPU
		{CB9CE33B-78B5-4B97-8B05-5D63320A1E39}.SingleImage|Mixed Platforms.ActiveCfg = Release|Any CPU
		{CB9CE33B-78B5-4B97-8B05-5D63320A1E39}.SingleImage|Mixed Platforms.Build.0 = Release|Any CPU
		{CB9CE33B-78B5-4B97-8B05-5D63320A1E39}.SingleImage|Win32.ActiveCfg = Release|Any CPU
		{CB9CE33B-78B5-4B97-8B05-5D63320A1E39}.SingleImage|x86.ActiveCfg = Release|Any CPU
		{F247928D-EA65-4D69-BD03-B1E506B09986}.CD_ROM|Any CPU.ActiveCfg = Release|Any CPU
		{F247928D-EA65-4D69-BD03-B1E506B09986}.CD_ROM|Any CPU.Build.0 = Release|Any CPU
		{F247928D-EA65-4D69-BD03-B1E506B09986}.CD_ROM|Mixed Platforms.ActiveCfg = Release|Any CPU
		{F247928D-EA65-4D69-BD03-B1E506B09986}.CD_ROM|Mixed Platforms.Build.0 = Release|Any CPU
		{F247928D-EA65-4D69-BD03-B1E506B09986}.CD_ROM|Win32.ActiveCfg = Release|Any CPU
		{F247928D-EA65-4D69-BD03-B1E506B09986}.CD_ROM|x86.ActiveCfg = Release|Any CPU
		{F247928D-EA65-4D69-BD03-B1E506B09986}.Debug|Any CPU.ActiveCfg = Debug|Any CPU
		{F247928D-EA65-4D69-BD03-B1E506B09986}.Debug|Any CPU.Build.0 = Debug|Any CPU
		{F247928D-EA65-4D69-BD03-B1E506B09986}.Debug|Mixed Platforms.ActiveCfg = Debug|Any CPU
		{F247928D-EA65-4D69-BD03-B1E506B09986}.Debug|Mixed Platforms.Build.0 = Debug|Any CPU
		{F247928D-EA65-4D69-BD03-B1E506B09986}.Debug|Win32.ActiveCfg = Debug|Any CPU
		{F247928D-EA65-4D69-BD03-B1E506B09986}.Debug|x86.ActiveCfg = Debug|Any CPU
		{F247928D-EA65-4D69-BD03-B1E506B09986}.DVD-5|Any CPU.ActiveCfg = Debug|Any CPU
		{F247928D-EA65-4D69-BD03-B1E506B09986}.DVD-5|Any CPU.Build.0 = Debug|Any CPU
		{F247928D-EA65-4D69-BD03-B1E506B09986}.DVD-5|Mixed Platforms.ActiveCfg = Debug|Any CPU
		{F247928D-EA65-4D69-BD03-B1E506B09986}.DVD-5|Mixed Platforms.Build.0 = Debug|Any CPU
		{F247928D-EA65-4D69-BD03-B1E506B09986}.DVD-5|Win32.ActiveCfg = Debug|Any CPU
		{F247928D-EA65-4D69-BD03-B1E506B09986}.DVD-5|x86.ActiveCfg = Debug|Any CPU
		{F247928D-EA65-4D69-BD03-B1E506B09986}.Release|Any CPU.ActiveCfg = Release|Any CPU
		{F247928D-EA65-4D69-BD03-B1E506B09986}.Release|Any CPU.Build.0 = Release|Any CPU
		{F247928D-EA65-4D69-BD03-B1E506B09986}.Release|Mixed Platforms.ActiveCfg = Release|Any CPU
		{F247928D-EA65-4D69-BD03-B1E506B09986}.Release|Mixed Platforms.Build.0 = Release|Any CPU
		{F247928D-EA65-4D69-BD03-B1E506B09986}.Release|Win32.ActiveCfg = Release|Any CPU
		{F247928D-EA65-4D69-BD03-B1E506B09986}.Release|x86.ActiveCfg = Release|Any CPU
		{F247928D-EA65-4D69-BD03-B1E506B09986}.SingleImage|Any CPU.ActiveCfg = Release|Any CPU
		{F247928D-EA65-4D69-BD03-B1E506B09986}.SingleImage|Any CPU.Build.0 = Release|Any CPU
		{F247928D-EA65-4D69-BD03-B1E506B09986}.SingleImage|Mixed Platforms.ActiveCfg = Release|Any CPU
		{F247928D-EA65-4D69-BD03-B1E506B09986}.SingleImage|Mixed Platforms.Build.0 = Release|Any CPU
		{F247928D-EA65-4D69-BD03-B1E506B09986}.SingleImage|Win32.ActiveCfg = Release|Any CPU
		{F247928D-EA65-4D69-BD03-B1E506B09986}.SingleImage|x86.ActiveCfg = Release|Any CPU
		{49D3899B-FD42-42FD-9734-BAE4C911F7F5}.CD_ROM|Any CPU.ActiveCfg = Release|Any CPU
		{49D3899B-FD42-42FD-9734-BAE4C911F7F5}.CD_ROM|Any CPU.Build.0 = Release|Any CPU
		{49D3899B-FD42-42FD-9734-BAE4C911F7F5}.CD_ROM|Mixed Platforms.ActiveCfg = Release|Any CPU
		{49D3899B-FD42-42FD-9734-BAE4C911F7F5}.CD_ROM|Mixed Platforms.Build.0 = Release|Any CPU
		{49D3899B-FD42-42FD-9734-BAE4C911F7F5}.CD_ROM|Win32.ActiveCfg = Release|Any CPU
		{49D3899B-FD42-42FD-9734-BAE4C911F7F5}.CD_ROM|x86.ActiveCfg = Release|Any CPU
		{49D3899B-FD42-42FD-9734-BAE4C911F7F5}.Debug|Any CPU.ActiveCfg = Debug|Any CPU
		{49D3899B-FD42-42FD-9734-BAE4C911F7F5}.Debug|Any CPU.Build.0 = Debug|Any CPU
		{49D3899B-FD42-42FD-9734-BAE4C911F7F5}.Debug|Mixed Platforms.ActiveCfg = Debug|Any CPU
		{49D3899B-FD42-42FD-9734-BAE4C911F7F5}.Debug|Mixed Platforms.Build.0 = Debug|Any CPU
		{49D3899B-FD42-42FD-9734-BAE4C911F7F5}.Debug|Win32.ActiveCfg = Debug|Any CPU
		{49D3899B-FD42-42FD-9734-BAE4C911F7F5}.Debug|x86.ActiveCfg = Debug|Any CPU
		{49D3899B-FD42-42FD-9734-BAE4C911F7F5}.DVD-5|Any CPU.ActiveCfg = Debug|Any CPU
		{49D3899B-FD42-42FD-9734-BAE4C911F7F5}.DVD-5|Any CPU.Build.0 = Debug|Any CPU
		{49D3899B-FD42-42FD-9734-BAE4C911F7F5}.DVD-5|Mixed Platforms.ActiveCfg = Debug|Any CPU
		{49D3899B-FD42-42FD-9734-BAE4C911F7F5}.DVD-5|Mixed Platforms.Build.0 = Debug|Any CPU
		{49D3899B-FD42-42FD-9734-BAE4C911F7F5}.DVD-5|Win32.ActiveCfg = Debug|Any CPU
		{49D3899B-FD42-42FD-9734-BAE4C911F7F5}.DVD-5|x86.ActiveCfg = Debug|Any CPU
		{49D3899B-FD42-42FD-9734-BAE4C911F7F5}.Release|Any CPU.ActiveCfg = Release|Any CPU
		{49D3899B-FD42-42FD-9734-BAE4C911F7F5}.Release|Any CPU.Build.0 = Release|Any CPU
		{49D3899B-FD42-42FD-9734-BAE4C911F7F5}.Release|Mixed Platforms.ActiveCfg = Release|Any CPU
		{49D3899B-FD42-42FD-9734-BAE4C911F7F5}.Release|Mixed Platforms.Build.0 = Release|Any CPU
		{49D3899B-FD42-42FD-9734-BAE4C911F7F5}.Release|Win32.ActiveCfg = Release|Any CPU
		{49D3899B-FD42-42FD-9734-BAE4C911F7F5}.Release|x86.ActiveCfg = Release|Any CPU
		{49D3899B-FD42-42FD-9734-BAE4C911F7F5}.SingleImage|Any CPU.ActiveCfg = Release|Any CPU
		{49D3899B-FD42-42FD-9734-BAE4C911F7F5}.SingleImage|Any CPU.Build.0 = Release|Any CPU
		{49D3899B-FD42-42FD-9734-BAE4C911F7F5}.SingleImage|Mixed Platforms.ActiveCfg = Release|Any CPU
		{49D3899B-FD42-42FD-9734-BAE4C911F7F5}.SingleImage|Mixed Platforms.Build.0 = Release|Any CPU
		{49D3899B-FD42-42FD-9734-BAE4C911F7F5}.SingleImage|Win32.ActiveCfg = Release|Any CPU
		{49D3899B-FD42-42FD-9734-BAE4C911F7F5}.SingleImage|x86.ActiveCfg = Release|Any CPU
		{E26A6F60-8427-4694-B760-C8FF22A2BBF3}.CD_ROM|Any CPU.ActiveCfg = Release|Any CPU
		{E26A6F60-8427-4694-B760-C8FF22A2BBF3}.CD_ROM|Any CPU.Build.0 = Release|Any CPU
		{E26A6F60-8427-4694-B760-C8FF22A2BBF3}.CD_ROM|Mixed Platforms.ActiveCfg = Release|Any CPU
		{E26A6F60-8427-4694-B760-C8FF22A2BBF3}.CD_ROM|Mixed Platforms.Build.0 = Release|Any CPU
		{E26A6F60-8427-4694-B760-C8FF22A2BBF3}.CD_ROM|Win32.ActiveCfg = Release|Any CPU
		{E26A6F60-8427-4694-B760-C8FF22A2BBF3}.CD_ROM|x86.ActiveCfg = Release|Any CPU
		{E26A6F60-8427-4694-B760-C8FF22A2BBF3}.Debug|Any CPU.ActiveCfg = Debug|Any CPU
		{E26A6F60-8427-4694-B760-C8FF22A2BBF3}.Debug|Any CPU.Build.0 = Debug|Any CPU
		{E26A6F60-8427-4694-B760-C8FF22A2BBF3}.Debug|Mixed Platforms.ActiveCfg = Debug|Any CPU
		{E26A6F60-8427-4694-B760-C8FF22A2BBF3}.Debug|Mixed Platforms.Build.0 = Debug|Any CPU
		{E26A6F60-8427-4694-B760-C8FF22A2BBF3}.Debug|Win32.ActiveCfg = Debug|Any CPU
		{E26A6F60-8427-4694-B760-C8FF22A2BBF3}.Debug|x86.ActiveCfg = Debug|Any CPU
		{E26A6F60-8427-4694-B760-C8FF22A2BBF3}.DVD-5|Any CPU.ActiveCfg = Debug|Any CPU
		{E26A6F60-8427-4694-B760-C8FF22A2BBF3}.DVD-5|Any CPU.Build.0 = Debug|Any CPU
		{E26A6F60-8427-4694-B760-C8FF22A2BBF3}.DVD-5|Mixed Platforms.ActiveCfg = Debug|Any CPU
		{E26A6F60-8427-4694-B760-C8FF22A2BBF3}.DVD-5|Mixed Platforms.Build.0 = Debug|Any CPU
		{E26A6F60-8427-4694-B760-C8FF22A2BBF3}.DVD-5|Win32.ActiveCfg = Debug|Any CPU
		{E26A6F60-8427-4694-B760-C8FF22A2BBF3}.DVD-5|x86.ActiveCfg = Debug|Any CPU
		{E26A6F60-8427-4694-B760-C8FF22A2BBF3}.Release|Any CPU.ActiveCfg = Release|Any CPU
		{E26A6F60-8427-4694-B760-C8FF22A2BBF3}.Release|Any CPU.Build.0 = Release|Any CPU
		{E26A6F60-8427-4694-B760-C8FF22A2BBF3}.Release|Mixed Platforms.ActiveCfg = Release|Any CPU
		{E26A6F60-8427-4694-B760-C8FF22A2BBF3}.Release|Mixed Platforms.Build.0 = Release|Any CPU
		{E26A6F60-8427-4694-B760-C8FF22A2BBF3}.Release|Win32.ActiveCfg = Release|Any CPU
		{E26A6F60-8427-4694-B760-C8FF22A2BBF3}.Release|x86.ActiveCfg = Release|Any CPU
		{E26A6F60-8427-4694-B760-C8FF22A2BBF3}.SingleImage|Any CPU.ActiveCfg = Release|Any CPU
		{E26A6F60-8427-4694-B760-C8FF22A2BBF3}.SingleImage|Any CPU.Build.0 = Release|Any CPU
		{E26A6F60-8427-4694-B760-C8FF22A2BBF3}.SingleImage|Mixed Platforms.ActiveCfg = Release|Any CPU
		{E26A6F60-8427-4694-B760-C8FF22A2BBF3}.SingleImage|Mixed Platforms.Build.0 = Release|Any CPU
		{E26A6F60-8427-4694-B760-C8FF22A2BBF3}.SingleImage|Win32.ActiveCfg = Release|Any CPU
		{E26A6F60-8427-4694-B760-C8FF22A2BBF3}.SingleImage|x86.ActiveCfg = Release|Any CPU
		{99D9C445-1DFC-45C4-92FA-5F2F8F4E6DF0}.CD_ROM|Any CPU.ActiveCfg = Release|Any CPU
		{99D9C445-1DFC-45C4-92FA-5F2F8F4E6DF0}.CD_ROM|Any CPU.Build.0 = Release|Any CPU
		{99D9C445-1DFC-45C4-92FA-5F2F8F4E6DF0}.CD_ROM|Mixed Platforms.ActiveCfg = Release|Any CPU
		{99D9C445-1DFC-45C4-92FA-5F2F8F4E6DF0}.CD_ROM|Mixed Platforms.Build.0 = Release|Any CPU
		{99D9C445-1DFC-45C4-92FA-5F2F8F4E6DF0}.CD_ROM|Win32.ActiveCfg = Release|Any CPU
		{99D9C445-1DFC-45C4-92FA-5F2F8F4E6DF0}.CD_ROM|x86.ActiveCfg = Release|Any CPU
		{99D9C445-1DFC-45C4-92FA-5F2F8F4E6DF0}.Debug|Any CPU.ActiveCfg = Debug|Any CPU
		{99D9C445-1DFC-45C4-92FA-5F2F8F4E6DF0}.Debug|Any CPU.Build.0 = Debug|Any CPU
		{99D9C445-1DFC-45C4-92FA-5F2F8F4E6DF0}.Debug|Mixed Platforms.ActiveCfg = Debug|Any CPU
		{99D9C445-1DFC-45C4-92FA-5F2F8F4E6DF0}.Debug|Mixed Platforms.Build.0 = Debug|Any CPU
		{99D9C445-1DFC-45C4-92FA-5F2F8F4E6DF0}.Debug|Win32.ActiveCfg = Debug|Any CPU
		{99D9C445-1DFC-45C4-92FA-5F2F8F4E6DF0}.Debug|x86.ActiveCfg = Debug|Any CPU
		{99D9C445-1DFC-45C4-92FA-5F2F8F4E6DF0}.DVD-5|Any CPU.ActiveCfg = Debug|Any CPU
		{99D9C445-1DFC-45C4-92FA-5F2F8F4E6DF0}.DVD-5|Any CPU.Build.0 = Debug|Any CPU
		{99D9C445-1DFC-45C4-92FA-5F2F8F4E6DF0}.DVD-5|Mixed Platforms.ActiveCfg = Debug|Any CPU
		{99D9C445-1DFC-45C4-92FA-5F2F8F4E6DF0}.DVD-5|Mixed Platforms.Build.0 = Debug|Any CPU
		{99D9C445-1DFC-45C4-92FA-5F2F8F4E6DF0}.DVD-5|Win32.ActiveCfg = Debug|Any CPU
		{99D9C445-1DFC-45C4-92FA-5F2F8F4E6DF0}.DVD-5|x86.ActiveCfg = Debug|Any CPU
		{99D9C445-1DFC-45C4-92FA-5F2F8F4E6DF0}.Release|Any CPU.ActiveCfg = Release|Any CPU
		{99D9C445-1DFC-45C4-92FA-5F2F8F4E6DF0}.Release|Any CPU.Build.0 = Release|Any CPU
		{99D9C445-1DFC-45C4-92FA-5F2F8F4E6DF0}.Release|Mixed Platforms.ActiveCfg = Release|Any CPU
		{99D9C445-1DFC-45C4-92FA-5F2F8F4E6DF0}.Release|Mixed Platforms.Build.0 = Release|Any CPU
		{99D9C445-1DFC-45C4-92FA-5F2F8F4E6DF0}.Release|Win32.ActiveCfg = Release|Any CPU
		{99D9C445-1DFC-45C4-92FA-5F2F8F4E6DF0}.Release|x86.ActiveCfg = Release|Any CPU
		{99D9C445-1DFC-45C4-92FA-5F2F8F4E6DF0}.SingleImage|Any CPU.ActiveCfg = Release|Any CPU
		{99D9C445-1DFC-45C4-92FA-5F2F8F4E6DF0}.SingleImage|Any CPU.Build.0 = Release|Any CPU
		{99D9C445-1DFC-45C4-92FA-5F2F8F4E6DF0}.SingleImage|Mixed Platforms.ActiveCfg = Release|Any CPU
		{99D9C445-1DFC-45C4-92FA-5F2F8F4E6DF0}.SingleImage|Mixed Platforms.Build.0 = Release|Any CPU
		{99D9C445-1DFC-45C4-92FA-5F2F8F4E6DF0}.SingleImage|Win32.ActiveCfg = Release|Any CPU
		{99D9C445-1DFC-45C4-92FA-5F2F8F4E6DF0}.SingleImage|x86.ActiveCfg = Release|Any CPU
		{EF604446-6168-4686-9D43-F3B887D0C513}.CD_ROM|Any CPU.ActiveCfg = Release|Any CPU
		{EF604446-6168-4686-9D43-F3B887D0C513}.CD_ROM|Any CPU.Build.0 = Release|Any CPU
		{EF604446-6168-4686-9D43-F3B887D0C513}.CD_ROM|Mixed Platforms.ActiveCfg = Release|Any CPU
		{EF604446-6168-4686-9D43-F3B887D0C513}.CD_ROM|Mixed Platforms.Build.0 = Release|Any CPU
		{EF604446-6168-4686-9D43-F3B887D0C513}.CD_ROM|Win32.ActiveCfg = Release|Any CPU
		{EF604446-6168-4686-9D43-F3B887D0C513}.CD_ROM|x86.ActiveCfg = Release|Any CPU
		{EF604446-6168-4686-9D43-F3B887D0C513}.Debug|Any CPU.ActiveCfg = Debug|Any CPU
		{EF604446-6168-4686-9D43-F3B887D0C513}.Debug|Any CPU.Build.0 = Debug|Any CPU
		{EF604446-6168-4686-9D43-F3B887D0C513}.Debug|Mixed Platforms.ActiveCfg = Debug|Any CPU
		{EF604446-6168-4686-9D43-F3B887D0C513}.Debug|Mixed Platforms.Build.0 = Debug|Any CPU
		{EF604446-6168-4686-9D43-F3B887D0C513}.Debug|Win32.ActiveCfg = Debug|Any CPU
		{EF604446-6168-4686-9D43-F3B887D0C513}.Debug|x86.ActiveCfg = Debug|Any CPU
		{EF604446-6168-4686-9D43-F3B887D0C513}.DVD-5|Any CPU.ActiveCfg = Debug|Any CPU
		{EF604446-6168-4686-9D43-F3B887D0C513}.DVD-5|Any CPU.Build.0 = Debug|Any CPU
		{EF604446-6168-4686-9D43-F3B887D0C513}.DVD-5|Mixed Platforms.ActiveCfg = Debug|Any CPU
		{EF604446-6168-4686-9D43-F3B887D0C513}.DVD-5|Mixed Platforms.Build.0 = Debug|Any CPU
		{EF604446-6168-4686-9D43-F3B887D0C513}.DVD-5|Win32.ActiveCfg = Debug|Any CPU
		{EF604446-6168-4686-9D43-F3B887D0C513}.DVD-5|x86.ActiveCfg = Debug|Any CPU
		{EF604446-6168-4686-9D43-F3B887D0C513}.Release|Any CPU.ActiveCfg = Release|Any CPU
		{EF604446-6168-4686-9D43-F3B887D0C513}.Release|Any CPU.Build.0 = Release|Any CPU
		{EF604446-6168-4686-9D43-F3B887D0C513}.Release|Mixed Platforms.ActiveCfg = Release|Any CPU
		{EF604446-6168-4686-9D43-F3B887D0C513}.Release|Mixed Platforms.Build.0 = Release|Any CPU
		{EF604446-6168-4686-9D43-F3B887D0C513}.Release|Win32.ActiveCfg = Release|Any CPU
		{EF604446-6168-4686-9D43-F3B887D0C513}.Release|x86.ActiveCfg = Release|Any CPU
		{EF604446-6168-4686-9D43-F3B887D0C513}.SingleImage|Any CPU.ActiveCfg = Release|Any CPU
		{EF604446-6168-4686-9D43-F3B887D0C513}.SingleImage|Any CPU.Build.0 = Release|Any CPU
		{EF604446-6168-4686-9D43-F3B887D0C513}.SingleImage|Mixed Platforms.ActiveCfg = Release|Any CPU
		{EF604446-6168-4686-9D43-F3B887D0C513}.SingleImage|Mixed Platforms.Build.0 = Release|Any CPU
		{EF604446-6168-4686-9D43-F3B887D0C513}.SingleImage|Win32.ActiveCfg = Release|Any CPU
		{EF604446-6168-4686-9D43-F3B887D0C513}.SingleImage|x86.ActiveCfg = Release|Any CPU
		{F806BF30-72B9-41EE-8A62-93100A9D30BB}.CD_ROM|Any CPU.ActiveCfg = Release|Any CPU
		{F806BF30-72B9-41EE-8A62-93100A9D30BB}.CD_ROM|Any CPU.Build.0 = Release|Any CPU
		{F806BF30-72B9-41EE-8A62-93100A9D30BB}.CD_ROM|Mixed Platforms.ActiveCfg = Release|Any CPU
		{F806BF30-72B9-41EE-8A62-93100A9D30BB}.CD_ROM|Mixed Platforms.Build.0 = Release|Any CPU
		{F806BF30-72B9-41EE-8A62-93100A9D30BB}.CD_ROM|Win32.ActiveCfg = Release|Any CPU
		{F806BF30-72B9-41EE-8A62-93100A9D30BB}.CD_ROM|x86.ActiveCfg = Release|Any CPU
		{F806BF30-72B9-41EE-8A62-93100A9D30BB}.Debug|Any CPU.ActiveCfg = Debug|Any CPU
		{F806BF30-72B9-41EE-8A62-93100A9D30BB}.Debug|Any CPU.Build.0 = Debug|Any CPU
		{F806BF30-72B9-41EE-8A62-93100A9D30BB}.Debug|Mixed Platforms.ActiveCfg = Debug|Any CPU
		{F806BF30-72B9-41EE-8A62-93100A9D30BB}.Debug|Mixed Platforms.Build.0 = Debug|Any CPU
		{F806BF30-72B9-41EE-8A62-93100A9D30BB}.Debug|Win32.ActiveCfg = Debug|Any CPU
		{F806BF30-72B9-41EE-8A62-93100A9D30BB}.Debug|x86.ActiveCfg = Debug|Any CPU
		{F806BF30-72B9-41EE-8A62-93100A9D30BB}.DVD-5|Any CPU.ActiveCfg = Debug|Any CPU
		{F806BF30-72B9-41EE-8A62-93100A9D30BB}.DVD-5|Any CPU.Build.0 = Debug|Any CPU
		{F806BF30-72B9-41EE-8A62-93100A9D30BB}.DVD-5|Mixed Platforms.ActiveCfg = Debug|Any CPU
		{F806BF30-72B9-41EE-8A62-93100A9D30BB}.DVD-5|Mixed Platforms.Build.0 = Debug|Any CPU
		{F806BF30-72B9-41EE-8A62-93100A9D30BB}.DVD-5|Win32.ActiveCfg = Debug|Any CPU
		{F806BF30-72B9-41EE-8A62-93100A9D30BB}.DVD-5|x86.ActiveCfg = Debug|Any CPU
		{F806BF30-72B9-41EE-8A62-93100A9D30BB}.Release|Any CPU.ActiveCfg = Release|Any CPU
		{F806BF30-72B9-41EE-8A62-93100A9D30BB}.Release|Any CPU.Build.0 = Release|Any CPU
		{F806BF30-72B9-41EE-8A62-93100A9D30BB}.Release|Mixed Platforms.ActiveCfg = Release|Any CPU
		{F806BF30-72B9-41EE-8A62-93100A9D30BB}.Release|Mixed Platforms.Build.0 = Release|Any CPU
		{F806BF30-72B9-41EE-8A62-93100A9D30BB}.Release|Win32.ActiveCfg = Release|Any CPU
		{F806BF30-72B9-41EE-8A62-93100A9D30BB}.Release|x86.ActiveCfg = Release|Any CPU
		{F806BF30-72B9-41EE-8A62-93100A9D30BB}.SingleImage|Any CPU.ActiveCfg = Release|Any CPU
		{F806BF30-72B9-41EE-8A62-93100A9D30BB}.SingleImage|Any CPU.Build.0 = Release|Any CPU
		{F806BF30-72B9-41EE-8A62-93100A9D30BB}.SingleImage|Mixed Platforms.ActiveCfg = Release|Any CPU
		{F806BF30-72B9-41EE-8A62-93100A9D30BB}.SingleImage|Mixed Platforms.Build.0 = Release|Any CPU
		{F806BF30-72B9-41EE-8A62-93100A9D30BB}.SingleImage|Win32.ActiveCfg = Release|Any CPU
		{F806BF30-72B9-41EE-8A62-93100A9D30BB}.SingleImage|x86.ActiveCfg = Release|Any CPU
		{1B981163-21AC-4F46-8927-CF2641F54FA5}.CD_ROM|Any CPU.ActiveCfg = Release|Any CPU
		{1B981163-21AC-4F46-8927-CF2641F54FA5}.CD_ROM|Any CPU.Build.0 = Release|Any CPU
		{1B981163-21AC-4F46-8927-CF2641F54FA5}.CD_ROM|Mixed Platforms.ActiveCfg = Release|Any CPU
		{1B981163-21AC-4F46-8927-CF2641F54FA5}.CD_ROM|Mixed Platforms.Build.0 = Release|Any CPU
		{1B981163-21AC-4F46-8927-CF2641F54FA5}.CD_ROM|Win32.ActiveCfg = Release|Any CPU
		{1B981163-21AC-4F46-8927-CF2641F54FA5}.CD_ROM|x86.ActiveCfg = Release|Any CPU
		{1B981163-21AC-4F46-8927-CF2641F54FA5}.Debug|Any CPU.ActiveCfg = Debug|Any CPU
		{1B981163-21AC-4F46-8927-CF2641F54FA5}.Debug|Any CPU.Build.0 = Debug|Any CPU
		{1B981163-21AC-4F46-8927-CF2641F54FA5}.Debug|Mixed Platforms.ActiveCfg = Debug|Any CPU
		{1B981163-21AC-4F46-8927-CF2641F54FA5}.Debug|Mixed Platforms.Build.0 = Debug|Any CPU
		{1B981163-21AC-4F46-8927-CF2641F54FA5}.Debug|Win32.ActiveCfg = Debug|Any CPU
		{1B981163-21AC-4F46-8927-CF2641F54FA5}.Debug|x86.ActiveCfg = Debug|Any CPU
		{1B981163-21AC-4F46-8927-CF2641F54FA5}.DVD-5|Any CPU.ActiveCfg = Debug|Any CPU
		{1B981163-21AC-4F46-8927-CF2641F54FA5}.DVD-5|Any CPU.Build.0 = Debug|Any CPU
		{1B981163-21AC-4F46-8927-CF2641F54FA5}.DVD-5|Mixed Platforms.ActiveCfg = Debug|Any CPU
		{1B981163-21AC-4F46-8927-CF2641F54FA5}.DVD-5|Mixed Platforms.Build.0 = Debug|Any CPU
		{1B981163-21AC-4F46-8927-CF2641F54FA5}.DVD-5|Win32.ActiveCfg = Debug|Any CPU
		{1B981163-21AC-4F46-8927-CF2641F54FA5}.DVD-5|x86.ActiveCfg = Debug|Any CPU
		{1B981163-21AC-4F46-8927-CF2641F54FA5}.Release|Any CPU.ActiveCfg = Release|Any CPU
		{1B981163-21AC-4F46-8927-CF2641F54FA5}.Release|Any CPU.Build.0 = Release|Any CPU
		{1B981163-21AC-4F46-8927-CF2641F54FA5}.Release|Mixed Platforms.ActiveCfg = Release|Any CPU
		{1B981163-21AC-4F46-8927-CF2641F54FA5}.Release|Mixed Platforms.Build.0 = Release|Any CPU
		{1B981163-21AC-4F46-8927-CF2641F54FA5}.Release|Win32.ActiveCfg = Release|Any CPU
		{1B981163-21AC-4F46-8927-CF2641F54FA5}.Release|x86.ActiveCfg = Release|Any CPU
		{1B981163-21AC-4F46-8927-CF2641F54FA5}.SingleImage|Any CPU.ActiveCfg = Release|Any CPU
		{1B981163-21AC-4F46-8927-CF2641F54FA5}.SingleImage|Any CPU.Build.0 = Release|Any CPU
		{1B981163-21AC-4F46-8927-CF2641F54FA5}.SingleImage|Mixed Platforms.ActiveCfg = Release|Any CPU
		{1B981163-21AC-4F46-8927-CF2641F54FA5}.SingleImage|Mixed Platforms.Build.0 = Release|Any CPU
		{1B981163-21AC-4F46-8927-CF2641F54FA5}.SingleImage|Win32.ActiveCfg = Release|Any CPU
		{1B981163-21AC-4F46-8927-CF2641F54FA5}.SingleImage|x86.ActiveCfg = Release|Any CPU
		{6310659A-9539-4660-910A-DA60B53CC5A0}.CD_ROM|Any CPU.ActiveCfg = Release|Any CPU
		{6310659A-9539-4660-910A-DA60B53CC5A0}.CD_ROM|Any CPU.Build.0 = Release|Any CPU
		{6310659A-9539-4660-910A-DA60B53CC5A0}.CD_ROM|Mixed Platforms.ActiveCfg = Release|Any CPU
		{6310659A-9539-4660-910A-DA60B53CC5A0}.CD_ROM|Mixed Platforms.Build.0 = Release|Any CPU
		{6310659A-9539-4660-910A-DA60B53CC5A0}.CD_ROM|Win32.ActiveCfg = Release|Any CPU
		{6310659A-9539-4660-910A-DA60B53CC5A0}.CD_ROM|x86.ActiveCfg = Release|Any CPU
		{6310659A-9539-4660-910A-DA60B53CC5A0}.Debug|Any CPU.ActiveCfg = Debug|Any CPU
		{6310659A-9539-4660-910A-DA60B53CC5A0}.Debug|Any CPU.Build.0 = Debug|Any CPU
		{6310659A-9539-4660-910A-DA60B53CC5A0}.Debug|Mixed Platforms.ActiveCfg = Debug|Any CPU
		{6310659A-9539-4660-910A-DA60B53CC5A0}.Debug|Mixed Platforms.Build.0 = Debug|Any CPU
		{6310659A-9539-4660-910A-DA60B53CC5A0}.Debug|Win32.ActiveCfg = Debug|Any CPU
		{6310659A-9539-4660-910A-DA60B53CC5A0}.Debug|x86.ActiveCfg = Debug|Any CPU
		{6310659A-9539-4660-910A-DA60B53CC5A0}.DVD-5|Any CPU.ActiveCfg = Debug|Any CPU
		{6310659A-9539-4660-910A-DA60B53CC5A0}.DVD-5|Any CPU.Build.0 = Debug|Any CPU
		{6310659A-9539-4660-910A-DA60B53CC5A0}.DVD-5|Mixed Platforms.ActiveCfg = Debug|Any CPU
		{6310659A-9539-4660-910A-DA60B53CC5A0}.DVD-5|Mixed Platforms.Build.0 = Debug|Any CPU
		{6310659A-9539-4660-910A-DA60B53CC5A0}.DVD-5|Win32.ActiveCfg = Debug|Any CPU
		{6310659A-9539-4660-910A-DA60B53CC5A0}.DVD-5|x86.ActiveCfg = Debug|Any CPU
		{6310659A-9539-4660-910A-DA60B53CC5A0}.Release|Any CPU.ActiveCfg = Release|Any CPU
		{6310659A-9539-4660-910A-DA60B53CC5A0}.Release|Any CPU.Build.0 = Release|Any CPU
		{6310659A-9539-4660-910A-DA60B53CC5A0}.Release|Mixed Platforms.ActiveCfg = Release|Any CPU
		{6310659A-9539-4660-910A-DA60B53CC5A0}.Release|Mixed Platforms.Build.0 = Release|Any CPU
		{6310659A-9539-4660-910A-DA60B53CC5A0}.Release|Win32.ActiveCfg = Release|Any CPU
		{6310659A-9539-4660-910A-DA60B53CC5A0}.Release|x86.ActiveCfg = Release|Any CPU
		{6310659A-9539-4660-910A-DA60B53CC5A0}.SingleImage|Any CPU.ActiveCfg = Release|Any CPU
		{6310659A-9539-4660-910A-DA60B53CC5A0}.SingleImage|Any CPU.Build.0 = Release|Any CPU
		{6310659A-9539-4660-910A-DA60B53CC5A0}.SingleImage|Mixed Platforms.ActiveCfg = Release|Any CPU
		{6310659A-9539-4660-910A-DA60B53CC5A0}.SingleImage|Mixed Platforms.Build.0 = Release|Any CPU
		{6310659A-9539-4660-910A-DA60B53CC5A0}.SingleImage|Win32.ActiveCfg = Release|Any CPU
		{6310659A-9539-4660-910A-DA60B53CC5A0}.SingleImage|x86.ActiveCfg = Release|Any CPU
		{AAD11904-AFD7-4D6A-BE28-A7589E9177B8}.CD_ROM|Any CPU.ActiveCfg = Release|Any CPU
		{AAD11904-AFD7-4D6A-BE28-A7589E9177B8}.CD_ROM|Any CPU.Build.0 = Release|Any CPU
		{AAD11904-AFD7-4D6A-BE28-A7589E9177B8}.CD_ROM|Mixed Platforms.ActiveCfg = Release|Any CPU
		{AAD11904-AFD7-4D6A-BE28-A7589E9177B8}.CD_ROM|Mixed Platforms.Build.0 = Release|Any CPU
		{AAD11904-AFD7-4D6A-BE28-A7589E9177B8}.CD_ROM|Win32.ActiveCfg = Release|Any CPU
		{AAD11904-AFD7-4D6A-BE28-A7589E9177B8}.CD_ROM|x86.ActiveCfg = Release|Any CPU
		{AAD11904-AFD7-4D6A-BE28-A7589E9177B8}.Debug|Any CPU.ActiveCfg = Debug|Any CPU
		{AAD11904-AFD7-4D6A-BE28-A7589E9177B8}.Debug|Any CPU.Build.0 = Debug|Any CPU
		{AAD11904-AFD7-4D6A-BE28-A7589E9177B8}.Debug|Mixed Platforms.ActiveCfg = Debug|Any CPU
		{AAD11904-AFD7-4D6A-BE28-A7589E9177B8}.Debug|Mixed Platforms.Build.0 = Debug|Any CPU
		{AAD11904-AFD7-4D6A-BE28-A7589E9177B8}.Debug|Win32.ActiveCfg = Debug|Any CPU
		{AAD11904-AFD7-4D6A-BE28-A7589E9177B8}.Debug|x86.ActiveCfg = Debug|Any CPU
		{AAD11904-AFD7-4D6A-BE28-A7589E9177B8}.DVD-5|Any CPU.ActiveCfg = Debug|Any CPU
		{AAD11904-AFD7-4D6A-BE28-A7589E9177B8}.DVD-5|Any CPU.Build.0 = Debug|Any CPU
		{AAD11904-AFD7-4D6A-BE28-A7589E9177B8}.DVD-5|Mixed Platforms.ActiveCfg = Debug|Any CPU
		{AAD11904-AFD7-4D6A-BE28-A7589E9177B8}.DVD-5|Mixed Platforms.Build.0 = Debug|Any CPU
		{AAD11904-AFD7-4D6A-BE28-A7589E9177B8}.DVD-5|Win32.ActiveCfg = Debug|Any CPU
		{AAD11904-AFD7-4D6A-BE28-A7589E9177B8}.DVD-5|x86.ActiveCfg = Debug|Any CPU
		{AAD11904-AFD7-4D6A-BE28-A7589E9177B8}.Release|Any CPU.ActiveCfg = Release|Any CPU
		{AAD11904-AFD7-4D6A-BE28-A7589E9177B8}.Release|Any CPU.Build.0 = Release|Any CPU
		{AAD11904-AFD7-4D6A-BE28-A7589E9177B8}.Release|Mixed Platforms.ActiveCfg = Release|Any CPU
		{AAD11904-AFD7-4D6A-BE28-A7589E9177B8}.Release|Mixed Platforms.Build.0 = Release|Any CPU
		{AAD11904-AFD7-4D6A-BE28-A7589E9177B8}.Release|Win32.ActiveCfg = Release|Any CPU
		{AAD11904-AFD7-4D6A-BE28-A7589E9177B8}.Release|x86.ActiveCfg = Release|Any CPU
		{AAD11904-AFD7-4D6A-BE28-A7589E9177B8}.SingleImage|Any CPU.ActiveCfg = Release|Any CPU
		{AAD11904-AFD7-4D6A-BE28-A7589E9177B8}.SingleImage|Any CPU.Build.0 = Release|Any CPU
		{AAD11904-AFD7-4D6A-BE28-A7589E9177B8}.SingleImage|Mixed Platforms.ActiveCfg = Release|Any CPU
		{AAD11904-AFD7-4D6A-BE28-A7589E9177B8}.SingleImage|Mixed Platforms.Build.0 = Release|Any CPU
		{AAD11904-AFD7-4D6A-BE28-A7589E9177B8}.SingleImage|Win32.ActiveCfg = Release|Any CPU
		{AAD11904-AFD7-4D6A-BE28-A7589E9177B8}.SingleImage|x86.ActiveCfg = Release|Any CPU
		{80B4EE32-6E5B-44CC-AF7A-EE3DC3F56858}.CD_ROM|Any CPU.ActiveCfg = Release|Any CPU
		{80B4EE32-6E5B-44CC-AF7A-EE3DC3F56858}.CD_ROM|Any CPU.Build.0 = Release|Any CPU
		{80B4EE32-6E5B-44CC-AF7A-EE3DC3F56858}.CD_ROM|Mixed Platforms.ActiveCfg = Release|Any CPU
		{80B4EE32-6E5B-44CC-AF7A-EE3DC3F56858}.CD_ROM|Mixed Platforms.Build.0 = Release|Any CPU
		{80B4EE32-6E5B-44CC-AF7A-EE3DC3F56858}.CD_ROM|Win32.ActiveCfg = Release|Any CPU
		{80B4EE32-6E5B-44CC-AF7A-EE3DC3F56858}.CD_ROM|x86.ActiveCfg = Release|Any CPU
		{80B4EE32-6E5B-44CC-AF7A-EE3DC3F56858}.Debug|Any CPU.ActiveCfg = Debug|Any CPU
		{80B4EE32-6E5B-44CC-AF7A-EE3DC3F56858}.Debug|Any CPU.Build.0 = Debug|Any CPU
		{80B4EE32-6E5B-44CC-AF7A-EE3DC3F56858}.Debug|Mixed Platforms.ActiveCfg = Debug|Any CPU
		{80B4EE32-6E5B-44CC-AF7A-EE3DC3F56858}.Debug|Mixed Platforms.Build.0 = Debug|Any CPU
		{80B4EE32-6E5B-44CC-AF7A-EE3DC3F56858}.Debug|Win32.ActiveCfg = Debug|Any CPU
		{80B4EE32-6E5B-44CC-AF7A-EE3DC3F56858}.Debug|x86.ActiveCfg = Debug|Any CPU
		{80B4EE32-6E5B-44CC-AF7A-EE3DC3F56858}.DVD-5|Any CPU.ActiveCfg = Debug|Any CPU
		{80B4EE32-6E5B-44CC-AF7A-EE3DC3F56858}.DVD-5|Any CPU.Build.0 = Debug|Any CPU
		{80B4EE32-6E5B-44CC-AF7A-EE3DC3F56858}.DVD-5|Mixed Platforms.ActiveCfg = Debug|Any CPU
		{80B4EE32-6E5B-44CC-AF7A-EE3DC3F56858}.DVD-5|Mixed Platforms.Build.0 = Debug|Any CPU
		{80B4EE32-6E5B-44CC-AF7A-EE3DC3F56858}.DVD-5|Win32.ActiveCfg = Debug|Any CPU
		{80B4EE32-6E5B-44CC-AF7A-EE3DC3F56858}.DVD-5|x86.ActiveCfg = Debug|Any CPU
		{80B4EE32-6E5B-44CC-AF7A-EE3DC3F56858}.Release|Any CPU.ActiveCfg = Release|Any CPU
		{80B4EE32-6E5B-44CC-AF7A-EE3DC3F56858}.Release|Any CPU.Build.0 = Release|Any CPU
		{80B4EE32-6E5B-44CC-AF7A-EE3DC3F56858}.Release|Mixed Platforms.ActiveCfg = Release|Any CPU
		{80B4EE32-6E5B-44CC-AF7A-EE3DC3F56858}.Release|Mixed Platforms.Build.0 = Release|Any CPU
		{80B4EE32-6E5B-44CC-AF7A-EE3DC3F56858}.Release|Win32.ActiveCfg = Release|Any CPU
		{80B4EE32-6E5B-44CC-AF7A-EE3DC3F56858}.Release|x86.ActiveCfg = Release|Any CPU
		{80B4EE32-6E5B-44CC-AF7A-EE3DC3F56858}.SingleImage|Any CPU.ActiveCfg = Release|Any CPU
		{80B4EE32-6E5B-44CC-AF7A-EE3DC3F56858}.SingleImage|Any CPU.Build.0 = Release|Any CPU
		{80B4EE32-6E5B-44CC-AF7A-EE3DC3F56858}.SingleImage|Mixed Platforms.ActiveCfg = Release|Any CPU
		{80B4EE32-6E5B-44CC-AF7A-EE3DC3F56858}.SingleImage|Mixed Platforms.Build.0 = Release|Any CPU
		{80B4EE32-6E5B-44CC-AF7A-EE3DC3F56858}.SingleImage|Win32.ActiveCfg = Release|Any CPU
		{80B4EE32-6E5B-44CC-AF7A-EE3DC3F56858}.SingleImage|x86.ActiveCfg = Release|Any CPU
		{158E22FC-9AB4-4FB6-8A1A-AD8DE18BC222}.CD_ROM|Any CPU.ActiveCfg = Release|Any CPU
		{158E22FC-9AB4-4FB6-8A1A-AD8DE18BC222}.CD_ROM|Any CPU.Build.0 = Release|Any CPU
		{158E22FC-9AB4-4FB6-8A1A-AD8DE18BC222}.CD_ROM|Mixed Platforms.ActiveCfg = Release|Any CPU
		{158E22FC-9AB4-4FB6-8A1A-AD8DE18BC222}.CD_ROM|Mixed Platforms.Build.0 = Release|Any CPU
		{158E22FC-9AB4-4FB6-8A1A-AD8DE18BC222}.CD_ROM|Win32.ActiveCfg = Release|Any CPU
		{158E22FC-9AB4-4FB6-8A1A-AD8DE18BC222}.CD_ROM|x86.ActiveCfg = Release|Any CPU
		{158E22FC-9AB4-4FB6-8A1A-AD8DE18BC222}.Debug|Any CPU.ActiveCfg = Debug|Any CPU
		{158E22FC-9AB4-4FB6-8A1A-AD8DE18BC222}.Debug|Any CPU.Build.0 = Debug|Any CPU
		{158E22FC-9AB4-4FB6-8A1A-AD8DE18BC222}.Debug|Mixed Platforms.ActiveCfg = Debug|Any CPU
		{158E22FC-9AB4-4FB6-8A1A-AD8DE18BC222}.Debug|Mixed Platforms.Build.0 = Debug|Any CPU
		{158E22FC-9AB4-4FB6-8A1A-AD8DE18BC222}.Debug|Win32.ActiveCfg = Debug|Any CPU
		{158E22FC-9AB4-4FB6-8A1A-AD8DE18BC222}.Debug|x86.ActiveCfg = Debug|Any CPU
		{158E22FC-9AB4-4FB6-8A1A-AD8DE18BC222}.DVD-5|Any CPU.ActiveCfg = Debug|Any CPU
		{158E22FC-9AB4-4FB6-8A1A-AD8DE18BC222}.DVD-5|Any CPU.Build.0 = Debug|Any CPU
		{158E22FC-9AB4-4FB6-8A1A-AD8DE18BC222}.DVD-5|Mixed Platforms.ActiveCfg = Debug|Any CPU
		{158E22FC-9AB4-4FB6-8A1A-AD8DE18BC222}.DVD-5|Mixed Platforms.Build.0 = Debug|Any CPU
		{158E22FC-9AB4-4FB6-8A1A-AD8DE18BC222}.DVD-5|Win32.ActiveCfg = Debug|Any CPU
		{158E22FC-9AB4-4FB6-8A1A-AD8DE18BC222}.DVD-5|x86.ActiveCfg = Debug|Any CPU
		{158E22FC-9AB4-4FB6-8A1A-AD8DE18BC222}.Release|Any CPU.ActiveCfg = Release|Any CPU
		{158E22FC-9AB4-4FB6-8A1A-AD8DE18BC222}.Release|Any CPU.Build.0 = Release|Any CPU
		{158E22FC-9AB4-4FB6-8A1A-AD8DE18BC222}.Release|Mixed Platforms.ActiveCfg = Release|Any CPU
		{158E22FC-9AB4-4FB6-8A1A-AD8DE18BC222}.Release|Mixed Platforms.Build.0 = Release|Any CPU
		{158E22FC-9AB4-4FB6-8A1A-AD8DE18BC222}.Release|Win32.ActiveCfg = Release|Any CPU
		{158E22FC-9AB4-4FB6-8A1A-AD8DE18BC222}.Release|x86.ActiveCfg = Release|Any CPU
		{158E22FC-9AB4-4FB6-8A1A-AD8DE18BC222}.SingleImage|Any CPU.ActiveCfg = Release|Any CPU
		{158E22FC-9AB4-4FB6-8A1A-AD8DE18BC222}.SingleImage|Any CPU.Build.0 = Release|Any CPU
		{158E22FC-9AB4-4FB6-8A1A-AD8DE18BC222}.SingleImage|Mixed Platforms.ActiveCfg = Release|Any CPU
		{158E22FC-9AB4-4FB6-8A1A-AD8DE18BC222}.SingleImage|Mixed Platforms.Build.0 = Release|Any CPU
		{158E22FC-9AB4-4FB6-8A1A-AD8DE18BC222}.SingleImage|Win32.ActiveCfg = Release|Any CPU
		{158E22FC-9AB4-4FB6-8A1A-AD8DE18BC222}.SingleImage|x86.ActiveCfg = Release|Any CPU
		{B91BB517-E433-4091-9C96-3386CA975C5A}.CD_ROM|Any CPU.ActiveCfg = Release|Any CPU
		{B91BB517-E433-4091-9C96-3386CA975C5A}.CD_ROM|Any CPU.Build.0 = Release|Any CPU
		{B91BB517-E433-4091-9C96-3386CA975C5A}.CD_ROM|Mixed Platforms.ActiveCfg = Release|Any CPU
		{B91BB517-E433-4091-9C96-3386CA975C5A}.CD_ROM|Mixed Platforms.Build.0 = Release|Any CPU
		{B91BB517-E433-4091-9C96-3386CA975C5A}.CD_ROM|Win32.ActiveCfg = Release|Any CPU
		{B91BB517-E433-4091-9C96-3386CA975C5A}.CD_ROM|x86.ActiveCfg = Release|Any CPU
		{B91BB517-E433-4091-9C96-3386CA975C5A}.Debug|Any CPU.ActiveCfg = Debug|Any CPU
		{B91BB517-E433-4091-9C96-3386CA975C5A}.Debug|Any CPU.Build.0 = Debug|Any CPU
		{B91BB517-E433-4091-9C96-3386CA975C5A}.Debug|Mixed Platforms.ActiveCfg = Debug|Any CPU
		{B91BB517-E433-4091-9C96-3386CA975C5A}.Debug|Mixed Platforms.Build.0 = Debug|Any CPU
		{B91BB517-E433-4091-9C96-3386CA975C5A}.Debug|Win32.ActiveCfg = Debug|Any CPU
		{B91BB517-E433-4091-9C96-3386CA975C5A}.Debug|x86.ActiveCfg = Debug|Any CPU
		{B91BB517-E433-4091-9C96-3386CA975C5A}.DVD-5|Any CPU.ActiveCfg = Debug|Any CPU
		{B91BB517-E433-4091-9C96-3386CA975C5A}.DVD-5|Any CPU.Build.0 = Debug|Any CPU
		{B91BB517-E433-4091-9C96-3386CA975C5A}.DVD-5|Mixed Platforms.ActiveCfg = Debug|Any CPU
		{B91BB517-E433-4091-9C96-3386CA975C5A}.DVD-5|Mixed Platforms.Build.0 = Debug|Any CPU
		{B91BB517-E433-4091-9C96-3386CA975C5A}.DVD-5|Win32.ActiveCfg = Debug|Any CPU
		{B91BB517-E433-4091-9C96-3386CA975C5A}.DVD-5|x86.ActiveCfg = Debug|Any CPU
		{B91BB517-E433-4091-9C96-3386CA975C5A}.Release|Any CPU.ActiveCfg = Release|Any CPU
		{B91BB517-E433-4091-9C96-3386CA975C5A}.Release|Any CPU.Build.0 = Release|Any CPU
		{B91BB517-E433-4091-9C96-3386CA975C5A}.Release|Mixed Platforms.ActiveCfg = Release|Any CPU
		{B91BB517-E433-4091-9C96-3386CA975C5A}.Release|Mixed Platforms.Build.0 = Release|Any CPU
		{B91BB517-E433-4091-9C96-3386CA975C5A}.Release|Win32.ActiveCfg = Release|Any CPU
		{B91BB517-E433-4091-9C96-3386CA975C5A}.Release|x86.ActiveCfg = Release|Any CPU
		{B91BB517-E433-4091-9C96-3386CA975C5A}.SingleImage|Any CPU.ActiveCfg = Release|Any CPU
		{B91BB517-E433-4091-9C96-3386CA975C5A}.SingleImage|Any CPU.Build.0 = Release|Any CPU
		{B91BB517-E433-4091-9C96-3386CA975C5A}.SingleImage|Mixed Platforms.ActiveCfg = Release|Any CPU
		{B91BB517-E433-4091-9C96-3386CA975C5A}.SingleImage|Mixed Platforms.Build.0 = Release|Any CPU
		{B91BB517-E433-4091-9C96-3386CA975C5A}.SingleImage|Win32.ActiveCfg = Release|Any CPU
		{B91BB517-E433-4091-9C96-3386CA975C5A}.SingleImage|x86.ActiveCfg = Release|Any CPU
		{1218F5C5-1D95-456E-B819-7ABDA961C866}.CD_ROM|Any CPU.ActiveCfg = Release|Any CPU
		{1218F5C5-1D95-456E-B819-7ABDA961C866}.CD_ROM|Any CPU.Build.0 = Release|Any CPU
		{1218F5C5-1D95-456E-B819-7ABDA961C866}.CD_ROM|Mixed Platforms.ActiveCfg = Release|Any CPU
		{1218F5C5-1D95-456E-B819-7ABDA961C866}.CD_ROM|Mixed Platforms.Build.0 = Release|Any CPU
		{1218F5C5-1D95-456E-B819-7ABDA961C866}.CD_ROM|Win32.ActiveCfg = Release|Any CPU
		{1218F5C5-1D95-456E-B819-7ABDA961C866}.CD_ROM|x86.ActiveCfg = Release|Any CPU
		{1218F5C5-1D95-456E-B819-7ABDA961C866}.Debug|Any CPU.ActiveCfg = Debug|Any CPU
		{1218F5C5-1D95-456E-B819-7ABDA961C866}.Debug|Any CPU.Build.0 = Debug|Any CPU
		{1218F5C5-1D95-456E-B819-7ABDA961C866}.Debug|Mixed Platforms.ActiveCfg = Debug|Any CPU
		{1218F5C5-1D95-456E-B819-7ABDA961C866}.Debug|Mixed Platforms.Build.0 = Debug|Any CPU
		{1218F5C5-1D95-456E-B819-7ABDA961C866}.Debug|Win32.ActiveCfg = Debug|Any CPU
		{1218F5C5-1D95-456E-B819-7ABDA961C866}.Debug|x86.ActiveCfg = Debug|Any CPU
		{1218F5C5-1D95-456E-B819-7ABDA961C866}.DVD-5|Any CPU.ActiveCfg = Debug|Any CPU
		{1218F5C5-1D95-456E-B819-7ABDA961C866}.DVD-5|Any CPU.Build.0 = Debug|Any CPU
		{1218F5C5-1D95-456E-B819-7ABDA961C866}.DVD-5|Mixed Platforms.ActiveCfg = Debug|Any CPU
		{1218F5C5-1D95-456E-B819-7ABDA961C866}.DVD-5|Mixed Platforms.Build.0 = Debug|Any CPU
		{1218F5C5-1D95-456E-B819-7ABDA961C866}.DVD-5|Win32.ActiveCfg = Debug|Any CPU
		{1218F5C5-1D95-456E-B819-7ABDA961C866}.DVD-5|x86.ActiveCfg = Debug|Any CPU
		{1218F5C5-1D95-456E-B819-7ABDA961C866}.Release|Any CPU.ActiveCfg = Release|Any CPU
		{1218F5C5-1D95-456E-B819-7ABDA961C866}.Release|Any CPU.Build.0 = Release|Any CPU
		{1218F5C5-1D95-456E-B819-7ABDA961C866}.Release|Mixed Platforms.ActiveCfg = Release|Any CPU
		{1218F5C5-1D95-456E-B819-7ABDA961C866}.Release|Mixed Platforms.Build.0 = Release|Any CPU
		{1218F5C5-1D95-456E-B819-7ABDA961C866}.Release|Win32.ActiveCfg = Release|Any CPU
		{1218F5C5-1D95-456E-B819-7ABDA961C866}.Release|x86.ActiveCfg = Release|Any CPU
		{1218F5C5-1D95-456E-B819-7ABDA961C866}.SingleImage|Any CPU.ActiveCfg = Release|Any CPU
		{1218F5C5-1D95-456E-B819-7ABDA961C866}.SingleImage|Any CPU.Build.0 = Release|Any CPU
		{1218F5C5-1D95-456E-B819-7ABDA961C866}.SingleImage|Mixed Platforms.ActiveCfg = Release|Any CPU
		{1218F5C5-1D95-456E-B819-7ABDA961C866}.SingleImage|Mixed Platforms.Build.0 = Release|Any CPU
		{1218F5C5-1D95-456E-B819-7ABDA961C866}.SingleImage|Win32.ActiveCfg = Release|Any CPU
		{1218F5C5-1D95-456E-B819-7ABDA961C866}.SingleImage|x86.ActiveCfg = Release|Any CPU
		{9C095CF4-79D1-4B22-B793-EA85CE6CE595}.CD_ROM|Any CPU.ActiveCfg = Release|Any CPU
		{9C095CF4-79D1-4B22-B793-EA85CE6CE595}.CD_ROM|Any CPU.Build.0 = Release|Any CPU
		{9C095CF4-79D1-4B22-B793-EA85CE6CE595}.CD_ROM|Mixed Platforms.ActiveCfg = Release|Any CPU
		{9C095CF4-79D1-4B22-B793-EA85CE6CE595}.CD_ROM|Mixed Platforms.Build.0 = Release|Any CPU
		{9C095CF4-79D1-4B22-B793-EA85CE6CE595}.CD_ROM|Win32.ActiveCfg = Release|Any CPU
		{9C095CF4-79D1-4B22-B793-EA85CE6CE595}.CD_ROM|x86.ActiveCfg = Release|Any CPU
		{9C095CF4-79D1-4B22-B793-EA85CE6CE595}.Debug|Any CPU.ActiveCfg = Debug|Any CPU
		{9C095CF4-79D1-4B22-B793-EA85CE6CE595}.Debug|Any CPU.Build.0 = Debug|Any CPU
		{9C095CF4-79D1-4B22-B793-EA85CE6CE595}.Debug|Mixed Platforms.ActiveCfg = Debug|Any CPU
		{9C095CF4-79D1-4B22-B793-EA85CE6CE595}.Debug|Mixed Platforms.Build.0 = Debug|Any CPU
		{9C095CF4-79D1-4B22-B793-EA85CE6CE595}.Debug|Win32.ActiveCfg = Debug|Any CPU
		{9C095CF4-79D1-4B22-B793-EA85CE6CE595}.Debug|x86.ActiveCfg = Debug|Any CPU
		{9C095CF4-79D1-4B22-B793-EA85CE6CE595}.DVD-5|Any CPU.ActiveCfg = Debug|Any CPU
		{9C095CF4-79D1-4B22-B793-EA85CE6CE595}.DVD-5|Any CPU.Build.0 = Debug|Any CPU
		{9C095CF4-79D1-4B22-B793-EA85CE6CE595}.DVD-5|Mixed Platforms.ActiveCfg = Debug|Any CPU
		{9C095CF4-79D1-4B22-B793-EA85CE6CE595}.DVD-5|Mixed Platforms.Build.0 = Debug|Any CPU
		{9C095CF4-79D1-4B22-B793-EA85CE6CE595}.DVD-5|Win32.ActiveCfg = Debug|Any CPU
		{9C095CF4-79D1-4B22-B793-EA85CE6CE595}.DVD-5|x86.ActiveCfg = Debug|Any CPU
		{9C095CF4-79D1-4B22-B793-EA85CE6CE595}.Release|Any CPU.ActiveCfg = Release|Any CPU
		{9C095CF4-79D1-4B22-B793-EA85CE6CE595}.Release|Any CPU.Build.0 = Release|Any CPU
		{9C095CF4-79D1-4B22-B793-EA85CE6CE595}.Release|Mixed Platforms.ActiveCfg = Release|Any CPU
		{9C095CF4-79D1-4B22-B793-EA85CE6CE595}.Release|Mixed Platforms.Build.0 = Release|Any CPU
		{9C095CF4-79D1-4B22-B793-EA85CE6CE595}.Release|Win32.ActiveCfg = Release|Any CPU
		{9C095CF4-79D1-4B22-B793-EA85CE6CE595}.Release|x86.ActiveCfg = Release|Any CPU
		{9C095CF4-79D1-4B22-B793-EA85CE6CE595}.SingleImage|Any CPU.ActiveCfg = Release|Any CPU
		{9C095CF4-79D1-4B22-B793-EA85CE6CE595}.SingleImage|Any CPU.Build.0 = Release|Any CPU
		{9C095CF4-79D1-4B22-B793-EA85CE6CE595}.SingleImage|Mixed Platforms.ActiveCfg = Release|Any CPU
		{9C095CF4-79D1-4B22-B793-EA85CE6CE595}.SingleImage|Mixed Platforms.Build.0 = Release|Any CPU
		{9C095CF4-79D1-4B22-B793-EA85CE6CE595}.SingleImage|Win32.ActiveCfg = Release|Any CPU
		{9C095CF4-79D1-4B22-B793-EA85CE6CE595}.SingleImage|x86.ActiveCfg = Release|Any CPU
		{C04699B1-1124-45CB-B196-605517735DAB}.CD_ROM|Any CPU.ActiveCfg = Release|Any CPU
		{C04699B1-1124-45CB-B196-605517735DAB}.CD_ROM|Any CPU.Build.0 = Release|Any CPU
		{C04699B1-1124-45CB-B196-605517735DAB}.CD_ROM|Mixed Platforms.ActiveCfg = Release|Any CPU
		{C04699B1-1124-45CB-B196-605517735DAB}.CD_ROM|Mixed Platforms.Build.0 = Release|Any CPU
		{C04699B1-1124-45CB-B196-605517735DAB}.CD_ROM|Win32.ActiveCfg = Release|Any CPU
		{C04699B1-1124-45CB-B196-605517735DAB}.CD_ROM|x86.ActiveCfg = Release|Any CPU
		{C04699B1-1124-45CB-B196-605517735DAB}.Debug|Any CPU.ActiveCfg = Debug|Any CPU
		{C04699B1-1124-45CB-B196-605517735DAB}.Debug|Any CPU.Build.0 = Debug|Any CPU
		{C04699B1-1124-45CB-B196-605517735DAB}.Debug|Mixed Platforms.ActiveCfg = Debug|Any CPU
		{C04699B1-1124-45CB-B196-605517735DAB}.Debug|Mixed Platforms.Build.0 = Debug|Any CPU
		{C04699B1-1124-45CB-B196-605517735DAB}.Debug|Win32.ActiveCfg = Debug|Any CPU
		{C04699B1-1124-45CB-B196-605517735DAB}.Debug|x86.ActiveCfg = Debug|Any CPU
		{C04699B1-1124-45CB-B196-605517735DAB}.DVD-5|Any CPU.ActiveCfg = Debug|Any CPU
		{C04699B1-1124-45CB-B196-605517735DAB}.DVD-5|Any CPU.Build.0 = Debug|Any CPU
		{C04699B1-1124-45CB-B196-605517735DAB}.DVD-5|Mixed Platforms.ActiveCfg = Debug|Any CPU
		{C04699B1-1124-45CB-B196-605517735DAB}.DVD-5|Mixed Platforms.Build.0 = Debug|Any CPU
		{C04699B1-1124-45CB-B196-605517735DAB}.DVD-5|Win32.ActiveCfg = Debug|Any CPU
		{C04699B1-1124-45CB-B196-605517735DAB}.DVD-5|x86.ActiveCfg = Debug|Any CPU
		{C04699B1-1124-45CB-B196-605517735DAB}.Release|Any CPU.ActiveCfg = Release|Any CPU
		{C04699B1-1124-45CB-B196-605517735DAB}.Release|Any CPU.Build.0 = Release|Any CPU
		{C04699B1-1124-45CB-B196-605517735DAB}.Release|Mixed Platforms.ActiveCfg = Release|Any CPU
		{C04699B1-1124-45CB-B196-605517735DAB}.Release|Mixed Platforms.Build.0 = Release|Any CPU
		{C04699B1-1124-45CB-B196-605517735DAB}.Release|Win32.ActiveCfg = Release|Any CPU
		{C04699B1-1124-45CB-B196-605517735DAB}.Release|x86.ActiveCfg = Release|Any CPU
		{C04699B1-1124-45CB-B196-605517735DAB}.SingleImage|Any CPU.ActiveCfg = Release|Any CPU
		{C04699B1-1124-45CB-B196-605517735DAB}.SingleImage|Any CPU.Build.0 = Release|Any CPU
		{C04699B1-1124-45CB-B196-605517735DAB}.SingleImage|Mixed Platforms.ActiveCfg = Release|Any CPU
		{C04699B1-1124-45CB-B196-605517735DAB}.SingleImage|Mixed Platforms.Build.0 = Release|Any CPU
		{C04699B1-1124-45CB-B196-605517735DAB}.SingleImage|Win32.ActiveCfg = Release|Any CPU
		{C04699B1-1124-45CB-B196-605517735DAB}.SingleImage|x86.ActiveCfg = Release|Any CPU
		{DFB81B5F-1724-4B50-A036-2580BBE03A7D}.CD_ROM|Any CPU.ActiveCfg = Release|Any CPU
		{DFB81B5F-1724-4B50-A036-2580BBE03A7D}.CD_ROM|Any CPU.Build.0 = Release|Any CPU
		{DFB81B5F-1724-4B50-A036-2580BBE03A7D}.CD_ROM|Mixed Platforms.ActiveCfg = Release|Any CPU
		{DFB81B5F-1724-4B50-A036-2580BBE03A7D}.CD_ROM|Mixed Platforms.Build.0 = Release|Any CPU
		{DFB81B5F-1724-4B50-A036-2580BBE03A7D}.CD_ROM|Win32.ActiveCfg = Release|Any CPU
		{DFB81B5F-1724-4B50-A036-2580BBE03A7D}.CD_ROM|x86.ActiveCfg = Release|Any CPU
		{DFB81B5F-1724-4B50-A036-2580BBE03A7D}.Debug|Any CPU.ActiveCfg = Debug|Any CPU
		{DFB81B5F-1724-4B50-A036-2580BBE03A7D}.Debug|Any CPU.Build.0 = Debug|Any CPU
		{DFB81B5F-1724-4B50-A036-2580BBE03A7D}.Debug|Mixed Platforms.ActiveCfg = Debug|Any CPU
		{DFB81B5F-1724-4B50-A036-2580BBE03A7D}.Debug|Mixed Platforms.Build.0 = Debug|Any CPU
		{DFB81B5F-1724-4B50-A036-2580BBE03A7D}.Debug|Win32.ActiveCfg = Debug|Any CPU
		{DFB81B5F-1724-4B50-A036-2580BBE03A7D}.Debug|x86.ActiveCfg = Debug|Any CPU
		{DFB81B5F-1724-4B50-A036-2580BBE03A7D}.DVD-5|Any CPU.ActiveCfg = Debug|Any CPU
		{DFB81B5F-1724-4B50-A036-2580BBE03A7D}.DVD-5|Any CPU.Build.0 = Debug|Any CPU
		{DFB81B5F-1724-4B50-A036-2580BBE03A7D}.DVD-5|Mixed Platforms.ActiveCfg = Debug|Any CPU
		{DFB81B5F-1724-4B50-A036-2580BBE03A7D}.DVD-5|Mixed Platforms.Build.0 = Debug|Any CPU
		{DFB81B5F-1724-4B50-A036-2580BBE03A7D}.DVD-5|Win32.ActiveCfg = Debug|Any CPU
		{DFB81B5F-1724-4B50-A036-2580BBE03A7D}.DVD-5|x86.ActiveCfg = Debug|Any CPU
		{DFB81B5F-1724-4B50-A036-2580BBE03A7D}.Release|Any CPU.ActiveCfg = Release|Any CPU
		{DFB81B5F-1724-4B50-A036-2580BBE03A7D}.Release|Any CPU.Build.0 = Release|Any CPU
		{DFB81B5F-1724-4B50-A036-2580BBE03A7D}.Release|Mixed Platforms.ActiveCfg = Release|Any CPU
		{DFB81B5F-1724-4B50-A036-2580BBE03A7D}.Release|Mixed Platforms.Build.0 = Release|Any CPU
		{DFB81B5F-1724-4B50-A036-2580BBE03A7D}.Release|Win32.ActiveCfg = Release|Any CPU
		{DFB81B5F-1724-4B50-A036-2580BBE03A7D}.Release|x86.ActiveCfg = Release|Any CPU
		{DFB81B5F-1724-4B50-A036-2580BBE03A7D}.SingleImage|Any CPU.ActiveCfg = Release|Any CPU
		{DFB81B5F-1724-4B50-A036-2580BBE03A7D}.SingleImage|Any CPU.Build.0 = Release|Any CPU
		{DFB81B5F-1724-4B50-A036-2580BBE03A7D}.SingleImage|Mixed Platforms.ActiveCfg = Release|Any CPU
		{DFB81B5F-1724-4B50-A036-2580BBE03A7D}.SingleImage|Mixed Platforms.Build.0 = Release|Any CPU
		{DFB81B5F-1724-4B50-A036-2580BBE03A7D}.SingleImage|Win32.ActiveCfg = Release|Any CPU
		{DFB81B5F-1724-4B50-A036-2580BBE03A7D}.SingleImage|x86.ActiveCfg = Release|Any CPU
		{DAD3549E-FC6D-4420-B391-CE923A3CAD30}.CD_ROM|Any CPU.ActiveCfg = Release|Any CPU
		{DAD3549E-FC6D-4420-B391-CE923A3CAD30}.CD_ROM|Any CPU.Build.0 = Release|Any CPU
		{DAD3549E-FC6D-4420-B391-CE923A3CAD30}.CD_ROM|Mixed Platforms.ActiveCfg = Release|Any CPU
		{DAD3549E-FC6D-4420-B391-CE923A3CAD30}.CD_ROM|Mixed Platforms.Build.0 = Release|Any CPU
		{DAD3549E-FC6D-4420-B391-CE923A3CAD30}.CD_ROM|Win32.ActiveCfg = Release|Any CPU
		{DAD3549E-FC6D-4420-B391-CE923A3CAD30}.CD_ROM|x86.ActiveCfg = Release|Any CPU
		{DAD3549E-FC6D-4420-B391-CE923A3CAD30}.Debug|Any CPU.ActiveCfg = Debug|Any CPU
		{DAD3549E-FC6D-4420-B391-CE923A3CAD30}.Debug|Any CPU.Build.0 = Debug|Any CPU
		{DAD3549E-FC6D-4420-B391-CE923A3CAD30}.Debug|Mixed Platforms.ActiveCfg = Debug|Any CPU
		{DAD3549E-FC6D-4420-B391-CE923A3CAD30}.Debug|Mixed Platforms.Build.0 = Debug|Any CPU
		{DAD3549E-FC6D-4420-B391-CE923A3CAD30}.Debug|Win32.ActiveCfg = Debug|Any CPU
		{DAD3549E-FC6D-4420-B391-CE923A3CAD30}.Debug|x86.ActiveCfg = Debug|Any CPU
		{DAD3549E-FC6D-4420-B391-CE923A3CAD30}.DVD-5|Any CPU.ActiveCfg = Debug|Any CPU
		{DAD3549E-FC6D-4420-B391-CE923A3CAD30}.DVD-5|Any CPU.Build.0 = Debug|Any CPU
		{DAD3549E-FC6D-4420-B391-CE923A3CAD30}.DVD-5|Mixed Platforms.ActiveCfg = Debug|Any CPU
		{DAD3549E-FC6D-4420-B391-CE923A3CAD30}.DVD-5|Mixed Platforms.Build.0 = Debug|Any CPU
		{DAD3549E-FC6D-4420-B391-CE923A3CAD30}.DVD-5|Win32.ActiveCfg = Debug|Any CPU
		{DAD3549E-FC6D-4420-B391-CE923A3CAD30}.DVD-5|x86.ActiveCfg = Debug|Any CPU
		{DAD3549E-FC6D-4420-B391-CE923A3CAD30}.Release|Any CPU.ActiveCfg = Release|Any CPU
		{DAD3549E-FC6D-4420-B391-CE923A3CAD30}.Release|Any CPU.Build.0 = Release|Any CPU
		{DAD3549E-FC6D-4420-B391-CE923A3CAD30}.Release|Mixed Platforms.ActiveCfg = Release|Any CPU
		{DAD3549E-FC6D-4420-B391-CE923A3CAD30}.Release|Mixed Platforms.Build.0 = Release|Any CPU
		{DAD3549E-FC6D-4420-B391-CE923A3CAD30}.Release|Win32.ActiveCfg = Release|Any CPU
		{DAD3549E-FC6D-4420-B391-CE923A3CAD30}.Release|x86.ActiveCfg = Release|Any CPU
		{DAD3549E-FC6D-4420-B391-CE923A3CAD30}.SingleImage|Any CPU.ActiveCfg = Release|Any CPU
		{DAD3549E-FC6D-4420-B391-CE923A3CAD30}.SingleImage|Any CPU.Build.0 = Release|Any CPU
		{DAD3549E-FC6D-4420-B391-CE923A3CAD30}.SingleImage|Mixed Platforms.ActiveCfg = Release|Any CPU
		{DAD3549E-FC6D-4420-B391-CE923A3CAD30}.SingleImage|Mixed Platforms.Build.0 = Release|Any CPU
		{DAD3549E-FC6D-4420-B391-CE923A3CAD30}.SingleImage|Win32.ActiveCfg = Release|Any CPU
		{DAD3549E-FC6D-4420-B391-CE923A3CAD30}.SingleImage|x86.ActiveCfg = Release|Any CPU
		{9382E234-40E3-40D1-9A6F-5EF63CF09C90}.CD_ROM|Any CPU.ActiveCfg = Release|Any CPU
		{9382E234-40E3-40D1-9A6F-5EF63CF09C90}.CD_ROM|Any CPU.Build.0 = Release|Any CPU
		{9382E234-40E3-40D1-9A6F-5EF63CF09C90}.CD_ROM|Mixed Platforms.ActiveCfg = Release|Any CPU
		{9382E234-40E3-40D1-9A6F-5EF63CF09C90}.CD_ROM|Mixed Platforms.Build.0 = Release|Any CPU
		{9382E234-40E3-40D1-9A6F-5EF63CF09C90}.CD_ROM|Win32.ActiveCfg = Release|Any CPU
		{9382E234-40E3-40D1-9A6F-5EF63CF09C90}.CD_ROM|x86.ActiveCfg = Release|Any CPU
		{9382E234-40E3-40D1-9A6F-5EF63CF09C90}.Debug|Any CPU.ActiveCfg = Debug|Any CPU
		{9382E234-40E3-40D1-9A6F-5EF63CF09C90}.Debug|Any CPU.Build.0 = Debug|Any CPU
		{9382E234-40E3-40D1-9A6F-5EF63CF09C90}.Debug|Mixed Platforms.ActiveCfg = Debug|Any CPU
		{9382E234-40E3-40D1-9A6F-5EF63CF09C90}.Debug|Mixed Platforms.Build.0 = Debug|Any CPU
		{9382E234-40E3-40D1-9A6F-5EF63CF09C90}.Debug|Mixed Platforms.Deploy.0 = Debug|Any CPU
		{9382E234-40E3-40D1-9A6F-5EF63CF09C90}.Debug|Win32.ActiveCfg = Debug|Any CPU
		{9382E234-40E3-40D1-9A6F-5EF63CF09C90}.Debug|x86.ActiveCfg = Debug|Any CPU
		{9382E234-40E3-40D1-9A6F-5EF63CF09C90}.DVD-5|Any CPU.ActiveCfg = Debug|Any CPU
		{9382E234-40E3-40D1-9A6F-5EF63CF09C90}.DVD-5|Any CPU.Build.0 = Debug|Any CPU
		{9382E234-40E3-40D1-9A6F-5EF63CF09C90}.DVD-5|Mixed Platforms.ActiveCfg = Debug|Any CPU
		{9382E234-40E3-40D1-9A6F-5EF63CF09C90}.DVD-5|Mixed Platforms.Build.0 = Debug|Any CPU
		{9382E234-40E3-40D1-9A6F-5EF63CF09C90}.DVD-5|Win32.ActiveCfg = Debug|Any CPU
		{9382E234-40E3-40D1-9A6F-5EF63CF09C90}.DVD-5|x86.ActiveCfg = Debug|Any CPU
		{9382E234-40E3-40D1-9A6F-5EF63CF09C90}.Release|Any CPU.ActiveCfg = Release|Any CPU
		{9382E234-40E3-40D1-9A6F-5EF63CF09C90}.Release|Any CPU.Build.0 = Release|Any CPU
		{9382E234-40E3-40D1-9A6F-5EF63CF09C90}.Release|Mixed Platforms.ActiveCfg = Release|Any CPU
		{9382E234-40E3-40D1-9A6F-5EF63CF09C90}.Release|Mixed Platforms.Build.0 = Release|Any CPU
		{9382E234-40E3-40D1-9A6F-5EF63CF09C90}.Release|Win32.ActiveCfg = Release|Any CPU
		{9382E234-40E3-40D1-9A6F-5EF63CF09C90}.Release|x86.ActiveCfg = Release|Any CPU
		{9382E234-40E3-40D1-9A6F-5EF63CF09C90}.SingleImage|Any CPU.ActiveCfg = Release|Any CPU
		{9382E234-40E3-40D1-9A6F-5EF63CF09C90}.SingleImage|Any CPU.Build.0 = Release|Any CPU
		{9382E234-40E3-40D1-9A6F-5EF63CF09C90}.SingleImage|Mixed Platforms.ActiveCfg = Release|Any CPU
		{9382E234-40E3-40D1-9A6F-5EF63CF09C90}.SingleImage|Mixed Platforms.Build.0 = Release|Any CPU
		{9382E234-40E3-40D1-9A6F-5EF63CF09C90}.SingleImage|Win32.ActiveCfg = Release|Any CPU
		{9382E234-40E3-40D1-9A6F-5EF63CF09C90}.SingleImage|x86.ActiveCfg = Release|Any CPU
		{254BFF12-7ED6-4E3E-B916-C535C52606FF}.CD_ROM|Any CPU.ActiveCfg = Debug|Any CPU
		{254BFF12-7ED6-4E3E-B916-C535C52606FF}.CD_ROM|Any CPU.Build.0 = Debug|Any CPU
		{254BFF12-7ED6-4E3E-B916-C535C52606FF}.CD_ROM|Any CPU.Deploy.0 = Debug|Any CPU
		{254BFF12-7ED6-4E3E-B916-C535C52606FF}.CD_ROM|Mixed Platforms.ActiveCfg = Debug|Any CPU
		{254BFF12-7ED6-4E3E-B916-C535C52606FF}.CD_ROM|Mixed Platforms.Build.0 = Debug|Any CPU
		{254BFF12-7ED6-4E3E-B916-C535C52606FF}.CD_ROM|Mixed Platforms.Deploy.0 = Debug|Any CPU
		{254BFF12-7ED6-4E3E-B916-C535C52606FF}.CD_ROM|Win32.ActiveCfg = Debug|Any CPU
		{254BFF12-7ED6-4E3E-B916-C535C52606FF}.CD_ROM|x86.ActiveCfg = Debug|Any CPU
		{254BFF12-7ED6-4E3E-B916-C535C52606FF}.Debug|Any CPU.ActiveCfg = Debug|Any CPU
		{254BFF12-7ED6-4E3E-B916-C535C52606FF}.Debug|Any CPU.Build.0 = Debug|Any CPU
		{254BFF12-7ED6-4E3E-B916-C535C52606FF}.Debug|Any CPU.Deploy.0 = Debug|Any CPU
		{254BFF12-7ED6-4E3E-B916-C535C52606FF}.Debug|Mixed Platforms.ActiveCfg = Debug|Any CPU
		{254BFF12-7ED6-4E3E-B916-C535C52606FF}.Debug|Mixed Platforms.Build.0 = Debug|Any CPU
		{254BFF12-7ED6-4E3E-B916-C535C52606FF}.Debug|Mixed Platforms.Deploy.0 = Debug|Any CPU
		{254BFF12-7ED6-4E3E-B916-C535C52606FF}.Debug|Win32.ActiveCfg = Debug|Any CPU
		{254BFF12-7ED6-4E3E-B916-C535C52606FF}.Debug|x86.ActiveCfg = Debug|Any CPU
		{254BFF12-7ED6-4E3E-B916-C535C52606FF}.DVD-5|Any CPU.ActiveCfg = Debug|Any CPU
		{254BFF12-7ED6-4E3E-B916-C535C52606FF}.DVD-5|Any CPU.Build.0 = Debug|Any CPU
		{254BFF12-7ED6-4E3E-B916-C535C52606FF}.DVD-5|Any CPU.Deploy.0 = Debug|Any CPU
		{254BFF12-7ED6-4E3E-B916-C535C52606FF}.DVD-5|Mixed Platforms.ActiveCfg = Debug|Any CPU
		{254BFF12-7ED6-4E3E-B916-C535C52606FF}.DVD-5|Mixed Platforms.Build.0 = Debug|Any CPU
		{254BFF12-7ED6-4E3E-B916-C535C52606FF}.DVD-5|Mixed Platforms.Deploy.0 = Debug|Any CPU
		{254BFF12-7ED6-4E3E-B916-C535C52606FF}.DVD-5|Win32.ActiveCfg = Debug|Any CPU
		{254BFF12-7ED6-4E3E-B916-C535C52606FF}.DVD-5|x86.ActiveCfg = Debug|Any CPU
		{254BFF12-7ED6-4E3E-B916-C535C52606FF}.Release|Any CPU.ActiveCfg = Release|Any CPU
		{254BFF12-7ED6-4E3E-B916-C535C52606FF}.Release|Any CPU.Build.0 = Release|Any CPU
		{254BFF12-7ED6-4E3E-B916-C535C52606FF}.Release|Any CPU.Deploy.0 = Release|Any CPU
		{254BFF12-7ED6-4E3E-B916-C535C52606FF}.Release|Mixed Platforms.ActiveCfg = Release|Any CPU
		{254BFF12-7ED6-4E3E-B916-C535C52606FF}.Release|Mixed Platforms.Build.0 = Release|Any CPU
		{254BFF12-7ED6-4E3E-B916-C535C52606FF}.Release|Mixed Platforms.Deploy.0 = Release|Any CPU
		{254BFF12-7ED6-4E3E-B916-C535C52606FF}.Release|Win32.ActiveCfg = Release|Any CPU
		{254BFF12-7ED6-4E3E-B916-C535C52606FF}.Release|x86.ActiveCfg = Release|Any CPU
		{254BFF12-7ED6-4E3E-B916-C535C52606FF}.SingleImage|Any CPU.ActiveCfg = Debug|Any CPU
		{254BFF12-7ED6-4E3E-B916-C535C52606FF}.SingleImage|Any CPU.Build.0 = Debug|Any CPU
		{254BFF12-7ED6-4E3E-B916-C535C52606FF}.SingleImage|Any CPU.Deploy.0 = Debug|Any CPU
		{254BFF12-7ED6-4E3E-B916-C535C52606FF}.SingleImage|Mixed Platforms.ActiveCfg = Debug|Any CPU
		{254BFF12-7ED6-4E3E-B916-C535C52606FF}.SingleImage|Mixed Platforms.Build.0 = Debug|Any CPU
		{254BFF12-7ED6-4E3E-B916-C535C52606FF}.SingleImage|Mixed Platforms.Deploy.0 = Debug|Any CPU
		{254BFF12-7ED6-4E3E-B916-C535C52606FF}.SingleImage|Win32.ActiveCfg = Debug|Any CPU
		{254BFF12-7ED6-4E3E-B916-C535C52606FF}.SingleImage|x86.ActiveCfg = Debug|Any CPU
		{206F94CB-8072-4B72-A9D3-352A0F084326}.CD_ROM|Any CPU.ActiveCfg = Release|Any CPU
		{206F94CB-8072-4B72-A9D3-352A0F084326}.CD_ROM|Any CPU.Build.0 = Release|Any CPU
		{206F94CB-8072-4B72-A9D3-352A0F084326}.CD_ROM|Mixed Platforms.ActiveCfg = Release|Any CPU
		{206F94CB-8072-4B72-A9D3-352A0F084326}.CD_ROM|Mixed Platforms.Build.0 = Release|Any CPU
		{206F94CB-8072-4B72-A9D3-352A0F084326}.CD_ROM|Win32.ActiveCfg = Release|Any CPU
		{206F94CB-8072-4B72-A9D3-352A0F084326}.CD_ROM|x86.ActiveCfg = Release|Any CPU
		{206F94CB-8072-4B72-A9D3-352A0F084326}.Debug|Any CPU.ActiveCfg = Debug|Any CPU
		{206F94CB-8072-4B72-A9D3-352A0F084326}.Debug|Any CPU.Build.0 = Debug|Any CPU
		{206F94CB-8072-4B72-A9D3-352A0F084326}.Debug|Mixed Platforms.ActiveCfg = Debug|Any CPU
		{206F94CB-8072-4B72-A9D3-352A0F084326}.Debug|Mixed Platforms.Build.0 = Debug|Any CPU
		{206F94CB-8072-4B72-A9D3-352A0F084326}.Debug|Win32.ActiveCfg = Debug|Any CPU
		{206F94CB-8072-4B72-A9D3-352A0F084326}.Debug|x86.ActiveCfg = Debug|Any CPU
		{206F94CB-8072-4B72-A9D3-352A0F084326}.DVD-5|Any CPU.ActiveCfg = Debug|Any CPU
		{206F94CB-8072-4B72-A9D3-352A0F084326}.DVD-5|Any CPU.Build.0 = Debug|Any CPU
		{206F94CB-8072-4B72-A9D3-352A0F084326}.DVD-5|Mixed Platforms.ActiveCfg = Debug|Any CPU
		{206F94CB-8072-4B72-A9D3-352A0F084326}.DVD-5|Mixed Platforms.Build.0 = Debug|Any CPU
		{206F94CB-8072-4B72-A9D3-352A0F084326}.DVD-5|Win32.ActiveCfg = Debug|Any CPU
		{206F94CB-8072-4B72-A9D3-352A0F084326}.DVD-5|x86.ActiveCfg = Debug|Any CPU
		{206F94CB-8072-4B72-A9D3-352A0F084326}.Release|Any CPU.ActiveCfg = Release|Any CPU
		{206F94CB-8072-4B72-A9D3-352A0F084326}.Release|Any CPU.Build.0 = Release|Any CPU
		{206F94CB-8072-4B72-A9D3-352A0F084326}.Release|Mixed Platforms.ActiveCfg = Release|Any CPU
		{206F94CB-8072-4B72-A9D3-352A0F084326}.Release|Mixed Platforms.Build.0 = Release|Any CPU
		{206F94CB-8072-4B72-A9D3-352A0F084326}.Release|Win32.ActiveCfg = Release|Any CPU
		{206F94CB-8072-4B72-A9D3-352A0F084326}.Release|x86.ActiveCfg = Release|Any CPU
		{206F94CB-8072-4B72-A9D3-352A0F084326}.SingleImage|Any CPU.ActiveCfg = Release|Any CPU
		{206F94CB-8072-4B72-A9D3-352A0F084326}.SingleImage|Any CPU.Build.0 = Release|Any CPU
		{206F94CB-8072-4B72-A9D3-352A0F084326}.SingleImage|Mixed Platforms.ActiveCfg = Release|Any CPU
		{206F94CB-8072-4B72-A9D3-352A0F084326}.SingleImage|Mixed Platforms.Build.0 = Release|Any CPU
		{206F94CB-8072-4B72-A9D3-352A0F084326}.SingleImage|Win32.ActiveCfg = Release|Any CPU
		{206F94CB-8072-4B72-A9D3-352A0F084326}.SingleImage|x86.ActiveCfg = Release|Any CPU
		{8632AEA6-8A98-4D6F-AAB5-1112A1E72309}.CD_ROM|Any CPU.ActiveCfg = Release|Any CPU
		{8632AEA6-8A98-4D6F-AAB5-1112A1E72309}.CD_ROM|Any CPU.Build.0 = Release|Any CPU
		{8632AEA6-8A98-4D6F-AAB5-1112A1E72309}.CD_ROM|Mixed Platforms.ActiveCfg = Release|Any CPU
		{8632AEA6-8A98-4D6F-AAB5-1112A1E72309}.CD_ROM|Mixed Platforms.Build.0 = Release|Any CPU
		{8632AEA6-8A98-4D6F-AAB5-1112A1E72309}.CD_ROM|Win32.ActiveCfg = Release|Any CPU
		{8632AEA6-8A98-4D6F-AAB5-1112A1E72309}.CD_ROM|x86.ActiveCfg = Release|Any CPU
		{8632AEA6-8A98-4D6F-AAB5-1112A1E72309}.Debug|Any CPU.ActiveCfg = Debug|Any CPU
		{8632AEA6-8A98-4D6F-AAB5-1112A1E72309}.Debug|Any CPU.Build.0 = Debug|Any CPU
		{8632AEA6-8A98-4D6F-AAB5-1112A1E72309}.Debug|Mixed Platforms.ActiveCfg = Debug|Any CPU
		{8632AEA6-8A98-4D6F-AAB5-1112A1E72309}.Debug|Mixed Platforms.Build.0 = Debug|Any CPU
		{8632AEA6-8A98-4D6F-AAB5-1112A1E72309}.Debug|Win32.ActiveCfg = Debug|Any CPU
		{8632AEA6-8A98-4D6F-AAB5-1112A1E72309}.Debug|x86.ActiveCfg = Debug|Any CPU
		{8632AEA6-8A98-4D6F-AAB5-1112A1E72309}.DVD-5|Any CPU.ActiveCfg = Debug|Any CPU
		{8632AEA6-8A98-4D6F-AAB5-1112A1E72309}.DVD-5|Any CPU.Build.0 = Debug|Any CPU
		{8632AEA6-8A98-4D6F-AAB5-1112A1E72309}.DVD-5|Mixed Platforms.ActiveCfg = Debug|Any CPU
		{8632AEA6-8A98-4D6F-AAB5-1112A1E72309}.DVD-5|Mixed Platforms.Build.0 = Debug|Any CPU
		{8632AEA6-8A98-4D6F-AAB5-1112A1E72309}.DVD-5|Win32.ActiveCfg = Debug|Any CPU
		{8632AEA6-8A98-4D6F-AAB5-1112A1E72309}.DVD-5|x86.ActiveCfg = Debug|Any CPU
		{8632AEA6-8A98-4D6F-AAB5-1112A1E72309}.Release|Any CPU.ActiveCfg = Release|Any CPU
		{8632AEA6-8A98-4D6F-AAB5-1112A1E72309}.Release|Any CPU.Build.0 = Release|Any CPU
		{8632AEA6-8A98-4D6F-AAB5-1112A1E72309}.Release|Mixed Platforms.ActiveCfg = Release|Any CPU
		{8632AEA6-8A98-4D6F-AAB5-1112A1E72309}.Release|Mixed Platforms.Build.0 = Release|Any CPU
		{8632AEA6-8A98-4D6F-AAB5-1112A1E72309}.Release|Win32.ActiveCfg = Release|Any CPU
		{8632AEA6-8A98-4D6F-AAB5-1112A1E72309}.Release|x86.ActiveCfg = Release|Any CPU
		{8632AEA6-8A98-4D6F-AAB5-1112A1E72309}.SingleImage|Any CPU.ActiveCfg = Release|Any CPU
		{8632AEA6-8A98-4D6F-AAB5-1112A1E72309}.SingleImage|Any CPU.Build.0 = Release|Any CPU
		{8632AEA6-8A98-4D6F-AAB5-1112A1E72309}.SingleImage|Mixed Platforms.ActiveCfg = Release|Any CPU
		{8632AEA6-8A98-4D6F-AAB5-1112A1E72309}.SingleImage|Mixed Platforms.Build.0 = Release|Any CPU
		{8632AEA6-8A98-4D6F-AAB5-1112A1E72309}.SingleImage|Win32.ActiveCfg = Release|Any CPU
		{8632AEA6-8A98-4D6F-AAB5-1112A1E72309}.SingleImage|x86.ActiveCfg = Release|Any CPU
		{EB35411E-647A-4EE1-BE16-10B7A9F1631C}.CD_ROM|Any CPU.ActiveCfg = Release|Any CPU
		{EB35411E-647A-4EE1-BE16-10B7A9F1631C}.CD_ROM|Any CPU.Build.0 = Release|Any CPU
		{EB35411E-647A-4EE1-BE16-10B7A9F1631C}.CD_ROM|Mixed Platforms.ActiveCfg = Release|Any CPU
		{EB35411E-647A-4EE1-BE16-10B7A9F1631C}.CD_ROM|Mixed Platforms.Build.0 = Release|Any CPU
		{EB35411E-647A-4EE1-BE16-10B7A9F1631C}.CD_ROM|Win32.ActiveCfg = Release|Any CPU
		{EB35411E-647A-4EE1-BE16-10B7A9F1631C}.CD_ROM|x86.ActiveCfg = Release|Any CPU
		{EB35411E-647A-4EE1-BE16-10B7A9F1631C}.Debug|Any CPU.ActiveCfg = Debug|Any CPU
		{EB35411E-647A-4EE1-BE16-10B7A9F1631C}.Debug|Any CPU.Build.0 = Debug|Any CPU
		{EB35411E-647A-4EE1-BE16-10B7A9F1631C}.Debug|Mixed Platforms.ActiveCfg = Debug|Any CPU
		{EB35411E-647A-4EE1-BE16-10B7A9F1631C}.Debug|Mixed Platforms.Build.0 = Debug|Any CPU
		{EB35411E-647A-4EE1-BE16-10B7A9F1631C}.Debug|Win32.ActiveCfg = Debug|Any CPU
		{EB35411E-647A-4EE1-BE16-10B7A9F1631C}.Debug|x86.ActiveCfg = Debug|Any CPU
		{EB35411E-647A-4EE1-BE16-10B7A9F1631C}.DVD-5|Any CPU.ActiveCfg = Debug|Any CPU
		{EB35411E-647A-4EE1-BE16-10B7A9F1631C}.DVD-5|Any CPU.Build.0 = Debug|Any CPU
		{EB35411E-647A-4EE1-BE16-10B7A9F1631C}.DVD-5|Mixed Platforms.ActiveCfg = Debug|Any CPU
		{EB35411E-647A-4EE1-BE16-10B7A9F1631C}.DVD-5|Mixed Platforms.Build.0 = Debug|Any CPU
		{EB35411E-647A-4EE1-BE16-10B7A9F1631C}.DVD-5|Win32.ActiveCfg = Debug|Any CPU
		{EB35411E-647A-4EE1-BE16-10B7A9F1631C}.DVD-5|x86.ActiveCfg = Debug|Any CPU
		{EB35411E-647A-4EE1-BE16-10B7A9F1631C}.Release|Any CPU.ActiveCfg = Release|Any CPU
		{EB35411E-647A-4EE1-BE16-10B7A9F1631C}.Release|Any CPU.Build.0 = Release|Any CPU
		{EB35411E-647A-4EE1-BE16-10B7A9F1631C}.Release|Mixed Platforms.ActiveCfg = Release|Any CPU
		{EB35411E-647A-4EE1-BE16-10B7A9F1631C}.Release|Mixed Platforms.Build.0 = Release|Any CPU
		{EB35411E-647A-4EE1-BE16-10B7A9F1631C}.Release|Win32.ActiveCfg = Release|Any CPU
		{EB35411E-647A-4EE1-BE16-10B7A9F1631C}.Release|x86.ActiveCfg = Release|Any CPU
		{EB35411E-647A-4EE1-BE16-10B7A9F1631C}.SingleImage|Any CPU.ActiveCfg = Release|Any CPU
		{EB35411E-647A-4EE1-BE16-10B7A9F1631C}.SingleImage|Any CPU.Build.0 = Release|Any CPU
		{EB35411E-647A-4EE1-BE16-10B7A9F1631C}.SingleImage|Mixed Platforms.ActiveCfg = Release|Any CPU
		{EB35411E-647A-4EE1-BE16-10B7A9F1631C}.SingleImage|Mixed Platforms.Build.0 = Release|Any CPU
		{EB35411E-647A-4EE1-BE16-10B7A9F1631C}.SingleImage|Win32.ActiveCfg = Release|Any CPU
		{EB35411E-647A-4EE1-BE16-10B7A9F1631C}.SingleImage|x86.ActiveCfg = Release|Any CPU
		{5D4A54E8-E49C-4740-884B-502D70845F34}.CD_ROM|Any CPU.ActiveCfg = Release|Any CPU
		{5D4A54E8-E49C-4740-884B-502D70845F34}.CD_ROM|Any CPU.Build.0 = Release|Any CPU
		{5D4A54E8-E49C-4740-884B-502D70845F34}.CD_ROM|Mixed Platforms.ActiveCfg = Release|Any CPU
		{5D4A54E8-E49C-4740-884B-502D70845F34}.CD_ROM|Mixed Platforms.Build.0 = Release|Any CPU
		{5D4A54E8-E49C-4740-884B-502D70845F34}.CD_ROM|Win32.ActiveCfg = Release|Any CPU
		{5D4A54E8-E49C-4740-884B-502D70845F34}.CD_ROM|x86.ActiveCfg = Release|Any CPU
		{5D4A54E8-E49C-4740-884B-502D70845F34}.Debug|Any CPU.ActiveCfg = Debug|Any CPU
		{5D4A54E8-E49C-4740-884B-502D70845F34}.Debug|Any CPU.Build.0 = Debug|Any CPU
		{5D4A54E8-E49C-4740-884B-502D70845F34}.Debug|Mixed Platforms.ActiveCfg = Debug|Any CPU
		{5D4A54E8-E49C-4740-884B-502D70845F34}.Debug|Mixed Platforms.Build.0 = Debug|Any CPU
		{5D4A54E8-E49C-4740-884B-502D70845F34}.Debug|Win32.ActiveCfg = Debug|Any CPU
		{5D4A54E8-E49C-4740-884B-502D70845F34}.Debug|x86.ActiveCfg = Debug|Any CPU
		{5D4A54E8-E49C-4740-884B-502D70845F34}.DVD-5|Any CPU.ActiveCfg = Debug|Any CPU
		{5D4A54E8-E49C-4740-884B-502D70845F34}.DVD-5|Any CPU.Build.0 = Debug|Any CPU
		{5D4A54E8-E49C-4740-884B-502D70845F34}.DVD-5|Mixed Platforms.ActiveCfg = Debug|Any CPU
		{5D4A54E8-E49C-4740-884B-502D70845F34}.DVD-5|Mixed Platforms.Build.0 = Debug|Any CPU
		{5D4A54E8-E49C-4740-884B-502D70845F34}.DVD-5|Win32.ActiveCfg = Debug|Any CPU
		{5D4A54E8-E49C-4740-884B-502D70845F34}.DVD-5|x86.ActiveCfg = Debug|Any CPU
		{5D4A54E8-E49C-4740-884B-502D70845F34}.Release|Any CPU.ActiveCfg = Release|Any CPU
		{5D4A54E8-E49C-4740-884B-502D70845F34}.Release|Any CPU.Build.0 = Release|Any CPU
		{5D4A54E8-E49C-4740-884B-502D70845F34}.Release|Mixed Platforms.ActiveCfg = Release|Any CPU
		{5D4A54E8-E49C-4740-884B-502D70845F34}.Release|Mixed Platforms.Build.0 = Release|Any CPU
		{5D4A54E8-E49C-4740-884B-502D70845F34}.Release|Win32.ActiveCfg = Release|Any CPU
		{5D4A54E8-E49C-4740-884B-502D70845F34}.Release|x86.ActiveCfg = Release|Any CPU
		{5D4A54E8-E49C-4740-884B-502D70845F34}.SingleImage|Any CPU.ActiveCfg = Release|Any CPU
		{5D4A54E8-E49C-4740-884B-502D70845F34}.SingleImage|Any CPU.Build.0 = Release|Any CPU
		{5D4A54E8-E49C-4740-884B-502D70845F34}.SingleImage|Mixed Platforms.ActiveCfg = Release|Any CPU
		{5D4A54E8-E49C-4740-884B-502D70845F34}.SingleImage|Mixed Platforms.Build.0 = Release|Any CPU
		{5D4A54E8-E49C-4740-884B-502D70845F34}.SingleImage|Win32.ActiveCfg = Release|Any CPU
		{5D4A54E8-E49C-4740-884B-502D70845F34}.SingleImage|x86.ActiveCfg = Release|Any CPU
	EndGlobalSection
	GlobalSection(SolutionProperties) = preSolution
		HideSolutionNode = FALSE
	EndGlobalSection
	GlobalSection(NestedProjects) = preSolution
		{F806BF30-72B9-41EE-8A62-93100A9D30BB} = {EA1F177D-AAE5-4C5B-AB9D-AF669DB8B8AE}
		{1B981163-21AC-4F46-8927-CF2641F54FA5} = {EA1F177D-AAE5-4C5B-AB9D-AF669DB8B8AE}
		{80B4EE32-6E5B-44CC-AF7A-EE3DC3F56858} = {EA1F177D-AAE5-4C5B-AB9D-AF669DB8B8AE}
		{CB9CE33B-78B5-4B97-8B05-5D63320A1E39} = {EA1F177D-AAE5-4C5B-AB9D-AF669DB8B8AE}
		{206F94CB-8072-4B72-A9D3-352A0F084326} = {E5AD6B88-DEE0-444E-AD5C-499969651A2B}
		{E26A6F60-8427-4694-B760-C8FF22A2BBF3} = {E5AD6B88-DEE0-444E-AD5C-499969651A2B}
		{158E22FC-9AB4-4FB6-8A1A-AD8DE18BC222} = {91D85499-9BAA-4112-87B0-121333910A63}
		{1218F5C5-1D95-456E-B819-7ABDA961C866} = {91D85499-9BAA-4112-87B0-121333910A63}
		{9C095CF4-79D1-4B22-B793-EA85CE6CE595} = {91D85499-9BAA-4112-87B0-121333910A63}
		{C04699B1-1124-45CB-B196-605517735DAB} = {91D85499-9BAA-4112-87B0-121333910A63}
		{DFB81B5F-1724-4B50-A036-2580BBE03A7D} = {91D85499-9BAA-4112-87B0-121333910A63}
		{AAD11904-AFD7-4D6A-BE28-A7589E9177B8} = {91D85499-9BAA-4112-87B0-121333910A63}
		{DAD3549E-FC6D-4420-B391-CE923A3CAD30} = {7DEEA202-DA43-48F0-94CD-1C4CEC32D408}
		{9382E234-40E3-40D1-9A6F-5EF63CF09C90} = {7DEEA202-DA43-48F0-94CD-1C4CEC32D408}
	EndGlobalSection
EndGlobal
