
Microsoft Visual Studio Solution File, Format Version 12.00
# Visual Studio 2012
Project("{8BC9CEB8-8B4A-11D0-8D11-00A0C91BC942}") = "CardLib", "UECLib\CardLib\CardLib.vcxproj", "{F9056818-4893-434C-AB52-E3CAB5DD2507}"
EndProject
Project("{8BC9CEB8-8B4A-11D0-8D11-00A0C91BC942}") = "Host", "UECLib\EmulateHost\Host.vcxproj", "{479DAB6F-E999-4986-B7FA-3AFD28464C33}"
EndProject
Project("{8BC9CEB8-8B4A-11D0-8D11-00A0C91BC942}") = "HAL_Common", "UECLib\HalW32\HAL_Common\HAL_Common.vcxproj", "{2D3CE3F6-FEFA-4583-BC32-3315D0830B19}"
EndProject
Project("{8BC9CEB8-8B4A-11D0-8D11-00A0C91BC942}") = "HAL_Crypto", "UECLib\HalW32\HAL_Crypto\HAL_Crypto.vcxproj", "{5BD534F5-433E-4C07-B0F2-ED477371EEAE}"
EndProject
Project("{8BC9CEB8-8B4A-11D0-8D11-00A0C91BC942}") = "HAL_Parameters", "UECLib\HalW32\HAL_Parameters\HAL_Parameters.vcxproj", "{9FBBF384-2428-4514-A030-814C85C1BE5D}"
EndProject
Project("{8BC9CEB8-8B4A-11D0-8D11-00A0C91BC942}") = "HAL_Protocol", "UECLib\HalW32\HAL_Protocol\HAL_Protocol.vcxproj", "{88899659-719A-4360-81A0-836531B29FFF}"
EndProject
Project("{8BC9CEB8-8B4A-11D0-8D11-00A0C91BC942}") = "HAL_RTC", "UECLib\HalW32\HAL_RTC\HAL_RTC.vcxproj", "{7ED4C381-8AFD-456E-98C6-2B50087AC5EF}"
EndProject
Project("{8BC9CEB8-8B4A-11D0-8D11-00A0C91BC942}") = "HAL_SCReader", "UECLib\HalW32\HAL_SCReader\HAL_SCReader.vcxproj", "{964F5110-5DE9-4AFC-A369-B815EDB9DE78}"
EndProject
Project("{8BC9CEB8-8B4A-11D0-8D11-00A0C91BC942}") = "OpLib", "UECLib\OpLib\OpLib.vcxproj", "{65F7FB13-15C5-4EB2-8611-21450A1A498D}"
EndProject
Project("{8BC9CEB8-8B4A-11D0-8D11-00A0C91BC942}") = "UECLib", "UECLib\UECLib\UECLib.vcxproj", "{51B94CFC-9E4F-4826-B84B-7AF61F19EA9A}"
	ProjectSection(ProjectDependencies) = postProject
		{964F5110-5DE9-4AFC-A369-B815EDB9DE78} = {964F5110-5DE9-4AFC-A369-B815EDB9DE78}
		{65F7FB13-15C5-4EB2-8611-21450A1A498D} = {65F7FB13-15C5-4EB2-8611-21450A1A498D}
		{F9056818-4893-434C-AB52-E3CAB5DD2507} = {F9056818-4893-434C-AB52-E3CAB5DD2507}
		{88899659-719A-4360-81A0-836531B29FFF} = {88899659-719A-4360-81A0-836531B29FFF}
		{479DAB6F-E999-4986-B7FA-3AFD28464C33} = {479DAB6F-E999-4986-B7FA-3AFD28464C33}
		{7ED4C381-8AFD-456E-98C6-2B50087AC5EF} = {7ED4C381-8AFD-456E-98C6-2B50087AC5EF}
		{9FBBF384-2428-4514-A030-814C85C1BE5D} = {9FBBF384-2428-4514-A030-814C85C1BE5D}
		{5BD534F5-433E-4C07-B0F2-ED477371EEAE} = {5BD534F5-433E-4C07-B0F2-ED477371EEAE}
		{2D3CE3F6-FEFA-4583-BC32-3315D0830B19} = {2D3CE3F6-FEFA-4583-BC32-3315D0830B19}
	EndProjectSection
EndProject
Project("{8BC9CEB8-8B4A-11D0-8D11-00A0C91BC942}") = "UECLibTest", "UECLib\UECLibTest\UECLibTest.vcxproj", "{2C1E2883-1322-4D93-AB61-F17D082681C5}"
EndProject
Project("{FAE04EC0-301F-11D3-BF4B-00C04F79EFBC}") = "UECLibTest1", "UECLib\UECLibTest1\UECLibTest1.csproj", "{60075A1B-D4EA-4071-8516-9889CF401A05}"
EndProject
Global
	GlobalSection(TeamFoundationVersionControl) = preSolution
		SccNumberOfProjects = 13
		SccEnterpriseProvider = {4CA58AB2-18FA-4F8D-95D4-32DDF27D184C}
		SccTeamFoundationServer = http://mpsps.medport.local:8080/tfs/defaultcollection
		SccLocalPath0 = .
		SccProjectUniqueName1 = UECLib\\CardLib\\CardLib.vcxproj
		SccProjectName1 = UECLib/CardLib
		SccLocalPath1 = UECLib\\CardLib
		SccProjectUniqueName2 = UECLib\\EmulateHost\\Host.vcxproj
		SccProjectName2 = UECLib/EmulateHost
		SccLocalPath2 = UECLib\\EmulateHost
		SccProjectUniqueName3 = UECLib\\HalW32\\HAL_Common\\HAL_Common.vcxproj
		SccProjectName3 = UECLib/HalW32/HAL_Common
		SccLocalPath3 = UECLib\\HalW32\\HAL_Common
		SccProjectUniqueName4 = UECLib\\HalW32\\HAL_Crypto\\HAL_Crypto.vcxproj
		SccProjectName4 = UECLib/HalW32/HAL_Crypto
		SccLocalPath4 = UECLib\\HalW32\\HAL_Crypto
		SccProjectUniqueName5 = UECLib\\HalW32\\HAL_Parameters\\HAL_Parameters.vcxproj
		SccProjectName5 = UECLib/HalW32/HAL_Parameters
		SccLocalPath5 = UECLib\\HalW32\\HAL_Parameters
		SccProjectUniqueName6 = UECLib\\HalW32\\HAL_Protocol\\HAL_Protocol.vcxproj
		SccProjectName6 = UECLib/HalW32/HAL_Protocol
		SccLocalPath6 = UECLib\\HalW32\\HAL_Protocol
		SccProjectUniqueName7 = UECLib\\HalW32\\HAL_RTC\\HAL_RTC.vcxproj
		SccProjectName7 = UECLib/HalW32/HAL_RTC
		SccLocalPath7 = UECLib\\HalW32\\HAL_RTC
		SccProjectUniqueName8 = UECLib\\HalW32\\HAL_SCReader\\HAL_SCReader.vcxproj
		SccProjectName8 = UECLib/HalW32/HAL_SCReader
		SccLocalPath8 = UECLib\\HalW32\\HAL_SCReader
		SccProjectUniqueName9 = UECLib\\OpLib\\OpLib.vcxproj
		SccProjectName9 = UECLib/OpLib
		SccLocalPath9 = UECLib\\OpLib
		SccProjectUniqueName10 = UECLib\\UECLib\\UECLib.vcxproj
		SccProjectName10 = UECLib/UECLib
		SccLocalPath10 = UECLib\\UECLib
		SccProjectUniqueName11 = UECLib\\UECLibTest\\UECLibTest.vcxproj
		SccProjectName11 = UECLib/UECLibTest
		SccLocalPath11 = UECLib\\UECLibTest
		SccProjectUniqueName12 = UECLib\\UECLibTest1\\UECLibTest1.csproj
		SccProjectName12 = UECLib/UECLibTest1
		SccLocalPath12 = UECLib\\UECLibTest1
	EndGlobalSection
	GlobalSection(SolutionConfigurationPlatforms) = preSolution
		Debug|Any CPU = Debug|Any CPU
		Debug|Mixed Platforms = Debug|Mixed Platforms
		Debug|Win32 = Debug|Win32
		DebugGuide|Any CPU = DebugGuide|Any CPU
		DebugGuide|Mixed Platforms = DebugGuide|Mixed Platforms
		DebugGuide|Win32 = DebugGuide|Win32
		DebugGuideSM|Any CPU = DebugGuideSM|Any CPU
		DebugGuideSM|Mixed Platforms = DebugGuideSM|Mixed Platforms
		DebugGuideSM|Win32 = DebugGuideSM|Win32
		DebugTellMe|Any CPU = DebugTellMe|Any CPU
		DebugTellMe|Mixed Platforms = DebugTellMe|Mixed Platforms
		DebugTellMe|Win32 = DebugTellMe|Win32
		DebugTest|Any CPU = DebugTest|Any CPU
		DebugTest|Mixed Platforms = DebugTest|Mixed Platforms
		DebugTest|Win32 = DebugTest|Win32
		Release|Any CPU = Release|Any CPU
		Release|Mixed Platforms = Release|Mixed Platforms
		Release|Win32 = Release|Win32
		ReleaseGuide|Any CPU = ReleaseGuide|Any CPU
		ReleaseGuide|Mixed Platforms = ReleaseGuide|Mixed Platforms
		ReleaseGuide|Win32 = ReleaseGuide|Win32
		ReleaseGuideSM|Any CPU = ReleaseGuideSM|Any CPU
		ReleaseGuideSM|Mixed Platforms = ReleaseGuideSM|Mixed Platforms
		ReleaseGuideSM|Win32 = ReleaseGuideSM|Win32
		ReleaseTellMe|Any CPU = ReleaseTellMe|Any CPU
		ReleaseTellMe|Mixed Platforms = ReleaseTellMe|Mixed Platforms
		ReleaseTellMe|Win32 = ReleaseTellMe|Win32
		ReleaseTest|Any CPU = ReleaseTest|Any CPU
		ReleaseTest|Mixed Platforms = ReleaseTest|Mixed Platforms
		ReleaseTest|Win32 = ReleaseTest|Win32
	EndGlobalSection
	GlobalSection(ProjectConfigurationPlatforms) = postSolution
		{F9056818-4893-434C-AB52-E3CAB5DD2507}.Debug|Any CPU.ActiveCfg = DebugTest|Win32
		{F9056818-4893-434C-AB52-E3CAB5DD2507}.Debug|Mixed Platforms.ActiveCfg = DebugGuide|Win32
		{F9056818-4893-434C-AB52-E3CAB5DD2507}.Debug|Mixed Platforms.Build.0 = DebugGuide|Win32
		{F9056818-4893-434C-AB52-E3CAB5DD2507}.Debug|Win32.ActiveCfg = DebugGuide|Win32
		{F9056818-4893-434C-AB52-E3CAB5DD2507}.Debug|Win32.Build.0 = DebugGuide|Win32
		{F9056818-4893-434C-AB52-E3CAB5DD2507}.DebugGuide|Any CPU.ActiveCfg = DebugGuide|Win32
		{F9056818-4893-434C-AB52-E3CAB5DD2507}.DebugGuide|Mixed Platforms.ActiveCfg = DebugGuide|Win32
		{F9056818-4893-434C-AB52-E3CAB5DD2507}.DebugGuide|Mixed Platforms.Build.0 = DebugGuide|Win32
		{F9056818-4893-434C-AB52-E3CAB5DD2507}.DebugGuide|Win32.ActiveCfg = DebugGuide|Win32
		{F9056818-4893-434C-AB52-E3CAB5DD2507}.DebugGuide|Win32.Build.0 = DebugGuide|Win32
		{F9056818-4893-434C-AB52-E3CAB5DD2507}.DebugGuideSM|Any CPU.ActiveCfg = DebugGuideSM|Win32
		{F9056818-4893-434C-AB52-E3CAB5DD2507}.DebugGuideSM|Mixed Platforms.ActiveCfg = DebugGuideSM|Win32
		{F9056818-4893-434C-AB52-E3CAB5DD2507}.DebugGuideSM|Mixed Platforms.Build.0 = DebugGuideSM|Win32
		{F9056818-4893-434C-AB52-E3CAB5DD2507}.DebugGuideSM|Win32.ActiveCfg = DebugGuideSM|Win32
		{F9056818-4893-434C-AB52-E3CAB5DD2507}.DebugGuideSM|Win32.Build.0 = DebugGuideSM|Win32
		{F9056818-4893-434C-AB52-E3CAB5DD2507}.DebugTellMe|Any CPU.ActiveCfg = DebugTellMe|Win32
		{F9056818-4893-434C-AB52-E3CAB5DD2507}.DebugTellMe|Mixed Platforms.ActiveCfg = DebugTellMe|Win32
		{F9056818-4893-434C-AB52-E3CAB5DD2507}.DebugTellMe|Mixed Platforms.Build.0 = DebugTellMe|Win32
		{F9056818-4893-434C-AB52-E3CAB5DD2507}.DebugTellMe|Win32.ActiveCfg = DebugTellMe|Win32
		{F9056818-4893-434C-AB52-E3CAB5DD2507}.DebugTellMe|Win32.Build.0 = DebugTellMe|Win32
		{F9056818-4893-434C-AB52-E3CAB5DD2507}.DebugTest|Any CPU.ActiveCfg = DebugTest|Win32
		{F9056818-4893-434C-AB52-E3CAB5DD2507}.DebugTest|Mixed Platforms.ActiveCfg = DebugTest|Win32
		{F9056818-4893-434C-AB52-E3CAB5DD2507}.DebugTest|Mixed Platforms.Build.0 = DebugTest|Win32
		{F9056818-4893-434C-AB52-E3CAB5DD2507}.DebugTest|Win32.ActiveCfg = DebugTest|Win32
		{F9056818-4893-434C-AB52-E3CAB5DD2507}.DebugTest|Win32.Build.0 = DebugTest|Win32
		{F9056818-4893-434C-AB52-E3CAB5DD2507}.Release|Any CPU.ActiveCfg = ReleaseTest|Win32
		{F9056818-4893-434C-AB52-E3CAB5DD2507}.Release|Mixed Platforms.ActiveCfg = ReleaseGuide|Win32
		{F9056818-4893-434C-AB52-E3CAB5DD2507}.Release|Mixed Platforms.Build.0 = ReleaseGuide|Win32
		{F9056818-4893-434C-AB52-E3CAB5DD2507}.Release|Win32.ActiveCfg = ReleaseGuide|Win32
		{F9056818-4893-434C-AB52-E3CAB5DD2507}.Release|Win32.Build.0 = ReleaseGuide|Win32
		{F9056818-4893-434C-AB52-E3CAB5DD2507}.ReleaseGuide|Any CPU.ActiveCfg = ReleaseGuide|Win32
		{F9056818-4893-434C-AB52-E3CAB5DD2507}.ReleaseGuide|Mixed Platforms.ActiveCfg = ReleaseGuide|Win32
		{F9056818-4893-434C-AB52-E3CAB5DD2507}.ReleaseGuide|Mixed Platforms.Build.0 = ReleaseGuide|Win32
		{F9056818-4893-434C-AB52-E3CAB5DD2507}.ReleaseGuide|Win32.ActiveCfg = ReleaseGuide|Win32
		{F9056818-4893-434C-AB52-E3CAB5DD2507}.ReleaseGuide|Win32.Build.0 = ReleaseGuide|Win32
		{F9056818-4893-434C-AB52-E3CAB5DD2507}.ReleaseGuideSM|Any CPU.ActiveCfg = ReleaseGuideSM|Win32
		{F9056818-4893-434C-AB52-E3CAB5DD2507}.ReleaseGuideSM|Mixed Platforms.ActiveCfg = ReleaseGuideSM|Win32
		{F9056818-4893-434C-AB52-E3CAB5DD2507}.ReleaseGuideSM|Mixed Platforms.Build.0 = ReleaseGuideSM|Win32
		{F9056818-4893-434C-AB52-E3CAB5DD2507}.ReleaseGuideSM|Win32.ActiveCfg = ReleaseGuideSM|Win32
		{F9056818-4893-434C-AB52-E3CAB5DD2507}.ReleaseGuideSM|Win32.Build.0 = ReleaseGuideSM|Win32
		{F9056818-4893-434C-AB52-E3CAB5DD2507}.ReleaseTellMe|Any CPU.ActiveCfg = ReleaseTellMe|Win32
		{F9056818-4893-434C-AB52-E3CAB5DD2507}.ReleaseTellMe|Mixed Platforms.ActiveCfg = ReleaseTellMe|Win32
		{F9056818-4893-434C-AB52-E3CAB5DD2507}.ReleaseTellMe|Mixed Platforms.Build.0 = ReleaseTellMe|Win32
		{F9056818-4893-434C-AB52-E3CAB5DD2507}.ReleaseTellMe|Win32.ActiveCfg = ReleaseTellMe|Win32
		{F9056818-4893-434C-AB52-E3CAB5DD2507}.ReleaseTellMe|Win32.Build.0 = ReleaseTellMe|Win32
		{F9056818-4893-434C-AB52-E3CAB5DD2507}.ReleaseTest|Any CPU.ActiveCfg = ReleaseTest|Win32
		{F9056818-4893-434C-AB52-E3CAB5DD2507}.ReleaseTest|Mixed Platforms.ActiveCfg = ReleaseTest|Win32
		{F9056818-4893-434C-AB52-E3CAB5DD2507}.ReleaseTest|Mixed Platforms.Build.0 = ReleaseTest|Win32
		{F9056818-4893-434C-AB52-E3CAB5DD2507}.ReleaseTest|Win32.ActiveCfg = ReleaseTest|Win32
		{F9056818-4893-434C-AB52-E3CAB5DD2507}.ReleaseTest|Win32.Build.0 = ReleaseTest|Win32
		{479DAB6F-E999-4986-B7FA-3AFD28464C33}.Debug|Any CPU.ActiveCfg = DebugTest|Win32
		{479DAB6F-E999-4986-B7FA-3AFD28464C33}.Debug|Mixed Platforms.ActiveCfg = DebugGuide|Win32
		{479DAB6F-E999-4986-B7FA-3AFD28464C33}.Debug|Win32.ActiveCfg = DebugGuide|Win32
		{479DAB6F-E999-4986-B7FA-3AFD28464C33}.DebugGuide|Any CPU.ActiveCfg = DebugGuide|Win32
		{479DAB6F-E999-4986-B7FA-3AFD28464C33}.DebugGuide|Mixed Platforms.ActiveCfg = DebugGuide|Win32
		{479DAB6F-E999-4986-B7FA-3AFD28464C33}.DebugGuide|Mixed Platforms.Build.0 = DebugGuide|Win32
		{479DAB6F-E999-4986-B7FA-3AFD28464C33}.DebugGuide|Win32.ActiveCfg = DebugGuide|Win32
		{479DAB6F-E999-4986-B7FA-3AFD28464C33}.DebugGuide|Win32.Build.0 = DebugGuide|Win32
		{479DAB6F-E999-4986-B7FA-3AFD28464C33}.DebugGuideSM|Any CPU.ActiveCfg = DebugGuideSM|Win32
		{479DAB6F-E999-4986-B7FA-3AFD28464C33}.DebugGuideSM|Mixed Platforms.ActiveCfg = DebugGuideSM|Win32
		{479DAB6F-E999-4986-B7FA-3AFD28464C33}.DebugGuideSM|Mixed Platforms.Build.0 = DebugGuideSM|Win32
		{479DAB6F-E999-4986-B7FA-3AFD28464C33}.DebugGuideSM|Win32.ActiveCfg = DebugGuideSM|Win32
		{479DAB6F-E999-4986-B7FA-3AFD28464C33}.DebugGuideSM|Win32.Build.0 = DebugGuideSM|Win32
		{479DAB6F-E999-4986-B7FA-3AFD28464C33}.DebugTellMe|Any CPU.ActiveCfg = DebugTest|Win32
		{479DAB6F-E999-4986-B7FA-3AFD28464C33}.DebugTellMe|Mixed Platforms.ActiveCfg = DebugTest|Win32
		{479DAB6F-E999-4986-B7FA-3AFD28464C33}.DebugTellMe|Mixed Platforms.Build.0 = DebugTest|Win32
		{479DAB6F-E999-4986-B7FA-3AFD28464C33}.DebugTellMe|Win32.ActiveCfg = DebugTest|Win32
		{479DAB6F-E999-4986-B7FA-3AFD28464C33}.DebugTellMe|Win32.Build.0 = DebugTest|Win32
		{479DAB6F-E999-4986-B7FA-3AFD28464C33}.DebugTest|Any CPU.ActiveCfg = DebugTest|Win32
		{479DAB6F-E999-4986-B7FA-3AFD28464C33}.DebugTest|Mixed Platforms.ActiveCfg = DebugTest|Win32
		{479DAB6F-E999-4986-B7FA-3AFD28464C33}.DebugTest|Mixed Platforms.Build.0 = DebugTest|Win32
		{479DAB6F-E999-4986-B7FA-3AFD28464C33}.DebugTest|Win32.ActiveCfg = DebugTest|Win32
		{479DAB6F-E999-4986-B7FA-3AFD28464C33}.DebugTest|Win32.Build.0 = DebugTest|Win32
		{479DAB6F-E999-4986-B7FA-3AFD28464C33}.Release|Any CPU.ActiveCfg = ReleaseTest|Win32
		{479DAB6F-E999-4986-B7FA-3AFD28464C33}.Release|Mixed Platforms.ActiveCfg = ReleaseGuide|Win32
		{479DAB6F-E999-4986-B7FA-3AFD28464C33}.Release|Win32.ActiveCfg = ReleaseGuide|Win32
		{479DAB6F-E999-4986-B7FA-3AFD28464C33}.ReleaseGuide|Any CPU.ActiveCfg = ReleaseGuide|Win32
		{479DAB6F-E999-4986-B7FA-3AFD28464C33}.ReleaseGuide|Mixed Platforms.ActiveCfg = ReleaseGuide|Win32
		{479DAB6F-E999-4986-B7FA-3AFD28464C33}.ReleaseGuide|Mixed Platforms.Build.0 = ReleaseGuide|Win32
		{479DAB6F-E999-4986-B7FA-3AFD28464C33}.ReleaseGuide|Win32.ActiveCfg = ReleaseGuide|Win32
		{479DAB6F-E999-4986-B7FA-3AFD28464C33}.ReleaseGuide|Win32.Build.0 = ReleaseGuide|Win32
		{479DAB6F-E999-4986-B7FA-3AFD28464C33}.ReleaseGuideSM|Any CPU.ActiveCfg = ReleaseGuideSM|Win32
		{479DAB6F-E999-4986-B7FA-3AFD28464C33}.ReleaseGuideSM|Mixed Platforms.ActiveCfg = ReleaseGuideSM|Win32
		{479DAB6F-E999-4986-B7FA-3AFD28464C33}.ReleaseGuideSM|Mixed Platforms.Build.0 = ReleaseGuideSM|Win32
		{479DAB6F-E999-4986-B7FA-3AFD28464C33}.ReleaseGuideSM|Win32.ActiveCfg = ReleaseGuideSM|Win32
		{479DAB6F-E999-4986-B7FA-3AFD28464C33}.ReleaseGuideSM|Win32.Build.0 = ReleaseGuideSM|Win32
		{479DAB6F-E999-4986-B7FA-3AFD28464C33}.ReleaseTellMe|Any CPU.ActiveCfg = ReleaseTest|Win32
		{479DAB6F-E999-4986-B7FA-3AFD28464C33}.ReleaseTellMe|Mixed Platforms.ActiveCfg = ReleaseTest|Win32
		{479DAB6F-E999-4986-B7FA-3AFD28464C33}.ReleaseTellMe|Mixed Platforms.Build.0 = ReleaseTest|Win32
		{479DAB6F-E999-4986-B7FA-3AFD28464C33}.ReleaseTellMe|Win32.ActiveCfg = ReleaseTest|Win32
		{479DAB6F-E999-4986-B7FA-3AFD28464C33}.ReleaseTellMe|Win32.Build.0 = ReleaseTest|Win32
		{479DAB6F-E999-4986-B7FA-3AFD28464C33}.ReleaseTest|Any CPU.ActiveCfg = ReleaseTest|Win32
		{479DAB6F-E999-4986-B7FA-3AFD28464C33}.ReleaseTest|Mixed Platforms.ActiveCfg = ReleaseTest|Win32
		{479DAB6F-E999-4986-B7FA-3AFD28464C33}.ReleaseTest|Mixed Platforms.Build.0 = ReleaseTest|Win32
		{479DAB6F-E999-4986-B7FA-3AFD28464C33}.ReleaseTest|Win32.ActiveCfg = ReleaseTest|Win32
		{479DAB6F-E999-4986-B7FA-3AFD28464C33}.ReleaseTest|Win32.Build.0 = ReleaseTest|Win32
		{2D3CE3F6-FEFA-4583-BC32-3315D0830B19}.Debug|Any CPU.ActiveCfg = DebugTest|Win32
		{2D3CE3F6-FEFA-4583-BC32-3315D0830B19}.Debug|Mixed Platforms.ActiveCfg = DebugGuide|Win32
		{2D3CE3F6-FEFA-4583-BC32-3315D0830B19}.Debug|Mixed Platforms.Build.0 = DebugGuide|Win32
		{2D3CE3F6-FEFA-4583-BC32-3315D0830B19}.Debug|Win32.ActiveCfg = DebugGuide|Win32
		{2D3CE3F6-FEFA-4583-BC32-3315D0830B19}.Debug|Win32.Build.0 = DebugGuide|Win32
		{2D3CE3F6-FEFA-4583-BC32-3315D0830B19}.DebugGuide|Any CPU.ActiveCfg = DebugGuide|Win32
		{2D3CE3F6-FEFA-4583-BC32-3315D0830B19}.DebugGuide|Mixed Platforms.ActiveCfg = DebugGuide|Win32
		{2D3CE3F6-FEFA-4583-BC32-3315D0830B19}.DebugGuide|Mixed Platforms.Build.0 = DebugGuide|Win32
		{2D3CE3F6-FEFA-4583-BC32-3315D0830B19}.DebugGuide|Win32.ActiveCfg = DebugGuide|Win32
		{2D3CE3F6-FEFA-4583-BC32-3315D0830B19}.DebugGuide|Win32.Build.0 = DebugGuide|Win32
		{2D3CE3F6-FEFA-4583-BC32-3315D0830B19}.DebugGuideSM|Any CPU.ActiveCfg = DebugGuideSM|Win32
		{2D3CE3F6-FEFA-4583-BC32-3315D0830B19}.DebugGuideSM|Mixed Platforms.ActiveCfg = DebugGuideSM|Win32
		{2D3CE3F6-FEFA-4583-BC32-3315D0830B19}.DebugGuideSM|Mixed Platforms.Build.0 = DebugGuideSM|Win32
		{2D3CE3F6-FEFA-4583-BC32-3315D0830B19}.DebugGuideSM|Win32.ActiveCfg = DebugGuideSM|Win32
		{2D3CE3F6-FEFA-4583-BC32-3315D0830B19}.DebugGuideSM|Win32.Build.0 = DebugGuideSM|Win32
		{2D3CE3F6-FEFA-4583-BC32-3315D0830B19}.DebugTellMe|Any CPU.ActiveCfg = DebugTellMe|Win32
		{2D3CE3F6-FEFA-4583-BC32-3315D0830B19}.DebugTellMe|Mixed Platforms.ActiveCfg = DebugTellMe|Win32
		{2D3CE3F6-FEFA-4583-BC32-3315D0830B19}.DebugTellMe|Mixed Platforms.Build.0 = DebugTellMe|Win32
		{2D3CE3F6-FEFA-4583-BC32-3315D0830B19}.DebugTellMe|Win32.ActiveCfg = DebugTellMe|Win32
		{2D3CE3F6-FEFA-4583-BC32-3315D0830B19}.DebugTellMe|Win32.Build.0 = DebugTellMe|Win32
		{2D3CE3F6-FEFA-4583-BC32-3315D0830B19}.DebugTest|Any CPU.ActiveCfg = DebugTest|Win32
		{2D3CE3F6-FEFA-4583-BC32-3315D0830B19}.DebugTest|Mixed Platforms.ActiveCfg = DebugTest|Win32
		{2D3CE3F6-FEFA-4583-BC32-3315D0830B19}.DebugTest|Mixed Platforms.Build.0 = DebugTest|Win32
		{2D3CE3F6-FEFA-4583-BC32-3315D0830B19}.DebugTest|Win32.ActiveCfg = DebugTest|Win32
		{2D3CE3F6-FEFA-4583-BC32-3315D0830B19}.DebugTest|Win32.Build.0 = DebugTest|Win32
		{2D3CE3F6-FEFA-4583-BC32-3315D0830B19}.Release|Any CPU.ActiveCfg = ReleaseTest|Win32
		{2D3CE3F6-FEFA-4583-BC32-3315D0830B19}.Release|Mixed Platforms.ActiveCfg = ReleaseGuide|Win32
		{2D3CE3F6-FEFA-4583-BC32-3315D0830B19}.Release|Mixed Platforms.Build.0 = ReleaseGuide|Win32
		{2D3CE3F6-FEFA-4583-BC32-3315D0830B19}.Release|Win32.ActiveCfg = ReleaseGuide|Win32
		{2D3CE3F6-FEFA-4583-BC32-3315D0830B19}.Release|Win32.Build.0 = ReleaseGuide|Win32
		{2D3CE3F6-FEFA-4583-BC32-3315D0830B19}.ReleaseGuide|Any CPU.ActiveCfg = ReleaseGuide|Win32
		{2D3CE3F6-FEFA-4583-BC32-3315D0830B19}.ReleaseGuide|Mixed Platforms.ActiveCfg = ReleaseGuide|Win32
		{2D3CE3F6-FEFA-4583-BC32-3315D0830B19}.ReleaseGuide|Mixed Platforms.Build.0 = ReleaseGuide|Win32
		{2D3CE3F6-FEFA-4583-BC32-3315D0830B19}.ReleaseGuide|Win32.ActiveCfg = ReleaseGuide|Win32
		{2D3CE3F6-FEFA-4583-BC32-3315D0830B19}.ReleaseGuide|Win32.Build.0 = ReleaseGuide|Win32
		{2D3CE3F6-FEFA-4583-BC32-3315D0830B19}.ReleaseGuideSM|Any CPU.ActiveCfg = ReleaseGuideSM|Win32
		{2D3CE3F6-FEFA-4583-BC32-3315D0830B19}.ReleaseGuideSM|Mixed Platforms.ActiveCfg = ReleaseGuideSM|Win32
		{2D3CE3F6-FEFA-4583-BC32-3315D0830B19}.ReleaseGuideSM|Mixed Platforms.Build.0 = ReleaseGuideSM|Win32
		{2D3CE3F6-FEFA-4583-BC32-3315D0830B19}.ReleaseGuideSM|Win32.ActiveCfg = ReleaseGuideSM|Win32
		{2D3CE3F6-FEFA-4583-BC32-3315D0830B19}.ReleaseGuideSM|Win32.Build.0 = ReleaseGuideSM|Win32
		{2D3CE3F6-FEFA-4583-BC32-3315D0830B19}.ReleaseTellMe|Any CPU.ActiveCfg = ReleaseTellMe|Win32
		{2D3CE3F6-FEFA-4583-BC32-3315D0830B19}.ReleaseTellMe|Mixed Platforms.ActiveCfg = ReleaseTellMe|Win32
		{2D3CE3F6-FEFA-4583-BC32-3315D0830B19}.ReleaseTellMe|Mixed Platforms.Build.0 = ReleaseTellMe|Win32
		{2D3CE3F6-FEFA-4583-BC32-3315D0830B19}.ReleaseTellMe|Win32.ActiveCfg = ReleaseTellMe|Win32
		{2D3CE3F6-FEFA-4583-BC32-3315D0830B19}.ReleaseTellMe|Win32.Build.0 = ReleaseTellMe|Win32
		{2D3CE3F6-FEFA-4583-BC32-3315D0830B19}.ReleaseTest|Any CPU.ActiveCfg = ReleaseTest|Win32
		{2D3CE3F6-FEFA-4583-BC32-3315D0830B19}.ReleaseTest|Mixed Platforms.ActiveCfg = ReleaseTest|Win32
		{2D3CE3F6-FEFA-4583-BC32-3315D0830B19}.ReleaseTest|Mixed Platforms.Build.0 = ReleaseTest|Win32
		{2D3CE3F6-FEFA-4583-BC32-3315D0830B19}.ReleaseTest|Win32.ActiveCfg = ReleaseTest|Win32
		{2D3CE3F6-FEFA-4583-BC32-3315D0830B19}.ReleaseTest|Win32.Build.0 = ReleaseTest|Win32
		{5BD534F5-433E-4C07-B0F2-ED477371EEAE}.Debug|Any CPU.ActiveCfg = DebugTest|Win32
		{5BD534F5-433E-4C07-B0F2-ED477371EEAE}.Debug|Mixed Platforms.ActiveCfg = DebugGuide|Win32
		{5BD534F5-433E-4C07-B0F2-ED477371EEAE}.Debug|Mixed Platforms.Build.0 = DebugGuide|Win32
		{5BD534F5-433E-4C07-B0F2-ED477371EEAE}.Debug|Win32.ActiveCfg = DebugGuide|Win32
		{5BD534F5-433E-4C07-B0F2-ED477371EEAE}.Debug|Win32.Build.0 = DebugGuide|Win32
		{5BD534F5-433E-4C07-B0F2-ED477371EEAE}.DebugGuide|Any CPU.ActiveCfg = DebugGuide|Win32
		{5BD534F5-433E-4C07-B0F2-ED477371EEAE}.DebugGuide|Mixed Platforms.ActiveCfg = DebugGuide|Win32
		{5BD534F5-433E-4C07-B0F2-ED477371EEAE}.DebugGuide|Mixed Platforms.Build.0 = DebugGuide|Win32
		{5BD534F5-433E-4C07-B0F2-ED477371EEAE}.DebugGuide|Win32.ActiveCfg = DebugGuide|Win32
		{5BD534F5-433E-4C07-B0F2-ED477371EEAE}.DebugGuide|Win32.Build.0 = DebugGuide|Win32
		{5BD534F5-433E-4C07-B0F2-ED477371EEAE}.DebugGuideSM|Any CPU.ActiveCfg = DebugGuideSM|Win32
		{5BD534F5-433E-4C07-B0F2-ED477371EEAE}.DebugGuideSM|Mixed Platforms.ActiveCfg = DebugGuideSM|Win32
		{5BD534F5-433E-4C07-B0F2-ED477371EEAE}.DebugGuideSM|Mixed Platforms.Build.0 = DebugGuideSM|Win32
		{5BD534F5-433E-4C07-B0F2-ED477371EEAE}.DebugGuideSM|Win32.ActiveCfg = DebugGuideSM|Win32
		{5BD534F5-433E-4C07-B0F2-ED477371EEAE}.DebugGuideSM|Win32.Build.0 = DebugGuideSM|Win32
		{5BD534F5-433E-4C07-B0F2-ED477371EEAE}.DebugTellMe|Any CPU.ActiveCfg = DebugTellMe|Win32
		{5BD534F5-433E-4C07-B0F2-ED477371EEAE}.DebugTellMe|Mixed Platforms.ActiveCfg = DebugTellMe|Win32
		{5BD534F5-433E-4C07-B0F2-ED477371EEAE}.DebugTellMe|Mixed Platforms.Build.0 = DebugTellMe|Win32
		{5BD534F5-433E-4C07-B0F2-ED477371EEAE}.DebugTellMe|Win32.ActiveCfg = DebugTellMe|Win32
		{5BD534F5-433E-4C07-B0F2-ED477371EEAE}.DebugTellMe|Win32.Build.0 = DebugTellMe|Win32
		{5BD534F5-433E-4C07-B0F2-ED477371EEAE}.DebugTest|Any CPU.ActiveCfg = DebugTest|Win32
		{5BD534F5-433E-4C07-B0F2-ED477371EEAE}.DebugTest|Mixed Platforms.ActiveCfg = DebugTest|Win32
		{5BD534F5-433E-4C07-B0F2-ED477371EEAE}.DebugTest|Mixed Platforms.Build.0 = DebugTest|Win32
		{5BD534F5-433E-4C07-B0F2-ED477371EEAE}.DebugTest|Win32.ActiveCfg = DebugTest|Win32
		{5BD534F5-433E-4C07-B0F2-ED477371EEAE}.DebugTest|Win32.Build.0 = DebugTest|Win32
		{5BD534F5-433E-4C07-B0F2-ED477371EEAE}.Release|Any CPU.ActiveCfg = ReleaseTest|Win32
		{5BD534F5-433E-4C07-B0F2-ED477371EEAE}.Release|Mixed Platforms.ActiveCfg = ReleaseGuide|Win32
		{5BD534F5-433E-4C07-B0F2-ED477371EEAE}.Release|Mixed Platforms.Build.0 = ReleaseGuide|Win32
		{5BD534F5-433E-4C07-B0F2-ED477371EEAE}.Release|Win32.ActiveCfg = ReleaseGuide|Win32
		{5BD534F5-433E-4C07-B0F2-ED477371EEAE}.Release|Win32.Build.0 = ReleaseGuide|Win32
		{5BD534F5-433E-4C07-B0F2-ED477371EEAE}.ReleaseGuide|Any CPU.ActiveCfg = ReleaseGuide|Win32
		{5BD534F5-433E-4C07-B0F2-ED477371EEAE}.ReleaseGuide|Mixed Platforms.ActiveCfg = ReleaseGuide|Win32
		{5BD534F5-433E-4C07-B0F2-ED477371EEAE}.ReleaseGuide|Mixed Platforms.Build.0 = ReleaseGuide|Win32
		{5BD534F5-433E-4C07-B0F2-ED477371EEAE}.ReleaseGuide|Win32.ActiveCfg = ReleaseGuide|Win32
		{5BD534F5-433E-4C07-B0F2-ED477371EEAE}.ReleaseGuide|Win32.Build.0 = ReleaseGuide|Win32
		{5BD534F5-433E-4C07-B0F2-ED477371EEAE}.ReleaseGuideSM|Any CPU.ActiveCfg = ReleaseGuideSM|Win32
		{5BD534F5-433E-4C07-B0F2-ED477371EEAE}.ReleaseGuideSM|Mixed Platforms.ActiveCfg = ReleaseGuideSM|Win32
		{5BD534F5-433E-4C07-B0F2-ED477371EEAE}.ReleaseGuideSM|Mixed Platforms.Build.0 = ReleaseGuideSM|Win32
		{5BD534F5-433E-4C07-B0F2-ED477371EEAE}.ReleaseGuideSM|Win32.ActiveCfg = ReleaseGuideSM|Win32
		{5BD534F5-433E-4C07-B0F2-ED477371EEAE}.ReleaseGuideSM|Win32.Build.0 = ReleaseGuideSM|Win32
		{5BD534F5-433E-4C07-B0F2-ED477371EEAE}.ReleaseTellMe|Any CPU.ActiveCfg = ReleaseTellMe|Win32
		{5BD534F5-433E-4C07-B0F2-ED477371EEAE}.ReleaseTellMe|Mixed Platforms.ActiveCfg = ReleaseTellMe|Win32
		{5BD534F5-433E-4C07-B0F2-ED477371EEAE}.ReleaseTellMe|Mixed Platforms.Build.0 = ReleaseTellMe|Win32
		{5BD534F5-433E-4C07-B0F2-ED477371EEAE}.ReleaseTellMe|Win32.ActiveCfg = ReleaseTellMe|Win32
		{5BD534F5-433E-4C07-B0F2-ED477371EEAE}.ReleaseTellMe|Win32.Build.0 = ReleaseTellMe|Win32
		{5BD534F5-433E-4C07-B0F2-ED477371EEAE}.ReleaseTest|Any CPU.ActiveCfg = ReleaseTest|Win32
		{5BD534F5-433E-4C07-B0F2-ED477371EEAE}.ReleaseTest|Mixed Platforms.ActiveCfg = ReleaseTest|Win32
		{5BD534F5-433E-4C07-B0F2-ED477371EEAE}.ReleaseTest|Mixed Platforms.Build.0 = ReleaseTest|Win32
		{5BD534F5-433E-4C07-B0F2-ED477371EEAE}.ReleaseTest|Win32.ActiveCfg = ReleaseTest|Win32
		{5BD534F5-433E-4C07-B0F2-ED477371EEAE}.ReleaseTest|Win32.Build.0 = ReleaseTest|Win32
		{9FBBF384-2428-4514-A030-814C85C1BE5D}.Debug|Any CPU.ActiveCfg = DebugTest|Win32
		{9FBBF384-2428-4514-A030-814C85C1BE5D}.Debug|Mixed Platforms.ActiveCfg = DebugGuide|Win32
		{9FBBF384-2428-4514-A030-814C85C1BE5D}.Debug|Mixed Platforms.Build.0 = DebugGuide|Win32
		{9FBBF384-2428-4514-A030-814C85C1BE5D}.Debug|Win32.ActiveCfg = DebugGuide|Win32
		{9FBBF384-2428-4514-A030-814C85C1BE5D}.Debug|Win32.Build.0 = DebugGuide|Win32
		{9FBBF384-2428-4514-A030-814C85C1BE5D}.DebugGuide|Any CPU.ActiveCfg = DebugGuide|Win32
		{9FBBF384-2428-4514-A030-814C85C1BE5D}.DebugGuide|Mixed Platforms.ActiveCfg = DebugGuide|Win32
		{9FBBF384-2428-4514-A030-814C85C1BE5D}.DebugGuide|Mixed Platforms.Build.0 = DebugGuide|Win32
		{9FBBF384-2428-4514-A030-814C85C1BE5D}.DebugGuide|Win32.ActiveCfg = DebugGuide|Win32
		{9FBBF384-2428-4514-A030-814C85C1BE5D}.DebugGuide|Win32.Build.0 = DebugGuide|Win32
		{9FBBF384-2428-4514-A030-814C85C1BE5D}.DebugGuideSM|Any CPU.ActiveCfg = DebugGuideSM|Win32
		{9FBBF384-2428-4514-A030-814C85C1BE5D}.DebugGuideSM|Mixed Platforms.ActiveCfg = DebugGuideSM|Win32
		{9FBBF384-2428-4514-A030-814C85C1BE5D}.DebugGuideSM|Mixed Platforms.Build.0 = DebugGuideSM|Win32
		{9FBBF384-2428-4514-A030-814C85C1BE5D}.DebugGuideSM|Win32.ActiveCfg = DebugGuideSM|Win32
		{9FBBF384-2428-4514-A030-814C85C1BE5D}.DebugGuideSM|Win32.Build.0 = DebugGuideSM|Win32
		{9FBBF384-2428-4514-A030-814C85C1BE5D}.DebugTellMe|Any CPU.ActiveCfg = DebugTellMe|Win32
		{9FBBF384-2428-4514-A030-814C85C1BE5D}.DebugTellMe|Mixed Platforms.ActiveCfg = DebugTellMe|Win32
		{9FBBF384-2428-4514-A030-814C85C1BE5D}.DebugTellMe|Mixed Platforms.Build.0 = DebugTellMe|Win32
		{9FBBF384-2428-4514-A030-814C85C1BE5D}.DebugTellMe|Win32.ActiveCfg = DebugTellMe|Win32
		{9FBBF384-2428-4514-A030-814C85C1BE5D}.DebugTellMe|Win32.Build.0 = DebugTellMe|Win32
		{9FBBF384-2428-4514-A030-814C85C1BE5D}.DebugTest|Any CPU.ActiveCfg = DebugTest|Win32
		{9FBBF384-2428-4514-A030-814C85C1BE5D}.DebugTest|Mixed Platforms.ActiveCfg = DebugTest|Win32
		{9FBBF384-2428-4514-A030-814C85C1BE5D}.DebugTest|Mixed Platforms.Build.0 = DebugTest|Win32
		{9FBBF384-2428-4514-A030-814C85C1BE5D}.DebugTest|Win32.ActiveCfg = DebugTest|Win32
		{9FBBF384-2428-4514-A030-814C85C1BE5D}.DebugTest|Win32.Build.0 = DebugTest|Win32
		{9FBBF384-2428-4514-A030-814C85C1BE5D}.Release|Any CPU.ActiveCfg = ReleaseTest|Win32
		{9FBBF384-2428-4514-A030-814C85C1BE5D}.Release|Mixed Platforms.ActiveCfg = ReleaseGuide|Win32
		{9FBBF384-2428-4514-A030-814C85C1BE5D}.Release|Mixed Platforms.Build.0 = ReleaseGuide|Win32
		{9FBBF384-2428-4514-A030-814C85C1BE5D}.Release|Win32.ActiveCfg = ReleaseGuide|Win32
		{9FBBF384-2428-4514-A030-814C85C1BE5D}.Release|Win32.Build.0 = ReleaseGuide|Win32
		{9FBBF384-2428-4514-A030-814C85C1BE5D}.ReleaseGuide|Any CPU.ActiveCfg = ReleaseGuide|Win32
		{9FBBF384-2428-4514-A030-814C85C1BE5D}.ReleaseGuide|Mixed Platforms.ActiveCfg = ReleaseGuide|Win32
		{9FBBF384-2428-4514-A030-814C85C1BE5D}.ReleaseGuide|Mixed Platforms.Build.0 = ReleaseGuide|Win32
		{9FBBF384-2428-4514-A030-814C85C1BE5D}.ReleaseGuide|Win32.ActiveCfg = ReleaseGuide|Win32
		{9FBBF384-2428-4514-A030-814C85C1BE5D}.ReleaseGuide|Win32.Build.0 = ReleaseGuide|Win32
		{9FBBF384-2428-4514-A030-814C85C1BE5D}.ReleaseGuideSM|Any CPU.ActiveCfg = ReleaseGuideSM|Win32
		{9FBBF384-2428-4514-A030-814C85C1BE5D}.ReleaseGuideSM|Mixed Platforms.ActiveCfg = ReleaseGuideSM|Win32
		{9FBBF384-2428-4514-A030-814C85C1BE5D}.ReleaseGuideSM|Mixed Platforms.Build.0 = ReleaseGuideSM|Win32
		{9FBBF384-2428-4514-A030-814C85C1BE5D}.ReleaseGuideSM|Win32.ActiveCfg = ReleaseGuideSM|Win32
		{9FBBF384-2428-4514-A030-814C85C1BE5D}.ReleaseGuideSM|Win32.Build.0 = ReleaseGuideSM|Win32
		{9FBBF384-2428-4514-A030-814C85C1BE5D}.ReleaseTellMe|Any CPU.ActiveCfg = ReleaseTellMe|Win32
		{9FBBF384-2428-4514-A030-814C85C1BE5D}.ReleaseTellMe|Mixed Platforms.ActiveCfg = ReleaseTellMe|Win32
		{9FBBF384-2428-4514-A030-814C85C1BE5D}.ReleaseTellMe|Mixed Platforms.Build.0 = ReleaseTellMe|Win32
		{9FBBF384-2428-4514-A030-814C85C1BE5D}.ReleaseTellMe|Win32.ActiveCfg = ReleaseTellMe|Win32
		{9FBBF384-2428-4514-A030-814C85C1BE5D}.ReleaseTellMe|Win32.Build.0 = ReleaseTellMe|Win32
		{9FBBF384-2428-4514-A030-814C85C1BE5D}.ReleaseTest|Any CPU.ActiveCfg = ReleaseTest|Win32
		{9FBBF384-2428-4514-A030-814C85C1BE5D}.ReleaseTest|Mixed Platforms.ActiveCfg = ReleaseTest|Win32
		{9FBBF384-2428-4514-A030-814C85C1BE5D}.ReleaseTest|Mixed Platforms.Build.0 = ReleaseTest|Win32
		{9FBBF384-2428-4514-A030-814C85C1BE5D}.ReleaseTest|Win32.ActiveCfg = ReleaseTest|Win32
		{9FBBF384-2428-4514-A030-814C85C1BE5D}.ReleaseTest|Win32.Build.0 = ReleaseTest|Win32
		{88899659-719A-4360-81A0-836531B29FFF}.Debug|Any CPU.ActiveCfg = DebugTest|Win32
		{88899659-719A-4360-81A0-836531B29FFF}.Debug|Mixed Platforms.ActiveCfg = DebugGuide|Win32
		{88899659-719A-4360-81A0-836531B29FFF}.Debug|Mixed Platforms.Build.0 = DebugGuide|Win32
		{88899659-719A-4360-81A0-836531B29FFF}.Debug|Win32.ActiveCfg = DebugGuide|Win32
		{88899659-719A-4360-81A0-836531B29FFF}.Debug|Win32.Build.0 = DebugGuide|Win32
		{88899659-719A-4360-81A0-836531B29FFF}.DebugGuide|Any CPU.ActiveCfg = DebugGuide|Win32
		{88899659-719A-4360-81A0-836531B29FFF}.DebugGuide|Mixed Platforms.ActiveCfg = DebugGuide|Win32
		{88899659-719A-4360-81A0-836531B29FFF}.DebugGuide|Mixed Platforms.Build.0 = DebugGuide|Win32
		{88899659-719A-4360-81A0-836531B29FFF}.DebugGuide|Win32.ActiveCfg = DebugGuide|Win32
		{88899659-719A-4360-81A0-836531B29FFF}.DebugGuide|Win32.Build.0 = DebugGuide|Win32
		{88899659-719A-4360-81A0-836531B29FFF}.DebugGuideSM|Any CPU.ActiveCfg = DebugGuideSM|Win32
		{88899659-719A-4360-81A0-836531B29FFF}.DebugGuideSM|Mixed Platforms.ActiveCfg = DebugGuideSM|Win32
		{88899659-719A-4360-81A0-836531B29FFF}.DebugGuideSM|Mixed Platforms.Build.0 = DebugGuideSM|Win32
		{88899659-719A-4360-81A0-836531B29FFF}.DebugGuideSM|Win32.ActiveCfg = DebugGuideSM|Win32
		{88899659-719A-4360-81A0-836531B29FFF}.DebugGuideSM|Win32.Build.0 = DebugGuideSM|Win32
		{88899659-719A-4360-81A0-836531B29FFF}.DebugTellMe|Any CPU.ActiveCfg = DebugTellMe|Win32
		{88899659-719A-4360-81A0-836531B29FFF}.DebugTellMe|Mixed Platforms.ActiveCfg = DebugTellMe|Win32
		{88899659-719A-4360-81A0-836531B29FFF}.DebugTellMe|Mixed Platforms.Build.0 = DebugTellMe|Win32
		{88899659-719A-4360-81A0-836531B29FFF}.DebugTellMe|Win32.ActiveCfg = DebugTellMe|Win32
		{88899659-719A-4360-81A0-836531B29FFF}.DebugTellMe|Win32.Build.0 = DebugTellMe|Win32
		{88899659-719A-4360-81A0-836531B29FFF}.DebugTest|Any CPU.ActiveCfg = DebugTest|Win32
		{88899659-719A-4360-81A0-836531B29FFF}.DebugTest|Mixed Platforms.ActiveCfg = DebugTest|Win32
		{88899659-719A-4360-81A0-836531B29FFF}.DebugTest|Mixed Platforms.Build.0 = DebugTest|Win32
		{88899659-719A-4360-81A0-836531B29FFF}.DebugTest|Win32.ActiveCfg = DebugTest|Win32
		{88899659-719A-4360-81A0-836531B29FFF}.DebugTest|Win32.Build.0 = DebugTest|Win32
		{88899659-719A-4360-81A0-836531B29FFF}.Release|Any CPU.ActiveCfg = ReleaseTest|Win32
		{88899659-719A-4360-81A0-836531B29FFF}.Release|Mixed Platforms.ActiveCfg = ReleaseGuide|Win32
		{88899659-719A-4360-81A0-836531B29FFF}.Release|Mixed Platforms.Build.0 = ReleaseGuide|Win32
		{88899659-719A-4360-81A0-836531B29FFF}.Release|Win32.ActiveCfg = ReleaseGuide|Win32
		{88899659-719A-4360-81A0-836531B29FFF}.Release|Win32.Build.0 = ReleaseGuide|Win32
		{88899659-719A-4360-81A0-836531B29FFF}.ReleaseGuide|Any CPU.ActiveCfg = ReleaseGuide|Win32
		{88899659-719A-4360-81A0-836531B29FFF}.ReleaseGuide|Mixed Platforms.ActiveCfg = ReleaseGuide|Win32
		{88899659-719A-4360-81A0-836531B29FFF}.ReleaseGuide|Mixed Platforms.Build.0 = ReleaseGuide|Win32
		{88899659-719A-4360-81A0-836531B29FFF}.ReleaseGuide|Win32.ActiveCfg = ReleaseGuide|Win32
		{88899659-719A-4360-81A0-836531B29FFF}.ReleaseGuide|Win32.Build.0 = ReleaseGuide|Win32
		{88899659-719A-4360-81A0-836531B29FFF}.ReleaseGuideSM|Any CPU.ActiveCfg = ReleaseGuideSM|Win32
		{88899659-719A-4360-81A0-836531B29FFF}.ReleaseGuideSM|Mixed Platforms.ActiveCfg = ReleaseGuideSM|Win32
		{88899659-719A-4360-81A0-836531B29FFF}.ReleaseGuideSM|Mixed Platforms.Build.0 = ReleaseGuideSM|Win32
		{88899659-719A-4360-81A0-836531B29FFF}.ReleaseGuideSM|Win32.ActiveCfg = ReleaseGuideSM|Win32
		{88899659-719A-4360-81A0-836531B29FFF}.ReleaseGuideSM|Win32.Build.0 = ReleaseGuideSM|Win32
		{88899659-719A-4360-81A0-836531B29FFF}.ReleaseTellMe|Any CPU.ActiveCfg = ReleaseTellMe|Win32
		{88899659-719A-4360-81A0-836531B29FFF}.ReleaseTellMe|Mixed Platforms.ActiveCfg = ReleaseTellMe|Win32
		{88899659-719A-4360-81A0-836531B29FFF}.ReleaseTellMe|Mixed Platforms.Build.0 = ReleaseTellMe|Win32
		{88899659-719A-4360-81A0-836531B29FFF}.ReleaseTellMe|Win32.ActiveCfg = ReleaseTellMe|Win32
		{88899659-719A-4360-81A0-836531B29FFF}.ReleaseTellMe|Win32.Build.0 = ReleaseTellMe|Win32
		{88899659-719A-4360-81A0-836531B29FFF}.ReleaseTest|Any CPU.ActiveCfg = ReleaseTest|Win32
		{88899659-719A-4360-81A0-836531B29FFF}.ReleaseTest|Mixed Platforms.ActiveCfg = ReleaseTest|Win32
		{88899659-719A-4360-81A0-836531B29FFF}.ReleaseTest|Mixed Platforms.Build.0 = ReleaseTest|Win32
		{88899659-719A-4360-81A0-836531B29FFF}.ReleaseTest|Win32.ActiveCfg = ReleaseTest|Win32
		{88899659-719A-4360-81A0-836531B29FFF}.ReleaseTest|Win32.Build.0 = ReleaseTest|Win32
		{7ED4C381-8AFD-456E-98C6-2B50087AC5EF}.Debug|Any CPU.ActiveCfg = DebugTest|Win32
		{7ED4C381-8AFD-456E-98C6-2B50087AC5EF}.Debug|Mixed Platforms.ActiveCfg = DebugGuide|Win32
		{7ED4C381-8AFD-456E-98C6-2B50087AC5EF}.Debug|Mixed Platforms.Build.0 = DebugGuide|Win32
		{7ED4C381-8AFD-456E-98C6-2B50087AC5EF}.Debug|Win32.ActiveCfg = DebugGuide|Win32
		{7ED4C381-8AFD-456E-98C6-2B50087AC5EF}.Debug|Win32.Build.0 = DebugGuide|Win32
		{7ED4C381-8AFD-456E-98C6-2B50087AC5EF}.DebugGuide|Any CPU.ActiveCfg = DebugGuide|Win32
		{7ED4C381-8AFD-456E-98C6-2B50087AC5EF}.DebugGuide|Mixed Platforms.ActiveCfg = DebugGuide|Win32
		{7ED4C381-8AFD-456E-98C6-2B50087AC5EF}.DebugGuide|Mixed Platforms.Build.0 = DebugGuide|Win32
		{7ED4C381-8AFD-456E-98C6-2B50087AC5EF}.DebugGuide|Win32.ActiveCfg = DebugGuide|Win32
		{7ED4C381-8AFD-456E-98C6-2B50087AC5EF}.DebugGuide|Win32.Build.0 = DebugGuide|Win32
		{7ED4C381-8AFD-456E-98C6-2B50087AC5EF}.DebugGuideSM|Any CPU.ActiveCfg = DebugGuideSM|Win32
		{7ED4C381-8AFD-456E-98C6-2B50087AC5EF}.DebugGuideSM|Mixed Platforms.ActiveCfg = DebugGuideSM|Win32
		{7ED4C381-8AFD-456E-98C6-2B50087AC5EF}.DebugGuideSM|Mixed Platforms.Build.0 = DebugGuideSM|Win32
		{7ED4C381-8AFD-456E-98C6-2B50087AC5EF}.DebugGuideSM|Win32.ActiveCfg = DebugGuideSM|Win32
		{7ED4C381-8AFD-456E-98C6-2B50087AC5EF}.DebugGuideSM|Win32.Build.0 = DebugGuideSM|Win32
		{7ED4C381-8AFD-456E-98C6-2B50087AC5EF}.DebugTellMe|Any CPU.ActiveCfg = DebugTellMe|Win32
		{7ED4C381-8AFD-456E-98C6-2B50087AC5EF}.DebugTellMe|Mixed Platforms.ActiveCfg = DebugTellMe|Win32
		{7ED4C381-8AFD-456E-98C6-2B50087AC5EF}.DebugTellMe|Mixed Platforms.Build.0 = DebugTellMe|Win32
		{7ED4C381-8AFD-456E-98C6-2B50087AC5EF}.DebugTellMe|Win32.ActiveCfg = DebugTellMe|Win32
		{7ED4C381-8AFD-456E-98C6-2B50087AC5EF}.DebugTellMe|Win32.Build.0 = DebugTellMe|Win32
		{7ED4C381-8AFD-456E-98C6-2B50087AC5EF}.DebugTest|Any CPU.ActiveCfg = DebugTest|Win32
		{7ED4C381-8AFD-456E-98C6-2B50087AC5EF}.DebugTest|Mixed Platforms.ActiveCfg = DebugTest|Win32
		{7ED4C381-8AFD-456E-98C6-2B50087AC5EF}.DebugTest|Mixed Platforms.Build.0 = DebugTest|Win32
		{7ED4C381-8AFD-456E-98C6-2B50087AC5EF}.DebugTest|Win32.ActiveCfg = DebugTest|Win32
		{7ED4C381-8AFD-456E-98C6-2B50087AC5EF}.DebugTest|Win32.Build.0 = DebugTest|Win32
		{7ED4C381-8AFD-456E-98C6-2B50087AC5EF}.Release|Any CPU.ActiveCfg = ReleaseTest|Win32
		{7ED4C381-8AFD-456E-98C6-2B50087AC5EF}.Release|Mixed Platforms.ActiveCfg = ReleaseGuide|Win32
		{7ED4C381-8AFD-456E-98C6-2B50087AC5EF}.Release|Mixed Platforms.Build.0 = ReleaseGuide|Win32
		{7ED4C381-8AFD-456E-98C6-2B50087AC5EF}.Release|Win32.ActiveCfg = ReleaseGuide|Win32
		{7ED4C381-8AFD-456E-98C6-2B50087AC5EF}.Release|Win32.Build.0 = ReleaseGuide|Win32
		{7ED4C381-8AFD-456E-98C6-2B50087AC5EF}.ReleaseGuide|Any CPU.ActiveCfg = ReleaseGuide|Win32
		{7ED4C381-8AFD-456E-98C6-2B50087AC5EF}.ReleaseGuide|Mixed Platforms.ActiveCfg = ReleaseGuide|Win32
		{7ED4C381-8AFD-456E-98C6-2B50087AC5EF}.ReleaseGuide|Mixed Platforms.Build.0 = ReleaseGuide|Win32
		{7ED4C381-8AFD-456E-98C6-2B50087AC5EF}.ReleaseGuide|Win32.ActiveCfg = ReleaseGuide|Win32
		{7ED4C381-8AFD-456E-98C6-2B50087AC5EF}.ReleaseGuide|Win32.Build.0 = ReleaseGuide|Win32
		{7ED4C381-8AFD-456E-98C6-2B50087AC5EF}.ReleaseGuideSM|Any CPU.ActiveCfg = ReleaseGuideSM|Win32
		{7ED4C381-8AFD-456E-98C6-2B50087AC5EF}.ReleaseGuideSM|Mixed Platforms.ActiveCfg = ReleaseGuideSM|Win32
		{7ED4C381-8AFD-456E-98C6-2B50087AC5EF}.ReleaseGuideSM|Mixed Platforms.Build.0 = ReleaseGuideSM|Win32
		{7ED4C381-8AFD-456E-98C6-2B50087AC5EF}.ReleaseGuideSM|Win32.ActiveCfg = ReleaseGuideSM|Win32
		{7ED4C381-8AFD-456E-98C6-2B50087AC5EF}.ReleaseGuideSM|Win32.Build.0 = ReleaseGuideSM|Win32
		{7ED4C381-8AFD-456E-98C6-2B50087AC5EF}.ReleaseTellMe|Any CPU.ActiveCfg = ReleaseTellMe|Win32
		{7ED4C381-8AFD-456E-98C6-2B50087AC5EF}.ReleaseTellMe|Mixed Platforms.ActiveCfg = ReleaseTellMe|Win32
		{7ED4C381-8AFD-456E-98C6-2B50087AC5EF}.ReleaseTellMe|Mixed Platforms.Build.0 = ReleaseTellMe|Win32
		{7ED4C381-8AFD-456E-98C6-2B50087AC5EF}.ReleaseTellMe|Win32.ActiveCfg = ReleaseTellMe|Win32
		{7ED4C381-8AFD-456E-98C6-2B50087AC5EF}.ReleaseTellMe|Win32.Build.0 = ReleaseTellMe|Win32
		{7ED4C381-8AFD-456E-98C6-2B50087AC5EF}.ReleaseTest|Any CPU.ActiveCfg = ReleaseTest|Win32
		{7ED4C381-8AFD-456E-98C6-2B50087AC5EF}.ReleaseTest|Mixed Platforms.ActiveCfg = ReleaseTest|Win32
		{7ED4C381-8AFD-456E-98C6-2B50087AC5EF}.ReleaseTest|Mixed Platforms.Build.0 = ReleaseTest|Win32
		{7ED4C381-8AFD-456E-98C6-2B50087AC5EF}.ReleaseTest|Win32.ActiveCfg = ReleaseTest|Win32
		{7ED4C381-8AFD-456E-98C6-2B50087AC5EF}.ReleaseTest|Win32.Build.0 = ReleaseTest|Win32
		{964F5110-5DE9-4AFC-A369-B815EDB9DE78}.Debug|Any CPU.ActiveCfg = DebugTest|Win32
		{964F5110-5DE9-4AFC-A369-B815EDB9DE78}.Debug|Mixed Platforms.ActiveCfg = DebugGuide|Win32
		{964F5110-5DE9-4AFC-A369-B815EDB9DE78}.Debug|Mixed Platforms.Build.0 = DebugGuide|Win32
		{964F5110-5DE9-4AFC-A369-B815EDB9DE78}.Debug|Win32.ActiveCfg = DebugGuide|Win32
		{964F5110-5DE9-4AFC-A369-B815EDB9DE78}.Debug|Win32.Build.0 = DebugGuide|Win32
		{964F5110-5DE9-4AFC-A369-B815EDB9DE78}.DebugGuide|Any CPU.ActiveCfg = DebugGuide|Win32
		{964F5110-5DE9-4AFC-A369-B815EDB9DE78}.DebugGuide|Mixed Platforms.ActiveCfg = DebugGuide|Win32
		{964F5110-5DE9-4AFC-A369-B815EDB9DE78}.DebugGuide|Mixed Platforms.Build.0 = DebugGuide|Win32
		{964F5110-5DE9-4AFC-A369-B815EDB9DE78}.DebugGuide|Win32.ActiveCfg = DebugGuide|Win32
		{964F5110-5DE9-4AFC-A369-B815EDB9DE78}.DebugGuide|Win32.Build.0 = DebugGuide|Win32
		{964F5110-5DE9-4AFC-A369-B815EDB9DE78}.DebugGuideSM|Any CPU.ActiveCfg = DebugGuideSM|Win32
		{964F5110-5DE9-4AFC-A369-B815EDB9DE78}.DebugGuideSM|Mixed Platforms.ActiveCfg = DebugGuideSM|Win32
		{964F5110-5DE9-4AFC-A369-B815EDB9DE78}.DebugGuideSM|Mixed Platforms.Build.0 = DebugGuideSM|Win32
		{964F5110-5DE9-4AFC-A369-B815EDB9DE78}.DebugGuideSM|Win32.ActiveCfg = DebugGuideSM|Win32
		{964F5110-5DE9-4AFC-A369-B815EDB9DE78}.DebugGuideSM|Win32.Build.0 = DebugGuideSM|Win32
		{964F5110-5DE9-4AFC-A369-B815EDB9DE78}.DebugTellMe|Any CPU.ActiveCfg = DebugTest|Win32
		{964F5110-5DE9-4AFC-A369-B815EDB9DE78}.DebugTellMe|Mixed Platforms.ActiveCfg = DebugTest|Win32
		{964F5110-5DE9-4AFC-A369-B815EDB9DE78}.DebugTellMe|Mixed Platforms.Build.0 = DebugTest|Win32
		{964F5110-5DE9-4AFC-A369-B815EDB9DE78}.DebugTellMe|Win32.ActiveCfg = DebugTest|Win32
		{964F5110-5DE9-4AFC-A369-B815EDB9DE78}.DebugTellMe|Win32.Build.0 = DebugTest|Win32
		{964F5110-5DE9-4AFC-A369-B815EDB9DE78}.DebugTest|Any CPU.ActiveCfg = DebugTest|Win32
		{964F5110-5DE9-4AFC-A369-B815EDB9DE78}.DebugTest|Mixed Platforms.ActiveCfg = DebugTest|Win32
		{964F5110-5DE9-4AFC-A369-B815EDB9DE78}.DebugTest|Mixed Platforms.Build.0 = DebugTest|Win32
		{964F5110-5DE9-4AFC-A369-B815EDB9DE78}.DebugTest|Win32.ActiveCfg = DebugTest|Win32
		{964F5110-5DE9-4AFC-A369-B815EDB9DE78}.DebugTest|Win32.Build.0 = DebugTest|Win32
		{964F5110-5DE9-4AFC-A369-B815EDB9DE78}.Release|Any CPU.ActiveCfg = ReleaseTest|Win32
		{964F5110-5DE9-4AFC-A369-B815EDB9DE78}.Release|Mixed Platforms.ActiveCfg = ReleaseGuide|Win32
		{964F5110-5DE9-4AFC-A369-B815EDB9DE78}.Release|Mixed Platforms.Build.0 = ReleaseGuide|Win32
		{964F5110-5DE9-4AFC-A369-B815EDB9DE78}.Release|Win32.ActiveCfg = ReleaseGuide|Win32
		{964F5110-5DE9-4AFC-A369-B815EDB9DE78}.Release|Win32.Build.0 = ReleaseGuide|Win32
		{964F5110-5DE9-4AFC-A369-B815EDB9DE78}.ReleaseGuide|Any CPU.ActiveCfg = ReleaseGuide|Win32
		{964F5110-5DE9-4AFC-A369-B815EDB9DE78}.ReleaseGuide|Mixed Platforms.ActiveCfg = ReleaseGuide|Win32
		{964F5110-5DE9-4AFC-A369-B815EDB9DE78}.ReleaseGuide|Mixed Platforms.Build.0 = ReleaseGuide|Win32
		{964F5110-5DE9-4AFC-A369-B815EDB9DE78}.ReleaseGuide|Win32.ActiveCfg = ReleaseGuide|Win32
		{964F5110-5DE9-4AFC-A369-B815EDB9DE78}.ReleaseGuide|Win32.Build.0 = ReleaseGuide|Win32
		{964F5110-5DE9-4AFC-A369-B815EDB9DE78}.ReleaseGuideSM|Any CPU.ActiveCfg = ReleaseGuideSM|Win32
		{964F5110-5DE9-4AFC-A369-B815EDB9DE78}.ReleaseGuideSM|Mixed Platforms.ActiveCfg = ReleaseGuideSM|Win32
		{964F5110-5DE9-4AFC-A369-B815EDB9DE78}.ReleaseGuideSM|Mixed Platforms.Build.0 = ReleaseGuideSM|Win32
		{964F5110-5DE9-4AFC-A369-B815EDB9DE78}.ReleaseGuideSM|Win32.ActiveCfg = ReleaseGuideSM|Win32
		{964F5110-5DE9-4AFC-A369-B815EDB9DE78}.ReleaseGuideSM|Win32.Build.0 = ReleaseGuideSM|Win32
		{964F5110-5DE9-4AFC-A369-B815EDB9DE78}.ReleaseTellMe|Any CPU.ActiveCfg = ReleaseTest|Win32
		{964F5110-5DE9-4AFC-A369-B815EDB9DE78}.ReleaseTellMe|Mixed Platforms.ActiveCfg = ReleaseTest|Win32
		{964F5110-5DE9-4AFC-A369-B815EDB9DE78}.ReleaseTellMe|Mixed Platforms.Build.0 = ReleaseTest|Win32
		{964F5110-5DE9-4AFC-A369-B815EDB9DE78}.ReleaseTellMe|Win32.ActiveCfg = ReleaseTest|Win32
		{964F5110-5DE9-4AFC-A369-B815EDB9DE78}.ReleaseTellMe|Win32.Build.0 = ReleaseTest|Win32
		{964F5110-5DE9-4AFC-A369-B815EDB9DE78}.ReleaseTest|Any CPU.ActiveCfg = ReleaseTest|Win32
		{964F5110-5DE9-4AFC-A369-B815EDB9DE78}.ReleaseTest|Mixed Platforms.ActiveCfg = ReleaseTest|Win32
		{964F5110-5DE9-4AFC-A369-B815EDB9DE78}.ReleaseTest|Mixed Platforms.Build.0 = ReleaseTest|Win32
		{964F5110-5DE9-4AFC-A369-B815EDB9DE78}.ReleaseTest|Win32.ActiveCfg = ReleaseTest|Win32
		{964F5110-5DE9-4AFC-A369-B815EDB9DE78}.ReleaseTest|Win32.Build.0 = ReleaseTest|Win32
		{65F7FB13-15C5-4EB2-8611-21450A1A498D}.Debug|Any CPU.ActiveCfg = DebugTest|Win32
		{65F7FB13-15C5-4EB2-8611-21450A1A498D}.Debug|Mixed Platforms.ActiveCfg = DebugGuide|Win32
		{65F7FB13-15C5-4EB2-8611-21450A1A498D}.Debug|Mixed Platforms.Build.0 = DebugGuide|Win32
		{65F7FB13-15C5-4EB2-8611-21450A1A498D}.Debug|Win32.ActiveCfg = DebugGuide|Win32
		{65F7FB13-15C5-4EB2-8611-21450A1A498D}.Debug|Win32.Build.0 = DebugGuide|Win32
		{65F7FB13-15C5-4EB2-8611-21450A1A498D}.DebugGuide|Any CPU.ActiveCfg = DebugGuide|Win32
		{65F7FB13-15C5-4EB2-8611-21450A1A498D}.DebugGuide|Mixed Platforms.ActiveCfg = DebugGuide|Win32
		{65F7FB13-15C5-4EB2-8611-21450A1A498D}.DebugGuide|Mixed Platforms.Build.0 = DebugGuide|Win32
		{65F7FB13-15C5-4EB2-8611-21450A1A498D}.DebugGuide|Win32.ActiveCfg = DebugGuide|Win32
		{65F7FB13-15C5-4EB2-8611-21450A1A498D}.DebugGuide|Win32.Build.0 = DebugGuide|Win32
		{65F7FB13-15C5-4EB2-8611-21450A1A498D}.DebugGuideSM|Any CPU.ActiveCfg = DebugGuideSM|Win32
		{65F7FB13-15C5-4EB2-8611-21450A1A498D}.DebugGuideSM|Mixed Platforms.ActiveCfg = DebugGuideSM|Win32
		{65F7FB13-15C5-4EB2-8611-21450A1A498D}.DebugGuideSM|Mixed Platforms.Build.0 = DebugGuideSM|Win32
		{65F7FB13-15C5-4EB2-8611-21450A1A498D}.DebugGuideSM|Win32.ActiveCfg = DebugGuideSM|Win32
		{65F7FB13-15C5-4EB2-8611-21450A1A498D}.DebugGuideSM|Win32.Build.0 = DebugGuideSM|Win32
		{65F7FB13-15C5-4EB2-8611-21450A1A498D}.DebugTellMe|Any CPU.ActiveCfg = DebugTellMe|Win32
		{65F7FB13-15C5-4EB2-8611-21450A1A498D}.DebugTellMe|Mixed Platforms.ActiveCfg = DebugTellMe|Win32
		{65F7FB13-15C5-4EB2-8611-21450A1A498D}.DebugTellMe|Mixed Platforms.Build.0 = DebugTellMe|Win32
		{65F7FB13-15C5-4EB2-8611-21450A1A498D}.DebugTellMe|Win32.ActiveCfg = DebugTellMe|Win32
		{65F7FB13-15C5-4EB2-8611-21450A1A498D}.DebugTellMe|Win32.Build.0 = DebugTellMe|Win32
		{65F7FB13-15C5-4EB2-8611-21450A1A498D}.DebugTest|Any CPU.ActiveCfg = DebugTest|Win32
		{65F7FB13-15C5-4EB2-8611-21450A1A498D}.DebugTest|Mixed Platforms.ActiveCfg = DebugTest|Win32
		{65F7FB13-15C5-4EB2-8611-21450A1A498D}.DebugTest|Mixed Platforms.Build.0 = DebugTest|Win32
		{65F7FB13-15C5-4EB2-8611-21450A1A498D}.DebugTest|Win32.ActiveCfg = DebugTest|Win32
		{65F7FB13-15C5-4EB2-8611-21450A1A498D}.DebugTest|Win32.Build.0 = DebugTest|Win32
		{65F7FB13-15C5-4EB2-8611-21450A1A498D}.Release|Any CPU.ActiveCfg = ReleaseTest|Win32
		{65F7FB13-15C5-4EB2-8611-21450A1A498D}.Release|Mixed Platforms.ActiveCfg = ReleaseGuide|Win32
		{65F7FB13-15C5-4EB2-8611-21450A1A498D}.Release|Mixed Platforms.Build.0 = ReleaseGuide|Win32
		{65F7FB13-15C5-4EB2-8611-21450A1A498D}.Release|Win32.ActiveCfg = ReleaseGuide|Win32
		{65F7FB13-15C5-4EB2-8611-21450A1A498D}.Release|Win32.Build.0 = ReleaseGuide|Win32
		{65F7FB13-15C5-4EB2-8611-21450A1A498D}.ReleaseGuide|Any CPU.ActiveCfg = ReleaseGuide|Win32
		{65F7FB13-15C5-4EB2-8611-21450A1A498D}.ReleaseGuide|Mixed Platforms.ActiveCfg = ReleaseGuide|Win32
		{65F7FB13-15C5-4EB2-8611-21450A1A498D}.ReleaseGuide|Mixed Platforms.Build.0 = ReleaseGuide|Win32
		{65F7FB13-15C5-4EB2-8611-21450A1A498D}.ReleaseGuide|Win32.ActiveCfg = ReleaseGuide|Win32
		{65F7FB13-15C5-4EB2-8611-21450A1A498D}.ReleaseGuide|Win32.Build.0 = ReleaseGuide|Win32
		{65F7FB13-15C5-4EB2-8611-21450A1A498D}.ReleaseGuideSM|Any CPU.ActiveCfg = ReleaseGuideSM|Win32
		{65F7FB13-15C5-4EB2-8611-21450A1A498D}.ReleaseGuideSM|Mixed Platforms.ActiveCfg = ReleaseGuideSM|Win32
		{65F7FB13-15C5-4EB2-8611-21450A1A498D}.ReleaseGuideSM|Mixed Platforms.Build.0 = ReleaseGuideSM|Win32
		{65F7FB13-15C5-4EB2-8611-21450A1A498D}.ReleaseGuideSM|Win32.ActiveCfg = ReleaseGuideSM|Win32
		{65F7FB13-15C5-4EB2-8611-21450A1A498D}.ReleaseGuideSM|Win32.Build.0 = ReleaseGuideSM|Win32
		{65F7FB13-15C5-4EB2-8611-21450A1A498D}.ReleaseTellMe|Any CPU.ActiveCfg = ReleaseTellMe|Win32
		{65F7FB13-15C5-4EB2-8611-21450A1A498D}.ReleaseTellMe|Mixed Platforms.ActiveCfg = ReleaseTellMe|Win32
		{65F7FB13-15C5-4EB2-8611-21450A1A498D}.ReleaseTellMe|Mixed Platforms.Build.0 = ReleaseTellMe|Win32
		{65F7FB13-15C5-4EB2-8611-21450A1A498D}.ReleaseTellMe|Win32.ActiveCfg = ReleaseTellMe|Win32
		{65F7FB13-15C5-4EB2-8611-21450A1A498D}.ReleaseTellMe|Win32.Build.0 = ReleaseTellMe|Win32
		{65F7FB13-15C5-4EB2-8611-21450A1A498D}.ReleaseTest|Any CPU.ActiveCfg = ReleaseTest|Win32
		{65F7FB13-15C5-4EB2-8611-21450A1A498D}.ReleaseTest|Mixed Platforms.ActiveCfg = ReleaseTest|Win32
		{65F7FB13-15C5-4EB2-8611-21450A1A498D}.ReleaseTest|Mixed Platforms.Build.0 = ReleaseTest|Win32
		{65F7FB13-15C5-4EB2-8611-21450A1A498D}.ReleaseTest|Win32.ActiveCfg = ReleaseTest|Win32
		{65F7FB13-15C5-4EB2-8611-21450A1A498D}.ReleaseTest|Win32.Build.0 = ReleaseTest|Win32
		{51B94CFC-9E4F-4826-B84B-7AF61F19EA9A}.Debug|Any CPU.ActiveCfg = Debug|Win32
		{51B94CFC-9E4F-4826-B84B-7AF61F19EA9A}.Debug|Mixed Platforms.ActiveCfg = Debug|Win32
		{51B94CFC-9E4F-4826-B84B-7AF61F19EA9A}.Debug|Mixed Platforms.Build.0 = Debug|Win32
		{51B94CFC-9E4F-4826-B84B-7AF61F19EA9A}.Debug|Win32.ActiveCfg = Debug|Win32
		{51B94CFC-9E4F-4826-B84B-7AF61F19EA9A}.Debug|Win32.Build.0 = Debug|Win32
		{51B94CFC-9E4F-4826-B84B-7AF61F19EA9A}.DebugGuide|Any CPU.ActiveCfg = Debug|Win32
		{51B94CFC-9E4F-4826-B84B-7AF61F19EA9A}.DebugGuide|Mixed Platforms.ActiveCfg = Debug|Win32
		{51B94CFC-9E4F-4826-B84B-7AF61F19EA9A}.DebugGuide|Mixed Platforms.Build.0 = Debug|Win32
		{51B94CFC-9E4F-4826-B84B-7AF61F19EA9A}.DebugGuide|Win32.ActiveCfg = Debug|Win32
		{51B94CFC-9E4F-4826-B84B-7AF61F19EA9A}.DebugGuide|Win32.Build.0 = Debug|Win32
		{51B94CFC-9E4F-4826-B84B-7AF61F19EA9A}.DebugGuideSM|Any CPU.ActiveCfg = Debug|Win32
		{51B94CFC-9E4F-4826-B84B-7AF61F19EA9A}.DebugGuideSM|Mixed Platforms.ActiveCfg = Debug|Win32
		{51B94CFC-9E4F-4826-B84B-7AF61F19EA9A}.DebugGuideSM|Mixed Platforms.Build.0 = Debug|Win32
		{51B94CFC-9E4F-4826-B84B-7AF61F19EA9A}.DebugGuideSM|Win32.ActiveCfg = Debug|Win32
		{51B94CFC-9E4F-4826-B84B-7AF61F19EA9A}.DebugGuideSM|Win32.Build.0 = Debug|Win32
		{51B94CFC-9E4F-4826-B84B-7AF61F19EA9A}.DebugTellMe|Any CPU.ActiveCfg = Debug|Win32
		{51B94CFC-9E4F-4826-B84B-7AF61F19EA9A}.DebugTellMe|Mixed Platforms.ActiveCfg = Debug|Win32
		{51B94CFC-9E4F-4826-B84B-7AF61F19EA9A}.DebugTellMe|Mixed Platforms.Build.0 = Debug|Win32
		{51B94CFC-9E4F-4826-B84B-7AF61F19EA9A}.DebugTellMe|Win32.ActiveCfg = Debug|Win32
		{51B94CFC-9E4F-4826-B84B-7AF61F19EA9A}.DebugTellMe|Win32.Build.0 = Debug|Win32
		{51B94CFC-9E4F-4826-B84B-7AF61F19EA9A}.DebugTest|Any CPU.ActiveCfg = Debug|Win32
		{51B94CFC-9E4F-4826-B84B-7AF61F19EA9A}.DebugTest|Mixed Platforms.ActiveCfg = Debug|Win32
		{51B94CFC-9E4F-4826-B84B-7AF61F19EA9A}.DebugTest|Mixed Platforms.Build.0 = Debug|Win32
		{51B94CFC-9E4F-4826-B84B-7AF61F19EA9A}.DebugTest|Win32.ActiveCfg = Debug|Win32
		{51B94CFC-9E4F-4826-B84B-7AF61F19EA9A}.DebugTest|Win32.Build.0 = Debug|Win32
		{51B94CFC-9E4F-4826-B84B-7AF61F19EA9A}.Release|Any CPU.ActiveCfg = Release|Win32
		{51B94CFC-9E4F-4826-B84B-7AF61F19EA9A}.Release|Mixed Platforms.ActiveCfg = Release|Win32
		{51B94CFC-9E4F-4826-B84B-7AF61F19EA9A}.Release|Mixed Platforms.Build.0 = Release|Win32
		{51B94CFC-9E4F-4826-B84B-7AF61F19EA9A}.Release|Win32.ActiveCfg = Release|Win32
		{51B94CFC-9E4F-4826-B84B-7AF61F19EA9A}.Release|Win32.Build.0 = Release|Win32
		{51B94CFC-9E4F-4826-B84B-7AF61F19EA9A}.ReleaseGuide|Any CPU.ActiveCfg = Release|Win32
		{51B94CFC-9E4F-4826-B84B-7AF61F19EA9A}.ReleaseGuide|Mixed Platforms.ActiveCfg = Release|Win32
		{51B94CFC-9E4F-4826-B84B-7AF61F19EA9A}.ReleaseGuide|Mixed Platforms.Build.0 = Release|Win32
		{51B94CFC-9E4F-4826-B84B-7AF61F19EA9A}.ReleaseGuide|Win32.ActiveCfg = Release|Win32
		{51B94CFC-9E4F-4826-B84B-7AF61F19EA9A}.ReleaseGuide|Win32.Build.0 = Release|Win32
		{51B94CFC-9E4F-4826-B84B-7AF61F19EA9A}.ReleaseGuideSM|Any CPU.ActiveCfg = Release|Win32
		{51B94CFC-9E4F-4826-B84B-7AF61F19EA9A}.ReleaseGuideSM|Mixed Platforms.ActiveCfg = Release|Win32
		{51B94CFC-9E4F-4826-B84B-7AF61F19EA9A}.ReleaseGuideSM|Mixed Platforms.Build.0 = Release|Win32
		{51B94CFC-9E4F-4826-B84B-7AF61F19EA9A}.ReleaseGuideSM|Win32.ActiveCfg = Release|Win32
		{51B94CFC-9E4F-4826-B84B-7AF61F19EA9A}.ReleaseGuideSM|Win32.Build.0 = Release|Win32
		{51B94CFC-9E4F-4826-B84B-7AF61F19EA9A}.ReleaseTellMe|Any CPU.ActiveCfg = Release|Win32
		{51B94CFC-9E4F-4826-B84B-7AF61F19EA9A}.ReleaseTellMe|Mixed Platforms.ActiveCfg = Release|Win32
		{51B94CFC-9E4F-4826-B84B-7AF61F19EA9A}.ReleaseTellMe|Mixed Platforms.Build.0 = Release|Win32
		{51B94CFC-9E4F-4826-B84B-7AF61F19EA9A}.ReleaseTellMe|Win32.ActiveCfg = Release|Win32
		{51B94CFC-9E4F-4826-B84B-7AF61F19EA9A}.ReleaseTellMe|Win32.Build.0 = Release|Win32
		{51B94CFC-9E4F-4826-B84B-7AF61F19EA9A}.ReleaseTest|Any CPU.ActiveCfg = Release|Win32
		{51B94CFC-9E4F-4826-B84B-7AF61F19EA9A}.ReleaseTest|Mixed Platforms.ActiveCfg = Release|Win32
		{51B94CFC-9E4F-4826-B84B-7AF61F19EA9A}.ReleaseTest|Mixed Platforms.Build.0 = Release|Win32
		{51B94CFC-9E4F-4826-B84B-7AF61F19EA9A}.ReleaseTest|Win32.ActiveCfg = Release|Win32
		{51B94CFC-9E4F-4826-B84B-7AF61F19EA9A}.ReleaseTest|Win32.Build.0 = Release|Win32
		{2C1E2883-1322-4D93-AB61-F17D082681C5}.Debug|Any CPU.ActiveCfg = Debug|Win32
		{2C1E2883-1322-4D93-AB61-F17D082681C5}.Debug|Mixed Platforms.ActiveCfg = Debug|Win32
		{2C1E2883-1322-4D93-AB61-F17D082681C5}.Debug|Mixed Platforms.Build.0 = Debug|Win32
		{2C1E2883-1322-4D93-AB61-F17D082681C5}.Debug|Win32.ActiveCfg = Debug|Win32
		{2C1E2883-1322-4D93-AB61-F17D082681C5}.Debug|Win32.Build.0 = Debug|Win32
		{2C1E2883-1322-4D93-AB61-F17D082681C5}.DebugGuide|Any CPU.ActiveCfg = Debug|Win32
		{2C1E2883-1322-4D93-AB61-F17D082681C5}.DebugGuide|Mixed Platforms.ActiveCfg = Debug|Win32
		{2C1E2883-1322-4D93-AB61-F17D082681C5}.DebugGuide|Mixed Platforms.Build.0 = Debug|Win32
		{2C1E2883-1322-4D93-AB61-F17D082681C5}.DebugGuide|Win32.ActiveCfg = Debug|Win32
		{2C1E2883-1322-4D93-AB61-F17D082681C5}.DebugGuide|Win32.Build.0 = Debug|Win32
		{2C1E2883-1322-4D93-AB61-F17D082681C5}.DebugGuideSM|Any CPU.ActiveCfg = Debug|Win32
		{2C1E2883-1322-4D93-AB61-F17D082681C5}.DebugGuideSM|Mixed Platforms.ActiveCfg = Debug|Win32
		{2C1E2883-1322-4D93-AB61-F17D082681C5}.DebugGuideSM|Mixed Platforms.Build.0 = Debug|Win32
		{2C1E2883-1322-4D93-AB61-F17D082681C5}.DebugGuideSM|Win32.ActiveCfg = Debug|Win32
		{2C1E2883-1322-4D93-AB61-F17D082681C5}.DebugGuideSM|Win32.Build.0 = Debug|Win32
		{2C1E2883-1322-4D93-AB61-F17D082681C5}.DebugTellMe|Any CPU.ActiveCfg = Debug|Win32
		{2C1E2883-1322-4D93-AB61-F17D082681C5}.DebugTellMe|Mixed Platforms.ActiveCfg = Debug|Win32
		{2C1E2883-1322-4D93-AB61-F17D082681C5}.DebugTellMe|Mixed Platforms.Build.0 = Debug|Win32
		{2C1E2883-1322-4D93-AB61-F17D082681C5}.DebugTellMe|Win32.ActiveCfg = Debug|Win32
		{2C1E2883-1322-4D93-AB61-F17D082681C5}.DebugTellMe|Win32.Build.0 = Debug|Win32
		{2C1E2883-1322-4D93-AB61-F17D082681C5}.DebugTest|Any CPU.ActiveCfg = Debug|Win32
		{2C1E2883-1322-4D93-AB61-F17D082681C5}.DebugTest|Mixed Platforms.ActiveCfg = Debug|Win32
		{2C1E2883-1322-4D93-AB61-F17D082681C5}.DebugTest|Mixed Platforms.Build.0 = Debug|Win32
		{2C1E2883-1322-4D93-AB61-F17D082681C5}.DebugTest|Win32.ActiveCfg = Debug|Win32
		{2C1E2883-1322-4D93-AB61-F17D082681C5}.DebugTest|Win32.Build.0 = Debug|Win32
		{2C1E2883-1322-4D93-AB61-F17D082681C5}.Release|Any CPU.ActiveCfg = Release|Win32
		{2C1E2883-1322-4D93-AB61-F17D082681C5}.Release|Mixed Platforms.ActiveCfg = Release|Win32
		{2C1E2883-1322-4D93-AB61-F17D082681C5}.Release|Mixed Platforms.Build.0 = Release|Win32
		{2C1E2883-1322-4D93-AB61-F17D082681C5}.Release|Win32.ActiveCfg = Release|Win32
		{2C1E2883-1322-4D93-AB61-F17D082681C5}.Release|Win32.Build.0 = Release|Win32
		{2C1E2883-1322-4D93-AB61-F17D082681C5}.ReleaseGuide|Any CPU.ActiveCfg = Release|Win32
		{2C1E2883-1322-4D93-AB61-F17D082681C5}.ReleaseGuide|Mixed Platforms.ActiveCfg = Release|Win32
		{2C1E2883-1322-4D93-AB61-F17D082681C5}.ReleaseGuide|Mixed Platforms.Build.0 = Release|Win32
		{2C1E2883-1322-4D93-AB61-F17D082681C5}.ReleaseGuide|Win32.ActiveCfg = Release|Win32
		{2C1E2883-1322-4D93-AB61-F17D082681C5}.ReleaseGuide|Win32.Build.0 = Release|Win32
		{2C1E2883-1322-4D93-AB61-F17D082681C5}.ReleaseGuideSM|Any CPU.ActiveCfg = Release|Win32
		{2C1E2883-1322-4D93-AB61-F17D082681C5}.ReleaseGuideSM|Mixed Platforms.ActiveCfg = Release|Win32
		{2C1E2883-1322-4D93-AB61-F17D082681C5}.ReleaseGuideSM|Mixed Platforms.Build.0 = Release|Win32
		{2C1E2883-1322-4D93-AB61-F17D082681C5}.ReleaseGuideSM|Win32.ActiveCfg = Release|Win32
		{2C1E2883-1322-4D93-AB61-F17D082681C5}.ReleaseGuideSM|Win32.Build.0 = Release|Win32
		{2C1E2883-1322-4D93-AB61-F17D082681C5}.ReleaseTellMe|Any CPU.ActiveCfg = Release|Win32
		{2C1E2883-1322-4D93-AB61-F17D082681C5}.ReleaseTellMe|Mixed Platforms.ActiveCfg = Release|Win32
		{2C1E2883-1322-4D93-AB61-F17D082681C5}.ReleaseTellMe|Mixed Platforms.Build.0 = Release|Win32
		{2C1E2883-1322-4D93-AB61-F17D082681C5}.ReleaseTellMe|Win32.ActiveCfg = Release|Win32
		{2C1E2883-1322-4D93-AB61-F17D082681C5}.ReleaseTellMe|Win32.Build.0 = Release|Win32
		{2C1E2883-1322-4D93-AB61-F17D082681C5}.ReleaseTest|Any CPU.ActiveCfg = Release|Win32
		{2C1E2883-1322-4D93-AB61-F17D082681C5}.ReleaseTest|Mixed Platforms.ActiveCfg = Release|Win32
		{2C1E2883-1322-4D93-AB61-F17D082681C5}.ReleaseTest|Mixed Platforms.Build.0 = Release|Win32
		{2C1E2883-1322-4D93-AB61-F17D082681C5}.ReleaseTest|Win32.ActiveCfg = Release|Win32
		{2C1E2883-1322-4D93-AB61-F17D082681C5}.ReleaseTest|Win32.Build.0 = Release|Win32
		{60075A1B-D4EA-4071-8516-9889CF401A05}.Debug|Any CPU.ActiveCfg = Debug|Any CPU
		{60075A1B-D4EA-4071-8516-9889CF401A05}.Debug|Any CPU.Build.0 = Debug|Any CPU
		{60075A1B-D4EA-4071-8516-9889CF401A05}.Debug|Mixed Platforms.ActiveCfg = Debug|Any CPU
		{60075A1B-D4EA-4071-8516-9889CF401A05}.Debug|Mixed Platforms.Build.0 = Debug|Any CPU
		{60075A1B-D4EA-4071-8516-9889CF401A05}.Debug|Win32.ActiveCfg = Debug|Any CPU
		{60075A1B-D4EA-4071-8516-9889CF401A05}.DebugGuide|Any CPU.ActiveCfg = Debug|Any CPU
		{60075A1B-D4EA-4071-8516-9889CF401A05}.DebugGuide|Any CPU.Build.0 = Debug|Any CPU
		{60075A1B-D4EA-4071-8516-9889CF401A05}.DebugGuide|Mixed Platforms.ActiveCfg = Debug|Any CPU
		{60075A1B-D4EA-4071-8516-9889CF401A05}.DebugGuide|Mixed Platforms.Build.0 = Debug|Any CPU
		{60075A1B-D4EA-4071-8516-9889CF401A05}.DebugGuide|Win32.ActiveCfg = Debug|Any CPU
		{60075A1B-D4EA-4071-8516-9889CF401A05}.DebugGuideSM|Any CPU.ActiveCfg = Debug|Any CPU
		{60075A1B-D4EA-4071-8516-9889CF401A05}.DebugGuideSM|Any CPU.Build.0 = Debug|Any CPU
		{60075A1B-D4EA-4071-8516-9889CF401A05}.DebugGuideSM|Mixed Platforms.ActiveCfg = Debug|Any CPU
		{60075A1B-D4EA-4071-8516-9889CF401A05}.DebugGuideSM|Mixed Platforms.Build.0 = Debug|Any CPU
		{60075A1B-D4EA-4071-8516-9889CF401A05}.DebugGuideSM|Win32.ActiveCfg = Debug|Any CPU
		{60075A1B-D4EA-4071-8516-9889CF401A05}.DebugTellMe|Any CPU.ActiveCfg = Debug|Any CPU
		{60075A1B-D4EA-4071-8516-9889CF401A05}.DebugTellMe|Any CPU.Build.0 = Debug|Any CPU
		{60075A1B-D4EA-4071-8516-9889CF401A05}.DebugTellMe|Mixed Platforms.ActiveCfg = Debug|Any CPU
		{60075A1B-D4EA-4071-8516-9889CF401A05}.DebugTellMe|Mixed Platforms.Build.0 = Debug|Any CPU
		{60075A1B-D4EA-4071-8516-9889CF401A05}.DebugTellMe|Win32.ActiveCfg = Debug|Any CPU
		{60075A1B-D4EA-4071-8516-9889CF401A05}.DebugTest|Any CPU.ActiveCfg = Debug|Any CPU
		{60075A1B-D4EA-4071-8516-9889CF401A05}.DebugTest|Any CPU.Build.0 = Debug|Any CPU
		{60075A1B-D4EA-4071-8516-9889CF401A05}.DebugTest|Mixed Platforms.ActiveCfg = Debug|Any CPU
		{60075A1B-D4EA-4071-8516-9889CF401A05}.DebugTest|Mixed Platforms.Build.0 = Debug|Any CPU
		{60075A1B-D4EA-4071-8516-9889CF401A05}.DebugTest|Win32.ActiveCfg = Debug|Any CPU
		{60075A1B-D4EA-4071-8516-9889CF401A05}.Release|Any CPU.ActiveCfg = Release|Any CPU
		{60075A1B-D4EA-4071-8516-9889CF401A05}.Release|Any CPU.Build.0 = Release|Any CPU
		{60075A1B-D4EA-4071-8516-9889CF401A05}.Release|Mixed Platforms.ActiveCfg = Release|Any CPU
		{60075A1B-D4EA-4071-8516-9889CF401A05}.Release|Mixed Platforms.Build.0 = Release|Any CPU
		{60075A1B-D4EA-4071-8516-9889CF401A05}.Release|Win32.ActiveCfg = Release|Any CPU
		{60075A1B-D4EA-4071-8516-9889CF401A05}.ReleaseGuide|Any CPU.ActiveCfg = Release|Any CPU
		{60075A1B-D4EA-4071-8516-9889CF401A05}.ReleaseGuide|Any CPU.Build.0 = Release|Any CPU
		{60075A1B-D4EA-4071-8516-9889CF401A05}.ReleaseGuide|Mixed Platforms.ActiveCfg = Release|Any CPU
		{60075A1B-D4EA-4071-8516-9889CF401A05}.ReleaseGuide|Mixed Platforms.Build.0 = Release|Any CPU
		{60075A1B-D4EA-4071-8516-9889CF401A05}.ReleaseGuide|Win32.ActiveCfg = Release|Any CPU
		{60075A1B-D4EA-4071-8516-9889CF401A05}.ReleaseGuideSM|Any CPU.ActiveCfg = Release|Any CPU
		{60075A1B-D4EA-4071-8516-9889CF401A05}.ReleaseGuideSM|Any CPU.Build.0 = Release|Any CPU
		{60075A1B-D4EA-4071-8516-9889CF401A05}.ReleaseGuideSM|Mixed Platforms.ActiveCfg = Release|Any CPU
		{60075A1B-D4EA-4071-8516-9889CF401A05}.ReleaseGuideSM|Mixed Platforms.Build.0 = Release|Any CPU
		{60075A1B-D4EA-4071-8516-9889CF401A05}.ReleaseGuideSM|Win32.ActiveCfg = Release|Any CPU
		{60075A1B-D4EA-4071-8516-9889CF401A05}.ReleaseTellMe|Any CPU.ActiveCfg = Release|Any CPU
		{60075A1B-D4EA-4071-8516-9889CF401A05}.ReleaseTellMe|Any CPU.Build.0 = Release|Any CPU
		{60075A1B-D4EA-4071-8516-9889CF401A05}.ReleaseTellMe|Mixed Platforms.ActiveCfg = Release|Any CPU
		{60075A1B-D4EA-4071-8516-9889CF401A05}.ReleaseTellMe|Mixed Platforms.Build.0 = Release|Any CPU
		{60075A1B-D4EA-4071-8516-9889CF401A05}.ReleaseTellMe|Win32.ActiveCfg = Release|Any CPU
		{60075A1B-D4EA-4071-8516-9889CF401A05}.ReleaseTest|Any CPU.ActiveCfg = Release|Any CPU
		{60075A1B-D4EA-4071-8516-9889CF401A05}.ReleaseTest|Any CPU.Build.0 = Release|Any CPU
		{60075A1B-D4EA-4071-8516-9889CF401A05}.ReleaseTest|Mixed Platforms.ActiveCfg = Release|Any CPU
		{60075A1B-D4EA-4071-8516-9889CF401A05}.ReleaseTest|Mixed Platforms.Build.0 = Release|Any CPU
		{60075A1B-D4EA-4071-8516-9889CF401A05}.ReleaseTest|Win32.ActiveCfg = Release|Any CPU
	EndGlobalSection
	GlobalSection(SolutionProperties) = preSolution
		HideSolutionNode = FALSE
	EndGlobalSection
EndGlobal
